// !$*UTF8*$!
{
	archiveVersion = 1;
	classes = {
	};
	objectVersion = 90;
	objects = {

/* Begin PBXBuildFile section */
		F30207CE2D8B001300C26008 /* Markdown.swift in Sources */ = {isa = PBXBuildFile; fileRef = F30207CD2D8B001300C26008 /* Markdown.swift */; };
		F30207CF2D8B001300C26008 /* Markdown.swift in Sources */ = {isa = PBXBuildFile; fileRef = F30207CD2D8B001300C26008 /* Markdown.swift */; };
		F3146C4E2CF7382C005D58B3 /* Font List.swift in Sources */ = {isa = PBXBuildFile; fileRef = F3146C4D2CF7382C005D58B3 /* Font List.swift */; };
		F3202C942D55952F0030B3CC /* App Store Overlay.swift in Sources */ = {isa = PBXBuildFile; fileRef = F3202C932D55952F0030B3CC /* App Store Overlay.swift */; };
		F3202CB72D5596210030B3CC /* Assets.xcassets in Resources */ = {isa = PBXBuildFile; fileRef = F3202CAF2D5596210030B3CC /* Assets.xcassets */; };
		F3202CBB2D5596380030B3CC /* ScrechKit in Frameworks */ = {isa = PBXBuildFile; productRef = F3202CBA2D5596380030B3CC /* ScrechKit */; };
		F3202CBD2D5597180030B3CC /* Hover Effects.swift in Sources */ = {isa = PBXBuildFile; fileRef = F3EB1CB52C58FFE5007E6366 /* Hover Effects.swift */; };
		F3202CBE2D5597310030B3CC /* Font List.swift in Sources */ = {isa = PBXBuildFile; fileRef = F3146C4D2CF7382C005D58B3 /* Font List.swift */; };
		F3202CC02D5597400030B3CC /* App Store Overlay.swift in Sources */ = {isa = PBXBuildFile; fileRef = F3202C932D55952F0030B3CC /* App Store Overlay.swift */; };
		F3202CC12D5597450030B3CC /* Home View.swift in Sources */ = {isa = PBXBuildFile; fileRef = F3BBD9E32AEECD3400A9F7E7 /* Home View.swift */; };
		F3202CC22D5597490030B3CC /* Master SwiftUI.swift in Sources */ = {isa = PBXBuildFile; fileRef = F3BBD9E12AEECD3400A9F7E7 /* Master SwiftUI.swift */; };
		F3202CC42D5597640030B3CC /* Gauges View.swift in Sources */ = {isa = PBXBuildFile; fileRef = F3BE40BE2D1387FE00B7AD35 /* Gauges View.swift */; };
		F3202CC52D55977A0030B3CC /* Image Picker.swift in Sources */ = {isa = PBXBuildFile; fileRef = F3BBD9FA2AEED4CE00A9F7E7 /* Image Picker.swift */; };
		F3202CC62D55977A0030B3CC /* Image Picker 2.swift in Sources */ = {isa = PBXBuildFile; fileRef = F37916ED2AF14A7A00B880AF /* Image Picker 2.swift */; };
		F3202CC72D55977A0030B3CC /* Image Picker View.swift in Sources */ = {isa = PBXBuildFile; fileRef = F3BBD9F82AEED4BC00A9F7E7 /* Image Picker View.swift */; };
		F3202CC82D55978A0030B3CC /* Assets.xcassets in Resources */ = {isa = PBXBuildFile; fileRef = F3BBD9E72AEECD3500A9F7E7 /* Assets.xcassets */; };
		F32E88D52AF856E400959D49 /* Journal View.swift in Sources */ = {isa = PBXBuildFile; fileRef = F32E88D42AF856E400959D49 /* Journal View.swift */; };
		F35198472E2AECAA004E0F02 /* Gauge Card.swift in Sources */ = {isa = PBXBuildFile; fileRef = F35198462E2AECAA004E0F02 /* Gauge Card.swift */; };
		F35198482E2AECAA004E0F02 /* Gauge Card.swift in Sources */ = {isa = PBXBuildFile; fileRef = F35198462E2AECAA004E0F02 /* Gauge Card.swift */; };
		F351984B2E2AEDCB004E0F02 /* Code Block View.swift in Sources */ = {isa = PBXBuildFile; fileRef = F351984A2E2AEDCB004E0F02 /* Code Block View.swift */; };
		F351984C2E2AEDCB004E0F02 /* Code Block View.swift in Sources */ = {isa = PBXBuildFile; fileRef = F351984A2E2AEDCB004E0F02 /* Code Block View.swift */; };
		F351984E2E2AF689004E0F02 /* Code Block.swift in Sources */ = {isa = PBXBuildFile; fileRef = F351984D2E2AF689004E0F02 /* Code Block.swift */; };
		F351984F2E2AF689004E0F02 /* Code Block.swift in Sources */ = {isa = PBXBuildFile; fileRef = F351984D2E2AF689004E0F02 /* Code Block.swift */; };
		F35198592E2AFF55004E0F02 /* Code Block Modifier.swift in Sources */ = {isa = PBXBuildFile; fileRef = F35198582E2AFF55004E0F02 /* Code Block Modifier.swift */; };
		F351985A2E2AFF55004E0F02 /* Code Block Modifier.swift in Sources */ = {isa = PBXBuildFile; fileRef = F35198582E2AFF55004E0F02 /* Code Block Modifier.swift */; };
		F35198C12E2B7E34004E0F02 /* Attributed Code String.swift in Sources */ = {isa = PBXBuildFile; fileRef = F35198C02E2B7E34004E0F02 /* Attributed Code String.swift */; };
		F35198C22E2B7E34004E0F02 /* Attributed Code String.swift in Sources */ = {isa = PBXBuildFile; fileRef = F35198C02E2B7E34004E0F02 /* Attributed Code String.swift */; };
		F35198C42E2B7E56004E0F02 /* Simple Code Block View.swift in Sources */ = {isa = PBXBuildFile; fileRef = F35198C32E2B7E56004E0F02 /* Simple Code Block View.swift */; };
		F35198C52E2B7E56004E0F02 /* Simple Code Block View.swift in Sources */ = {isa = PBXBuildFile; fileRef = F35198C32E2B7E56004E0F02 /* Simple Code Block View.swift */; };
		F35198FD2E2B9F53004E0F02 /* Topic.swift in Sources */ = {isa = PBXBuildFile; fileRef = F35198EB2E2B9F53004E0F02 /* Topic.swift */; };
		F35198FE2E2B9F53004E0F02 /* ExperienceButton.swift in Sources */ = {isa = PBXBuildFile; fileRef = F35198F32E2B9F53004E0F02 /* ExperienceButton.swift */; };
		F35198FF2E2B9F53004E0F02 /* ExperiencePickerRow.swift in Sources */ = {isa = PBXBuildFile; fileRef = F35198F52E2B9F53004E0F02 /* ExperiencePickerRow.swift */; };
		F35199002E2B9F53004E0F02 /* TopicDetail.swift in Sources */ = {isa = PBXBuildFile; fileRef = F35198F72E2B9F53004E0F02 /* TopicDetail.swift */; };
		F35199022E2B9F53004E0F02 /* NavModel.swift in Sources */ = {isa = PBXBuildFile; fileRef = F35198EA2E2B9F53004E0F02 /* NavModel.swift */; };
		F35199032E2B9F53004E0F02 /* ExperienceToolbar.swift in Sources */ = {isa = PBXBuildFile; fileRef = F35198F62E2B9F53004E0F02 /* ExperienceToolbar.swift */; };
		F35199052E2B9F53004E0F02 /* NavContainer.swift in Sources */ = {isa = PBXBuildFile; fileRef = F35198ED2E2B9F53004E0F02 /* NavContainer.swift */; };
		F35199062E2B9F53004E0F02 /* TwoColumnContentView.swift in Sources */ = {isa = PBXBuildFile; fileRef = F35198F02E2B9F53004E0F02 /* TwoColumnContentView.swift */; };
		F35199072E2B9F53004E0F02 /* TopicGrid.swift in Sources */ = {isa = PBXBuildFile; fileRef = F35198F82E2B9F53004E0F02 /* TopicGrid.swift */; };
		F35199082E2B9F53004E0F02 /* ExperiencePicker.swift in Sources */ = {isa = PBXBuildFile; fileRef = F35198F42E2B9F53004E0F02 /* ExperiencePicker.swift */; };
		F351990A2E2B9F53004E0F02 /* DataModel.swift in Sources */ = {isa = PBXBuildFile; fileRef = F35198E72E2B9F53004E0F02 /* DataModel.swift */; };
		F351990B2E2B9F53004E0F02 /* ContinueButton.swift in Sources */ = {isa = PBXBuildFile; fileRef = F35198F22E2B9F53004E0F02 /* ContinueButton.swift */; };
		F351990D2E2B9F53004E0F02 /* StackContentView.swift in Sources */ = {isa = PBXBuildFile; fileRef = F35198EE2E2B9F53004E0F02 /* StackContentView.swift */; };
		F351990E2E2B9F53004E0F02 /* Category.swift in Sources */ = {isa = PBXBuildFile; fileRef = F35198E62E2B9F53004E0F02 /* Category.swift */; };
		F351990F2E2B9F53004E0F02 /* Experience.swift in Sources */ = {isa = PBXBuildFile; fileRef = F35198E82E2B9F53004E0F02 /* Experience.swift */; };
		F35199102E2B9F53004E0F02 /* TopicTile.swift in Sources */ = {isa = PBXBuildFile; fileRef = F35198FB2E2B9F53004E0F02 /* TopicTile.swift */; };
		F35199112E2B9F53004E0F02 /* Topic.swift in Sources */ = {isa = PBXBuildFile; fileRef = F35198EB2E2B9F53004E0F02 /* Topic.swift */; };
		F35199122E2B9F53004E0F02 /* ExperienceButton.swift in Sources */ = {isa = PBXBuildFile; fileRef = F35198F32E2B9F53004E0F02 /* ExperienceButton.swift */; };
		F35199132E2B9F53004E0F02 /* ExperiencePickerRow.swift in Sources */ = {isa = PBXBuildFile; fileRef = F35198F52E2B9F53004E0F02 /* ExperiencePickerRow.swift */; };
		F35199142E2B9F53004E0F02 /* TopicDetail.swift in Sources */ = {isa = PBXBuildFile; fileRef = F35198F72E2B9F53004E0F02 /* TopicDetail.swift */; };
		F35199162E2B9F53004E0F02 /* NavModel.swift in Sources */ = {isa = PBXBuildFile; fileRef = F35198EA2E2B9F53004E0F02 /* NavModel.swift */; };
		F35199172E2B9F53004E0F02 /* ExperienceToolbar.swift in Sources */ = {isa = PBXBuildFile; fileRef = F35198F62E2B9F53004E0F02 /* ExperienceToolbar.swift */; };
		F35199192E2B9F53004E0F02 /* NavContainer.swift in Sources */ = {isa = PBXBuildFile; fileRef = F35198ED2E2B9F53004E0F02 /* NavContainer.swift */; };
		F351991A2E2B9F53004E0F02 /* TwoColumnContentView.swift in Sources */ = {isa = PBXBuildFile; fileRef = F35198F02E2B9F53004E0F02 /* TwoColumnContentView.swift */; };
		F351991B2E2B9F53004E0F02 /* TopicGrid.swift in Sources */ = {isa = PBXBuildFile; fileRef = F35198F82E2B9F53004E0F02 /* TopicGrid.swift */; };
		F351991C2E2B9F53004E0F02 /* ExperiencePicker.swift in Sources */ = {isa = PBXBuildFile; fileRef = F35198F42E2B9F53004E0F02 /* ExperiencePicker.swift */; };
		F351991E2E2B9F53004E0F02 /* DataModel.swift in Sources */ = {isa = PBXBuildFile; fileRef = F35198E72E2B9F53004E0F02 /* DataModel.swift */; };
		F351991F2E2B9F53004E0F02 /* ContinueButton.swift in Sources */ = {isa = PBXBuildFile; fileRef = F35198F22E2B9F53004E0F02 /* ContinueButton.swift */; };
		F35199212E2B9F53004E0F02 /* StackContentView.swift in Sources */ = {isa = PBXBuildFile; fileRef = F35198EE2E2B9F53004E0F02 /* StackContentView.swift */; };
		F35199222E2B9F53004E0F02 /* Category.swift in Sources */ = {isa = PBXBuildFile; fileRef = F35198E62E2B9F53004E0F02 /* Category.swift */; };
		F35199232E2B9F53004E0F02 /* Experience.swift in Sources */ = {isa = PBXBuildFile; fileRef = F35198E82E2B9F53004E0F02 /* Experience.swift */; };
		F35199242E2B9F53004E0F02 /* TopicTile.swift in Sources */ = {isa = PBXBuildFile; fileRef = F35198FB2E2B9F53004E0F02 /* TopicTile.swift */; };
		F37916EE2AF14A7A00B880AF /* Image Picker 2.swift in Sources */ = {isa = PBXBuildFile; fileRef = F37916ED2AF14A7A00B880AF /* Image Picker 2.swift */; };
		F3ADA6162D9C03E700F2DAA6 /* Plural Translation.swift in Sources */ = {isa = PBXBuildFile; fileRef = F3ADA6152D9C03E700F2DAA6 /* Plural Translation.swift */; };
		F3ADA6172D9C03E700F2DAA6 /* Plural Translation.swift in Sources */ = {isa = PBXBuildFile; fileRef = F3ADA6152D9C03E700F2DAA6 /* Plural Translation.swift */; };
		F3ADA61A2D9C04C800F2DAA6 /* Localizable.xcstrings in Resources */ = {isa = PBXBuildFile; fileRef = F3ADA6192D9C04C800F2DAA6 /* Localizable.xcstrings */; };
		F3ADA61B2D9C04C800F2DAA6 /* Localizable.xcstrings in Resources */ = {isa = PBXBuildFile; fileRef = F3ADA6192D9C04C800F2DAA6 /* Localizable.xcstrings */; };
		F3BBD9E22AEECD3400A9F7E7 /* Master SwiftUI.swift in Sources */ = {isa = PBXBuildFile; fileRef = F3BBD9E12AEECD3400A9F7E7 /* Master SwiftUI.swift */; };
		F3BBD9E42AEECD3400A9F7E7 /* Home View.swift in Sources */ = {isa = PBXBuildFile; fileRef = F3BBD9E32AEECD3400A9F7E7 /* Home View.swift */; };
		F3BBD9E82AEECD3500A9F7E7 /* Assets.xcassets in Resources */ = {isa = PBXBuildFile; fileRef = F3BBD9E72AEECD3500A9F7E7 /* Assets.xcassets */; };
		F3BBD9F42AEECD6C00A9F7E7 /* Materials View.swift in Sources */ = {isa = PBXBuildFile; fileRef = F3BBD9F32AEECD6C00A9F7E7 /* Materials View.swift */; };
		F3BBD9F72AEECE4000A9F7E7 /* ScrechKit in Frameworks */ = {isa = PBXBuildFile; productRef = F3BBD9F62AEECE4000A9F7E7 /* ScrechKit */; };
		F3BBD9F92AEED4BC00A9F7E7 /* Image Picker View.swift in Sources */ = {isa = PBXBuildFile; fileRef = F3BBD9F82AEED4BC00A9F7E7 /* Image Picker View.swift */; };
		F3BBD9FB2AEED4CE00A9F7E7 /* Image Picker.swift in Sources */ = {isa = PBXBuildFile; fileRef = F3BBD9FA2AEED4CE00A9F7E7 /* Image Picker.swift */; };
		F3BE40BF2D1387FE00B7AD35 /* Gauges View.swift in Sources */ = {isa = PBXBuildFile; fileRef = F3BE40BE2D1387FE00B7AD35 /* Gauges View.swift */; };
		F3D8C11C2B2BB51000C7B0A9 /* Sensory Feedback.swift in Sources */ = {isa = PBXBuildFile; fileRef = F3D8C11B2B2BB51000C7B0A9 /* Sensory Feedback.swift */; };
		F3EB1CB62C58FFE5007E6366 /* Hover Effects.swift in Sources */ = {isa = PBXBuildFile; fileRef = F3EB1CB52C58FFE5007E6366 /* Hover Effects.swift */; };
/* End PBXBuildFile section */

/* Begin PBXFileReference section */
		F30207CD2D8B001300C26008 /* Markdown.swift */ = {isa = PBXFileReference; lastKnownFileType = sourcecode.swift; path = Markdown.swift; sourceTree = "<group>"; };
		F3146C4D2CF7382C005D58B3 /* Font List.swift */ = {isa = PBXFileReference; lastKnownFileType = sourcecode.swift; path = "Font List.swift"; sourceTree = "<group>"; };
		F3202C932D55952F0030B3CC /* App Store Overlay.swift */ = {isa = PBXFileReference; lastKnownFileType = sourcecode.swift; path = "App Store Overlay.swift"; sourceTree = "<group>"; };
		F3202C992D5596100030B3CC /* visionOS.app */ = {isa = PBXFileReference; explicitFileType = wrapper.application; includeInIndex = 0; path = visionOS.app; sourceTree = BUILT_PRODUCTS_DIR; };
		F3202CAF2D5596210030B3CC /* Assets.xcassets */ = {isa = PBXFileReference; lastKnownFileType = folder.assetcatalog; path = Assets.xcassets; sourceTree = "<group>"; };
		F3202CB22D5596210030B3CC /* visionOS.plist */ = {isa = PBXFileReference; lastKnownFileType = text.plist.xml; path = visionOS.plist; sourceTree = "<group>"; };
		F32E88D42AF856E400959D49 /* Journal View.swift */ = {isa = PBXFileReference; lastKnownFileType = sourcecode.swift; path = "Journal View.swift"; sourceTree = "<group>"; };
		F35198462E2AECAA004E0F02 /* Gauge Card.swift */ = {isa = PBXFileReference; lastKnownFileType = sourcecode.swift; path = "Gauge Card.swift"; sourceTree = "<group>"; };
		F351984A2E2AEDCB004E0F02 /* Code Block View.swift */ = {isa = PBXFileReference; lastKnownFileType = sourcecode.swift; path = "Code Block View.swift"; sourceTree = "<group>"; };
		F351984D2E2AF689004E0F02 /* Code Block.swift */ = {isa = PBXFileReference; lastKnownFileType = sourcecode.swift; path = "Code Block.swift"; sourceTree = "<group>"; };
		F35198582E2AFF55004E0F02 /* Code Block Modifier.swift */ = {isa = PBXFileReference; lastKnownFileType = sourcecode.swift; path = "Code Block Modifier.swift"; sourceTree = "<group>"; };
		F35198C02E2B7E34004E0F02 /* Attributed Code String.swift */ = {isa = PBXFileReference; lastKnownFileType = sourcecode.swift; path = "Attributed Code String.swift"; sourceTree = "<group>"; };
		F35198C32E2B7E56004E0F02 /* Simple Code Block View.swift */ = {isa = PBXFileReference; lastKnownFileType = sourcecode.swift; path = "Simple Code Block View.swift"; sourceTree = "<group>"; };
		F35198E62E2B9F53004E0F02 /* Category.swift */ = {isa = PBXFileReference; lastKnownFileType = sourcecode.swift; path = Category.swift; sourceTree = "<group>"; };
		F35198E72E2B9F53004E0F02 /* DataModel.swift */ = {isa = PBXFileReference; lastKnownFileType = sourcecode.swift; path = DataModel.swift; sourceTree = "<group>"; };
		F35198E82E2B9F53004E0F02 /* Experience.swift */ = {isa = PBXFileReference; lastKnownFileType = sourcecode.swift; path = Experience.swift; sourceTree = "<group>"; };
		F35198EA2E2B9F53004E0F02 /* NavModel.swift */ = {isa = PBXFileReference; lastKnownFileType = sourcecode.swift; path = NavModel.swift; sourceTree = "<group>"; };
		F35198EB2E2B9F53004E0F02 /* Topic.swift */ = {isa = PBXFileReference; lastKnownFileType = sourcecode.swift; path = Topic.swift; sourceTree = "<group>"; };
		F35198ED2E2B9F53004E0F02 /* NavContainer.swift */ = {isa = PBXFileReference; lastKnownFileType = sourcecode.swift; path = NavContainer.swift; sourceTree = "<group>"; };
		F35198EE2E2B9F53004E0F02 /* StackContentView.swift */ = {isa = PBXFileReference; lastKnownFileType = sourcecode.swift; path = StackContentView.swift; sourceTree = "<group>"; };
		F35198F02E2B9F53004E0F02 /* TwoColumnContentView.swift */ = {isa = PBXFileReference; lastKnownFileType = sourcecode.swift; path = TwoColumnContentView.swift; sourceTree = "<group>"; };
		F35198F22E2B9F53004E0F02 /* ContinueButton.swift */ = {isa = PBXFileReference; lastKnownFileType = sourcecode.swift; path = ContinueButton.swift; sourceTree = "<group>"; };
		F35198F32E2B9F53004E0F02 /* ExperienceButton.swift */ = {isa = PBXFileReference; lastKnownFileType = sourcecode.swift; path = ExperienceButton.swift; sourceTree = "<group>"; };
		F35198F42E2B9F53004E0F02 /* ExperiencePicker.swift */ = {isa = PBXFileReference; lastKnownFileType = sourcecode.swift; path = ExperiencePicker.swift; sourceTree = "<group>"; };
		F35198F52E2B9F53004E0F02 /* ExperiencePickerRow.swift */ = {isa = PBXFileReference; lastKnownFileType = sourcecode.swift; path = ExperiencePickerRow.swift; sourceTree = "<group>"; };
		F35198F62E2B9F53004E0F02 /* ExperienceToolbar.swift */ = {isa = PBXFileReference; lastKnownFileType = sourcecode.swift; path = ExperienceToolbar.swift; sourceTree = "<group>"; };
		F35198F72E2B9F53004E0F02 /* TopicDetail.swift */ = {isa = PBXFileReference; lastKnownFileType = sourcecode.swift; path = TopicDetail.swift; sourceTree = "<group>"; };
		F35198F82E2B9F53004E0F02 /* TopicGrid.swift */ = {isa = PBXFileReference; lastKnownFileType = sourcecode.swift; path = TopicGrid.swift; sourceTree = "<group>"; };
		F35198FB2E2B9F53004E0F02 /* TopicTile.swift */ = {isa = PBXFileReference; lastKnownFileType = sourcecode.swift; path = TopicTile.swift; sourceTree = "<group>"; };
		F37916ED2AF14A7A00B880AF /* Image Picker 2.swift */ = {isa = PBXFileReference; lastKnownFileType = sourcecode.swift; path = "Image Picker 2.swift"; sourceTree = "<group>"; };
		F3ADA6152D9C03E700F2DAA6 /* Plural Translation.swift */ = {isa = PBXFileReference; lastKnownFileType = sourcecode.swift; path = "Plural Translation.swift"; sourceTree = "<group>"; };
		F3ADA6192D9C04C800F2DAA6 /* Localizable.xcstrings */ = {isa = PBXFileReference; lastKnownFileType = text.json.xcstrings; path = Localizable.xcstrings; sourceTree = "<group>"; };
		F3BBD9DE2AEECD3400A9F7E7 /* iOS.app */ = {isa = PBXFileReference; explicitFileType = wrapper.application; includeInIndex = 0; path = iOS.app; sourceTree = BUILT_PRODUCTS_DIR; };
		F3BBD9E12AEECD3400A9F7E7 /* Master SwiftUI.swift */ = {isa = PBXFileReference; lastKnownFileType = sourcecode.swift; path = "Master SwiftUI.swift"; sourceTree = "<group>"; };
		F3BBD9E32AEECD3400A9F7E7 /* Home View.swift */ = {isa = PBXFileReference; lastKnownFileType = sourcecode.swift; path = "Home View.swift"; sourceTree = "<group>"; };
		F3BBD9E72AEECD3500A9F7E7 /* Assets.xcassets */ = {isa = PBXFileReference; lastKnownFileType = folder.assetcatalog; path = Assets.xcassets; sourceTree = "<group>"; };
		F3BBD9E92AEECD3500A9F7E7 /* iOS.entitlements */ = {isa = PBXFileReference; lastKnownFileType = text.plist.entitlements; path = iOS.entitlements; sourceTree = "<group>"; };
		F3BBD9ED2AEECD3500A9F7E7 /* Info.plist */ = {isa = PBXFileReference; lastKnownFileType = text.plist.xml; path = Info.plist; sourceTree = "<group>"; };
		F3BBD9F32AEECD6C00A9F7E7 /* Materials View.swift */ = {isa = PBXFileReference; lastKnownFileType = sourcecode.swift; path = "Materials View.swift"; sourceTree = "<group>"; };
		F3BBD9F82AEED4BC00A9F7E7 /* Image Picker View.swift */ = {isa = PBXFileReference; lastKnownFileType = sourcecode.swift; path = "Image Picker View.swift"; sourceTree = "<group>"; };
		F3BBD9FA2AEED4CE00A9F7E7 /* Image Picker.swift */ = {isa = PBXFileReference; lastKnownFileType = sourcecode.swift; path = "Image Picker.swift"; sourceTree = "<group>"; };
		F3BE40BE2D1387FE00B7AD35 /* Gauges View.swift */ = {isa = PBXFileReference; lastKnownFileType = sourcecode.swift; path = "Gauges View.swift"; sourceTree = "<group>"; };
		F3D8C11B2B2BB51000C7B0A9 /* Sensory Feedback.swift */ = {isa = PBXFileReference; lastKnownFileType = sourcecode.swift; path = "Sensory Feedback.swift"; sourceTree = "<group>"; };
		F3EB1CB52C58FFE5007E6366 /* Hover Effects.swift */ = {isa = PBXFileReference; lastKnownFileType = sourcecode.swift; path = "Hover Effects.swift"; sourceTree = "<group>"; };
/* End PBXFileReference section */

/* Begin PBXFrameworksBuildPhase section */
		F3202C962D5596100030B3CC /* Frameworks */ = {
			isa = PBXFrameworksBuildPhase;
			files = (
				F3202CBB2D5596380030B3CC /* ScrechKit in Frameworks */,
			);
		};
		F3BBD9DB2AEECD3400A9F7E7 /* Frameworks */ = {
			isa = PBXFrameworksBuildPhase;
			files = (
				F3BBD9F72AEECE4000A9F7E7 /* ScrechKit in Frameworks */,
			);
		};
/* End PBXFrameworksBuildPhase section */

/* Begin PBXGroup section */
		F3146C4F2CF73B9E005D58B3 /* Hover */ = {
			isa = PBXGroup;
			children = (
				F3EB1CB52C58FFE5007E6366 /* Hover Effects.swift */,
			);
			path = Hover;
			sourceTree = "<group>";
		};
		F3146C502CF73BA5005D58B3 /* Fonts */ = {
			isa = PBXGroup;
			children = (
				F3146C4D2CF7382C005D58B3 /* Font List.swift */,
			);
			path = Fonts;
			sourceTree = "<group>";
		};
		F3146C6C2CF73DD6005D58B3 /* Materials */ = {
			isa = PBXGroup;
			children = (
				F3BBD9F32AEECD6C00A9F7E7 /* Materials View.swift */,
			);
			path = Materials;
			sourceTree = "<group>";
		};
		F3146C6D2CF73DE2005D58B3 /* Haptic */ = {
			isa = PBXGroup;
			children = (
				F3D8C11B2B2BB51000C7B0A9 /* Sensory Feedback.swift */,
			);
			path = Haptic;
			sourceTree = "<group>";
		};
		F3202CB32D5596210030B3CC /* visionOS */ = {
			isa = PBXGroup;
			children = (
				F3202CB22D5596210030B3CC /* visionOS.plist */,
				F3202CAF2D5596210030B3CC /* Assets.xcassets */,
			);
			path = visionOS;
			sourceTree = "<group>";
		};
		F3202CB92D5596380030B3CC /* Frameworks */ = {
			isa = PBXGroup;
			children = (
			);
			name = Frameworks;
			sourceTree = "<group>";
		};
		F3202CBF2D5597370030B3CC /* App Store Overlay */ = {
			isa = PBXGroup;
			children = (
				F3202C932D55952F0030B3CC /* App Store Overlay.swift */,
			);
			path = "App Store Overlay";
			sourceTree = "<group>";
		};
		F3202CC32D55975E0030B3CC /* Gauges */ = {
			isa = PBXGroup;
			children = (
				F3BE40BE2D1387FE00B7AD35 /* Gauges View.swift */,
				F35198462E2AECAA004E0F02 /* Gauge Card.swift */,
			);
			path = Gauges;
			sourceTree = "<group>";
		};
		F35198492E2AECCF004E0F02 /* To be checked */ = {
			isa = PBXGroup;
			children = (
				F30207CD2D8B001300C26008 /* Markdown.swift */,
				F3ADA6182D9C03EC00F2DAA6 /* Loc */,
				F3146C502CF73BA5005D58B3 /* Fonts */,
				F3146C4F2CF73B9E005D58B3 /* Hover */,
				F3146C6C2CF73DD6005D58B3 /* Materials */,
				F3146C6D2CF73DE2005D58B3 /* Haptic */,
				F32E88D42AF856E400959D49 /* Journal View.swift */,
				F3BBD9F82AEED4BC00A9F7E7 /* Image Picker View.swift */,
				F3BBD9FA2AEED4CE00A9F7E7 /* Image Picker.swift */,
				F37916ED2AF14A7A00B880AF /* Image Picker 2.swift */,
			);
			path = "To be checked";
			sourceTree = "<group>";
		};
		F35198C62E2B7E73004E0F02 /* Code View */ = {
			isa = PBXGroup;
			children = (
				F351984D2E2AF689004E0F02 /* Code Block.swift */,
				F351984A2E2AEDCB004E0F02 /* Code Block View.swift */,
				F35198C32E2B7E56004E0F02 /* Simple Code Block View.swift */,
				F35198C02E2B7E34004E0F02 /* Attributed Code String.swift */,
				F35198582E2AFF55004E0F02 /* Code Block Modifier.swift */,
			);
			path = "Code View";
			sourceTree = "<group>";
		};
		F35198EC2E2B9F53004E0F02 /* Models */ = {
			isa = PBXGroup;
			children = (
				F35198E62E2B9F53004E0F02 /* Category.swift */,
				F35198E72E2B9F53004E0F02 /* DataModel.swift */,
				F35198E82E2B9F53004E0F02 /* Experience.swift */,
				F35198EA2E2B9F53004E0F02 /* NavModel.swift */,
				F35198EB2E2B9F53004E0F02 /* Topic.swift */,
			);
			path = Models;
			sourceTree = "<group>";
		};
		F35198F12E2B9F53004E0F02 /* Nav */ = {
			isa = PBXGroup;
			children = (
				F35198ED2E2B9F53004E0F02 /* NavContainer.swift */,
				F35198EE2E2B9F53004E0F02 /* StackContentView.swift */,
				F35198F02E2B9F53004E0F02 /* TwoColumnContentView.swift */,
			);
			path = Nav;
			sourceTree = "<group>";
		};
		F35198FC2E2B9F53004E0F02 /* Views */ = {
			isa = PBXGroup;
			children = (
				F35198F22E2B9F53004E0F02 /* ContinueButton.swift */,
				F35198F32E2B9F53004E0F02 /* ExperienceButton.swift */,
				F35198F42E2B9F53004E0F02 /* ExperiencePicker.swift */,
				F35198F52E2B9F53004E0F02 /* ExperiencePickerRow.swift */,
				F35198F62E2B9F53004E0F02 /* ExperienceToolbar.swift */,
				F35198F72E2B9F53004E0F02 /* TopicDetail.swift */,
				F35198F82E2B9F53004E0F02 /* TopicGrid.swift */,
				F35198FB2E2B9F53004E0F02 /* TopicTile.swift */,
			);
			path = Views;
			sourceTree = "<group>";
		};
		F3ADA6182D9C03EC00F2DAA6 /* Loc */ = {
			isa = PBXGroup;
			children = (
				F3ADA6152D9C03E700F2DAA6 /* Plural Translation.swift */,
			);
			path = Loc;
			sourceTree = "<group>";
		};
		F3BBD9D52AEECD3400A9F7E7 = {
			isa = PBXGroup;
			children = (
				F3BBD9E02AEECD3400A9F7E7 /* iOS */,
				F3202CB32D5596210030B3CC /* visionOS */,
				F3202CB92D5596380030B3CC /* Frameworks */,
				F3BBD9DF2AEECD3400A9F7E7 /* Products */,
			);
			sourceTree = "<group>";
		};
		F3BBD9DF2AEECD3400A9F7E7 /* Products */ = {
			isa = PBXGroup;
			children = (
				F3BBD9DE2AEECD3400A9F7E7 /* iOS.app */,
				F3202C992D5596100030B3CC /* visionOS.app */,
			);
			name = Products;
			sourceTree = "<group>";
		};
		F3BBD9E02AEECD3400A9F7E7 /* iOS */ = {
			isa = PBXGroup;
			children = (
				F3BBD9E12AEECD3400A9F7E7 /* Master SwiftUI.swift */,
				F35198F12E2B9F53004E0F02 /* Nav */,
				F35198EC2E2B9F53004E0F02 /* Models */,
				F35198FC2E2B9F53004E0F02 /* Views */,
				F3BBD9ED2AEECD3500A9F7E7 /* Info.plist */,
				F3BBD9E92AEECD3500A9F7E7 /* iOS.entitlements */,
				F3ADA6192D9C04C800F2DAA6 /* Localizable.xcstrings */,
				F3BBD9E72AEECD3500A9F7E7 /* Assets.xcassets */,
				F3BBD9E32AEECD3400A9F7E7 /* Home View.swift */,
				F35198C62E2B7E73004E0F02 /* Code View */,
				F3202CBF2D5597370030B3CC /* App Store Overlay */,
				F3202CC32D55975E0030B3CC /* Gauges */,
				F35198492E2AECCF004E0F02 /* To be checked */,
			);
			path = iOS;
			sourceTree = "<group>";
		};
/* End PBXGroup section */

/* Begin PBXNativeTarget section */
		F3202C982D5596100030B3CC /* visionOS */ = {
			isa = PBXNativeTarget;
			buildConfigurationList = F3202CAA2D5596100030B3CC /* Build configuration list for PBXNativeTarget "visionOS" */;
			buildPhases = (
				F3202C952D5596100030B3CC /* Sources */,
				F3202C962D5596100030B3CC /* Frameworks */,
				F3202C972D5596100030B3CC /* Resources */,
			);
			buildRules = (
			);
			name = visionOS;
			packageProductDependencies = (
				F3202CBA2D5596380030B3CC /* ScrechKit */,
			);
			productName = "Everything SwiftUI visionOS";
			productReference = F3202C992D5596100030B3CC /* visionOS.app */;
			productType = "com.apple.product-type.application";
		};
		F3BBD9DD2AEECD3400A9F7E7 /* iOS */ = {
			isa = PBXNativeTarget;
			buildConfigurationList = F3BBD9F02AEECD3500A9F7E7 /* Build configuration list for PBXNativeTarget "iOS" */;
			buildPhases = (
				F3BBD9DA2AEECD3400A9F7E7 /* Sources */,
				F3BBD9DB2AEECD3400A9F7E7 /* Frameworks */,
				F3BBD9DC2AEECD3400A9F7E7 /* Resources */,
			);
			buildRules = (
			);
			name = iOS;
			packageProductDependencies = (
				F3BBD9F62AEECE4000A9F7E7 /* ScrechKit */,
			);
			productName = "Everything SwiftUI";
			productReference = F3BBD9DE2AEECD3400A9F7E7 /* iOS.app */;
			productType = "com.apple.product-type.application";
		};
/* End PBXNativeTarget section */

/* Begin PBXProject section */
		F3BBD9D62AEECD3400A9F7E7 /* Project object */ = {
			isa = PBXProject;
			attributes = {
				BuildIndependentTargetsInParallel = 1;
				LastSwiftUpdateCheck = 1620;
				LastUpgradeCheck = 2600;
				TargetAttributes = {
					F3202C982D5596100030B3CC = {
						CreatedOnToolsVersion = 16.2;
					};
					F3BBD9DD2AEECD3400A9F7E7 = {
						CreatedOnToolsVersion = 15.1;
					};
				};
			};
			buildConfigurationList = F3BBD9D92AEECD3400A9F7E7 /* Build configuration list for PBXProject "Master SwiftUI" */;
			developmentRegion = en;
			hasScannedForEncodings = 0;
			knownRegions = (
				en,
				Base,
				ru,
			);
			mainGroup = F3BBD9D52AEECD3400A9F7E7;
			packageReferences = (
				F3BBD9F52AEECE4000A9F7E7 /* XCRemoteSwiftPackageReference "ScrechKit" */,
			);
			preferredProjectObjectVersion = 90;
			productRefGroup = F3BBD9DF2AEECD3400A9F7E7 /* Products */;
			projectDirPath = "";
			projectRoot = "";
			targets = (
				F3BBD9DD2AEECD3400A9F7E7 /* iOS */,
				F3202C982D5596100030B3CC /* visionOS */,
			);
		};
/* End PBXProject section */

/* Begin PBXResourcesBuildPhase section */
		F3202C972D5596100030B3CC /* Resources */ = {
			isa = PBXResourcesBuildPhase;
			files = (
				F3202CC82D55978A0030B3CC /* Assets.xcassets in Resources */,
				F3202CB72D5596210030B3CC /* Assets.xcassets in Resources */,
				F3ADA61B2D9C04C800F2DAA6 /* Localizable.xcstrings in Resources */,
			);
		};
		F3BBD9DC2AEECD3400A9F7E7 /* Resources */ = {
			isa = PBXResourcesBuildPhase;
			files = (
				F3ADA61A2D9C04C800F2DAA6 /* Localizable.xcstrings in Resources */,
				F3BBD9E82AEECD3500A9F7E7 /* Assets.xcassets in Resources */,
			);
		};
/* End PBXResourcesBuildPhase section */

/* Begin PBXSourcesBuildPhase section */
		F3202C952D5596100030B3CC /* Sources */ = {
			isa = PBXSourcesBuildPhase;
			files = (
				F3202CC22D5597490030B3CC /* Master SwiftUI.swift in Sources */,
				F3202CBE2D5597310030B3CC /* Font List.swift in Sources */,
				F3202CBD2D5597180030B3CC /* Hover Effects.swift in Sources */,
				F3202CC52D55977A0030B3CC /* Image Picker.swift in Sources */,
				F35198592E2AFF55004E0F02 /* Code Block Modifier.swift in Sources */,
				F35198C22E2B7E34004E0F02 /* Attributed Code String.swift in Sources */,
				F3202CC62D55977A0030B3CC /* Image Picker 2.swift in Sources */,
				F35198C42E2B7E56004E0F02 /* Simple Code Block View.swift in Sources */,
				F35198482E2AECAA004E0F02 /* Gauge Card.swift in Sources */,
				F3202CC72D55977A0030B3CC /* Image Picker View.swift in Sources */,
				F30207CE2D8B001300C26008 /* Markdown.swift in Sources */,
				F351984F2E2AF689004E0F02 /* Code Block.swift in Sources */,
				F3202CC42D5597640030B3CC /* Gauges View.swift in Sources */,
				F3ADA6172D9C03E700F2DAA6 /* Plural Translation.swift in Sources */,
				F3202CC12D5597450030B3CC /* Home View.swift in Sources */,
				F351984C2E2AEDCB004E0F02 /* Code Block View.swift in Sources */,
				F35198FD2E2B9F53004E0F02 /* Topic.swift in Sources */,
				F35198FE2E2B9F53004E0F02 /* ExperienceButton.swift in Sources */,
				F35198FF2E2B9F53004E0F02 /* ExperiencePickerRow.swift in Sources */,
				F35199002E2B9F53004E0F02 /* TopicDetail.swift in Sources */,
				F35199022E2B9F53004E0F02 /* NavModel.swift in Sources */,
				F35199032E2B9F53004E0F02 /* ExperienceToolbar.swift in Sources */,
				F35199052E2B9F53004E0F02 /* NavContainer.swift in Sources */,
				F35199062E2B9F53004E0F02 /* TwoColumnContentView.swift in Sources */,
				F35199072E2B9F53004E0F02 /* TopicGrid.swift in Sources */,
				F35199082E2B9F53004E0F02 /* ExperiencePicker.swift in Sources */,
				F351990A2E2B9F53004E0F02 /* DataModel.swift in Sources */,
				F351990B2E2B9F53004E0F02 /* ContinueButton.swift in Sources */,
				F351990D2E2B9F53004E0F02 /* StackContentView.swift in Sources */,
				F351990E2E2B9F53004E0F02 /* Category.swift in Sources */,
				F351990F2E2B9F53004E0F02 /* Experience.swift in Sources */,
				F35199102E2B9F53004E0F02 /* TopicTile.swift in Sources */,
				F3202CC02D5597400030B3CC /* App Store Overlay.swift in Sources */,
			);
		};
		F3BBD9DA2AEECD3400A9F7E7 /* Sources */ = {
			isa = PBXSourcesBuildPhase;
			files = (
				F30207CF2D8B001300C26008 /* Markdown.swift in Sources */,
				F351985A2E2AFF55004E0F02 /* Code Block Modifier.swift in Sources */,
				F3EB1CB62C58FFE5007E6366 /* Hover Effects.swift in Sources */,
				F37916EE2AF14A7A00B880AF /* Image Picker 2.swift in Sources */,
				F3BBD9E42AEECD3400A9F7E7 /* Home View.swift in Sources */,
				F32E88D52AF856E400959D49 /* Journal View.swift in Sources */,
				F35198472E2AECAA004E0F02 /* Gauge Card.swift in Sources */,
				F35199112E2B9F53004E0F02 /* Topic.swift in Sources */,
				F35199122E2B9F53004E0F02 /* ExperienceButton.swift in Sources */,
				F35199132E2B9F53004E0F02 /* ExperiencePickerRow.swift in Sources */,
				F35199142E2B9F53004E0F02 /* TopicDetail.swift in Sources */,
				F35199162E2B9F53004E0F02 /* NavModel.swift in Sources */,
				F35199172E2B9F53004E0F02 /* ExperienceToolbar.swift in Sources */,
				F35199192E2B9F53004E0F02 /* NavContainer.swift in Sources */,
				F351991A2E2B9F53004E0F02 /* TwoColumnContentView.swift in Sources */,
				F351991B2E2B9F53004E0F02 /* TopicGrid.swift in Sources */,
				F351991C2E2B9F53004E0F02 /* ExperiencePicker.swift in Sources */,
				F351991E2E2B9F53004E0F02 /* DataModel.swift in Sources */,
				F351991F2E2B9F53004E0F02 /* ContinueButton.swift in Sources */,
				F35199212E2B9F53004E0F02 /* StackContentView.swift in Sources */,
				F35199222E2B9F53004E0F02 /* Category.swift in Sources */,
				F35199232E2B9F53004E0F02 /* Experience.swift in Sources */,
				F35199242E2B9F53004E0F02 /* TopicTile.swift in Sources */,
				F3202C942D55952F0030B3CC /* App Store Overlay.swift in Sources */,
				F3146C4E2CF7382C005D58B3 /* Font List.swift in Sources */,
				F3BBD9E22AEECD3400A9F7E7 /* Master SwiftUI.swift in Sources */,
				F3BBD9FB2AEED4CE00A9F7E7 /* Image Picker.swift in Sources */,
				F35198C52E2B7E56004E0F02 /* Simple Code Block View.swift in Sources */,
				F3D8C11C2B2BB51000C7B0A9 /* Sensory Feedback.swift in Sources */,
				F3BE40BF2D1387FE00B7AD35 /* Gauges View.swift in Sources */,
				F3BBD9F42AEECD6C00A9F7E7 /* Materials View.swift in Sources */,
				F3ADA6162D9C03E700F2DAA6 /* Plural Translation.swift in Sources */,
				F351984E2E2AF689004E0F02 /* Code Block.swift in Sources */,
				F3BBD9F92AEED4BC00A9F7E7 /* Image Picker View.swift in Sources */,
				F35198C12E2B7E34004E0F02 /* Attributed Code String.swift in Sources */,
				F351984B2E2AEDCB004E0F02 /* Code Block View.swift in Sources */,
			);
		};
/* End PBXSourcesBuildPhase section */

/* Begin XCBuildConfiguration section */
		F3202CAB2D5596100030B3CC /* Debug configuration for PBXNativeTarget "visionOS" */ = {
			isa = XCBuildConfiguration;
			buildSettings = {
				ASSETCATALOG_COMPILER_APPICON_NAME = AppIcon;
				ASSETCATALOG_COMPILER_GLOBAL_ACCENT_COLOR_NAME = AccentColor;
				CODE_SIGN_STYLE = Automatic;
				ENABLE_PREVIEWS = YES;
				GENERATE_INFOPLIST_FILE = YES;
				INFOPLIST_FILE = "$(TARGET_NAME)/visionOS.plist";
				INFOPLIST_KEY_CFBundleDisplayName = "Master SwiftUI";
				INFOPLIST_KEY_ITSAppUsesNonExemptEncryption = NO;
				LD_RUNPATH_SEARCH_PATHS = (
					"$(inherited)",
					"@executable_path/Frameworks",
				);
				PRODUCT_BUNDLE_IDENTIFIER = "dev.topscrech.Everything-SwiftUI";
				PRODUCT_NAME = "$(TARGET_NAME)";
				SDKROOT = xros;
				SUPPORTED_PLATFORMS = "xros xrsimulator";
				SWIFT_EMIT_LOC_STRINGS = YES;
				SWIFT_VERSION = 5.0;
				TARGETED_DEVICE_FAMILY = 7;
				XROS_DEPLOYMENT_TARGET = 26.0;
			};
			name = Debug;
		};
		F3202CAC2D5596100030B3CC /* Release configuration for PBXNativeTarget "visionOS" */ = {
			isa = XCBuildConfiguration;
			buildSettings = {
				ASSETCATALOG_COMPILER_APPICON_NAME = AppIcon;
				ASSETCATALOG_COMPILER_GLOBAL_ACCENT_COLOR_NAME = AccentColor;
				CODE_SIGN_STYLE = Automatic;
				ENABLE_PREVIEWS = YES;
				GENERATE_INFOPLIST_FILE = YES;
				INFOPLIST_FILE = "$(TARGET_NAME)/visionOS.plist";
				INFOPLIST_KEY_CFBundleDisplayName = "Master SwiftUI";
				INFOPLIST_KEY_ITSAppUsesNonExemptEncryption = NO;
				LD_RUNPATH_SEARCH_PATHS = (
					"$(inherited)",
					"@executable_path/Frameworks",
				);
				PRODUCT_BUNDLE_IDENTIFIER = "dev.topscrech.Everything-SwiftUI";
				PRODUCT_NAME = "$(TARGET_NAME)";
				SDKROOT = xros;
				SUPPORTED_PLATFORMS = "xros xrsimulator";
				SWIFT_EMIT_LOC_STRINGS = YES;
				SWIFT_VERSION = 5.0;
				TARGETED_DEVICE_FAMILY = 7;
				VALIDATE_PRODUCT = YES;
				XROS_DEPLOYMENT_TARGET = 26.0;
			};
			name = Release;
		};
		F3BBD9EE2AEECD3500A9F7E7 /* Debug configuration for PBXProject "Master SwiftUI" */ = {
			isa = XCBuildConfiguration;
			buildSettings = {
				ALWAYS_SEARCH_USER_PATHS = NO;
				ASSETCATALOG_COMPILER_GENERATE_SWIFT_ASSET_SYMBOL_EXTENSIONS = YES;
				CLANG_ANALYZER_LOCALIZABILITY_NONLOCALIZED = YES;
				CLANG_ANALYZER_NONNULL = YES;
				CLANG_ANALYZER_NUMBER_OBJECT_CONVERSION = YES_AGGRESSIVE;
				CLANG_CXX_LANGUAGE_STANDARD = "gnu++20";
				CLANG_ENABLE_MODULES = YES;
				CLANG_ENABLE_OBJC_ARC = YES;
				CLANG_ENABLE_OBJC_WEAK = YES;
				CLANG_WARN_BLOCK_CAPTURE_AUTORELEASING = YES;
				CLANG_WARN_BOOL_CONVERSION = YES;
				CLANG_WARN_COMMA = YES;
				CLANG_WARN_CONSTANT_CONVERSION = YES;
				CLANG_WARN_DEPRECATED_OBJC_IMPLEMENTATIONS = YES;
				CLANG_WARN_DIRECT_OBJC_ISA_USAGE = YES_ERROR;
				CLANG_WARN_DOCUMENTATION_COMMENTS = YES;
				CLANG_WARN_EMPTY_BODY = YES;
				CLANG_WARN_ENUM_CONVERSION = YES;
				CLANG_WARN_INFINITE_RECURSION = YES;
				CLANG_WARN_INT_CONVERSION = YES;
				CLANG_WARN_NON_LITERAL_NULL_CONVERSION = YES;
				CLANG_WARN_OBJC_IMPLICIT_RETAIN_SELF = YES;
				CLANG_WARN_OBJC_LITERAL_CONVERSION = YES;
				CLANG_WARN_OBJC_ROOT_CLASS = YES_ERROR;
				CLANG_WARN_QUOTED_INCLUDE_IN_FRAMEWORK_HEADER = YES;
				CLANG_WARN_RANGE_LOOP_ANALYSIS = YES;
				CLANG_WARN_STRICT_PROTOTYPES = YES;
				CLANG_WARN_SUSPICIOUS_MOVE = YES;
				CLANG_WARN_UNGUARDED_AVAILABILITY = YES_AGGRESSIVE;
				CLANG_WARN_UNREACHABLE_CODE = YES;
				CLANG_WARN__DUPLICATE_METHOD_MATCH = YES;
				COPY_PHASE_STRIP = NO;
				CURRENT_PROJECT_VERSION = 0;
				DEAD_CODE_STRIPPING = YES;
				DEBUG_INFORMATION_FORMAT = dwarf;
				DEVELOPMENT_TEAM = 8FQUA2F388;
				ENABLE_STRICT_OBJC_MSGSEND = YES;
				ENABLE_TESTABILITY = YES;
				ENABLE_USER_SCRIPT_SANDBOXING = YES;
				GCC_C_LANGUAGE_STANDARD = gnu17;
				GCC_DYNAMIC_NO_PIC = NO;
				GCC_NO_COMMON_BLOCKS = YES;
				GCC_OPTIMIZATION_LEVEL = 0;
				GCC_PREPROCESSOR_DEFINITIONS = (
					"DEBUG=1",
					"$(inherited)",
				);
				GCC_WARN_64_TO_32_BIT_CONVERSION = YES;
				GCC_WARN_ABOUT_RETURN_TYPE = YES_ERROR;
				GCC_WARN_UNDECLARED_SELECTOR = YES;
				GCC_WARN_UNINITIALIZED_AUTOS = YES_AGGRESSIVE;
				GCC_WARN_UNUSED_FUNCTION = YES;
				GCC_WARN_UNUSED_VARIABLE = YES;
				LOCALIZATION_PREFERS_STRING_CATALOGS = YES;
				MARKETING_VERSION = 1.0;
				MTL_ENABLE_DEBUG_INFO = INCLUDE_SOURCE;
				MTL_FAST_MATH = YES;
				ONLY_ACTIVE_ARCH = YES;
				STRING_CATALOG_GENERATE_SYMBOLS = YES;
				SWIFT_ACTIVE_COMPILATION_CONDITIONS = "DEBUG $(inherited)";
				SWIFT_EMIT_LOC_STRINGS = YES;
				SWIFT_OPTIMIZATION_LEVEL = "-Onone";
			};
			name = Debug;
		};
		F3BBD9EF2AEECD3500A9F7E7 /* Release configuration for PBXProject "Master SwiftUI" */ = {
			isa = XCBuildConfiguration;
			buildSettings = {
				ALWAYS_SEARCH_USER_PATHS = NO;
				ASSETCATALOG_COMPILER_GENERATE_SWIFT_ASSET_SYMBOL_EXTENSIONS = YES;
				CLANG_ANALYZER_LOCALIZABILITY_NONLOCALIZED = YES;
				CLANG_ANALYZER_NONNULL = YES;
				CLANG_ANALYZER_NUMBER_OBJECT_CONVERSION = YES_AGGRESSIVE;
				CLANG_CXX_LANGUAGE_STANDARD = "gnu++20";
				CLANG_ENABLE_MODULES = YES;
				CLANG_ENABLE_OBJC_ARC = YES;
				CLANG_ENABLE_OBJC_WEAK = YES;
				CLANG_WARN_BLOCK_CAPTURE_AUTORELEASING = YES;
				CLANG_WARN_BOOL_CONVERSION = YES;
				CLANG_WARN_COMMA = YES;
				CLANG_WARN_CONSTANT_CONVERSION = YES;
				CLANG_WARN_DEPRECATED_OBJC_IMPLEMENTATIONS = YES;
				CLANG_WARN_DIRECT_OBJC_ISA_USAGE = YES_ERROR;
				CLANG_WARN_DOCUMENTATION_COMMENTS = YES;
				CLANG_WARN_EMPTY_BODY = YES;
				CLANG_WARN_ENUM_CONVERSION = YES;
				CLANG_WARN_INFINITE_RECURSION = YES;
				CLANG_WARN_INT_CONVERSION = YES;
				CLANG_WARN_NON_LITERAL_NULL_CONVERSION = YES;
				CLANG_WARN_OBJC_IMPLICIT_RETAIN_SELF = YES;
				CLANG_WARN_OBJC_LITERAL_CONVERSION = YES;
				CLANG_WARN_OBJC_ROOT_CLASS = YES_ERROR;
				CLANG_WARN_QUOTED_INCLUDE_IN_FRAMEWORK_HEADER = YES;
				CLANG_WARN_RANGE_LOOP_ANALYSIS = YES;
				CLANG_WARN_STRICT_PROTOTYPES = YES;
				CLANG_WARN_SUSPICIOUS_MOVE = YES;
				CLANG_WARN_UNGUARDED_AVAILABILITY = YES_AGGRESSIVE;
				CLANG_WARN_UNREACHABLE_CODE = YES;
				CLANG_WARN__DUPLICATE_METHOD_MATCH = YES;
				COPY_PHASE_STRIP = NO;
				CURRENT_PROJECT_VERSION = 0;
				DEAD_CODE_STRIPPING = YES;
				DEBUG_INFORMATION_FORMAT = "dwarf-with-dsym";
				DEVELOPMENT_TEAM = 8FQUA2F388;
				ENABLE_NS_ASSERTIONS = NO;
				ENABLE_STRICT_OBJC_MSGSEND = YES;
				ENABLE_USER_SCRIPT_SANDBOXING = YES;
				GCC_C_LANGUAGE_STANDARD = gnu17;
				GCC_NO_COMMON_BLOCKS = YES;
				GCC_WARN_64_TO_32_BIT_CONVERSION = YES;
				GCC_WARN_ABOUT_RETURN_TYPE = YES_ERROR;
				GCC_WARN_UNDECLARED_SELECTOR = YES;
				GCC_WARN_UNINITIALIZED_AUTOS = YES_AGGRESSIVE;
				GCC_WARN_UNUSED_FUNCTION = YES;
				GCC_WARN_UNUSED_VARIABLE = YES;
				LOCALIZATION_PREFERS_STRING_CATALOGS = YES;
				MARKETING_VERSION = 1.0;
				MTL_ENABLE_DEBUG_INFO = NO;
				MTL_FAST_MATH = YES;
				STRING_CATALOG_GENERATE_SYMBOLS = YES;
				SWIFT_COMPILATION_MODE = wholemodule;
				SWIFT_EMIT_LOC_STRINGS = YES;
			};
			name = Release;
		};
		F3BBD9F12AEECD3500A9F7E7 /* Debug configuration for PBXNativeTarget "iOS" */ = {
			isa = XCBuildConfiguration;
			buildSettings = {
				ASSETCATALOG_COMPILER_APPICON_NAME = AppIcon;
				ASSETCATALOG_COMPILER_GLOBAL_ACCENT_COLOR_NAME = AccentColor;
				CODE_SIGN_ENTITLEMENTS = iOS/iOS.entitlements;
				CODE_SIGN_STYLE = Automatic;
				DEAD_CODE_STRIPPING = YES;
				DEVELOPMENT_ASSET_PATHS = "";
				ENABLE_APP_SANDBOX = YES;
				ENABLE_HARDENED_RUNTIME = YES;
				ENABLE_PREVIEWS = YES;
				ENABLE_USER_SELECTED_FILES = readonly;
				GENERATE_INFOPLIST_FILE = YES;
				INFOPLIST_FILE = iOS/Info.plist;
				INFOPLIST_KEY_CFBundleDisplayName = "Master SwiftUI";
				INFOPLIST_KEY_ITSAppUsesNonExemptEncryption = NO;
				INFOPLIST_KEY_LSApplicationCategoryType = "public.app-category.developer-tools";
				"INFOPLIST_KEY_UIApplicationSceneManifest_Generation[sdk=iphoneos*]" = YES;
				"INFOPLIST_KEY_UIApplicationSceneManifest_Generation[sdk=iphonesimulator*]" = YES;
				"INFOPLIST_KEY_UIApplicationSupportsIndirectInputEvents[sdk=iphoneos*]" = YES;
				"INFOPLIST_KEY_UIApplicationSupportsIndirectInputEvents[sdk=iphonesimulator*]" = YES;
				"INFOPLIST_KEY_UILaunchScreen_Generation[sdk=iphoneos*]" = YES;
				"INFOPLIST_KEY_UILaunchScreen_Generation[sdk=iphonesimulator*]" = YES;
				"INFOPLIST_KEY_UIStatusBarStyle[sdk=iphoneos*]" = UIStatusBarStyleDefault;
				"INFOPLIST_KEY_UIStatusBarStyle[sdk=iphonesimulator*]" = UIStatusBarStyleDefault;
				INFOPLIST_KEY_UISupportedInterfaceOrientations = "UIInterfaceOrientationLandscapeLeft UIInterfaceOrientationLandscapeRight UIInterfaceOrientationPortrait UIInterfaceOrientationPortraitUpsideDown";
				IPHONEOS_DEPLOYMENT_TARGET = 26.0;
				LD_RUNPATH_SEARCH_PATHS = "@executable_path/Frameworks";
				"LD_RUNPATH_SEARCH_PATHS[sdk=macosx*]" = "@executable_path/../Frameworks";
				MACOSX_DEPLOYMENT_TARGET = 26.0;
				PRODUCT_BUNDLE_IDENTIFIER = "dev.topscrech.Everything-SwiftUI";
				PRODUCT_NAME = "$(TARGET_NAME)";
				SDKROOT = auto;
				SUPPORTED_PLATFORMS = "iphoneos iphonesimulator macosx";
				SUPPORTS_MACCATALYST = NO;
				SWIFT_EMIT_LOC_STRINGS = YES;
				SWIFT_VERSION = 5.0;
				TARGETED_DEVICE_FAMILY = "1,2";
			};
			name = Debug;
		};
		F3BBD9F22AEECD3500A9F7E7 /* Release configuration for PBXNativeTarget "iOS" */ = {
			isa = XCBuildConfiguration;
			buildSettings = {
				ASSETCATALOG_COMPILER_APPICON_NAME = AppIcon;
				ASSETCATALOG_COMPILER_GLOBAL_ACCENT_COLOR_NAME = AccentColor;
				CODE_SIGN_ENTITLEMENTS = iOS/iOS.entitlements;
				CODE_SIGN_STYLE = Automatic;
				DEAD_CODE_STRIPPING = YES;
				DEVELOPMENT_ASSET_PATHS = "";
				ENABLE_APP_SANDBOX = YES;
				ENABLE_HARDENED_RUNTIME = YES;
				ENABLE_PREVIEWS = YES;
				ENABLE_USER_SELECTED_FILES = readonly;
				GENERATE_INFOPLIST_FILE = YES;
				INFOPLIST_FILE = iOS/Info.plist;
				INFOPLIST_KEY_CFBundleDisplayName = "Master SwiftUI";
				INFOPLIST_KEY_ITSAppUsesNonExemptEncryption = NO;
				INFOPLIST_KEY_LSApplicationCategoryType = "public.app-category.developer-tools";
				"INFOPLIST_KEY_UIApplicationSceneManifest_Generation[sdk=iphoneos*]" = YES;
				"INFOPLIST_KEY_UIApplicationSceneManifest_Generation[sdk=iphonesimulator*]" = YES;
				"INFOPLIST_KEY_UIApplicationSupportsIndirectInputEvents[sdk=iphoneos*]" = YES;
				"INFOPLIST_KEY_UIApplicationSupportsIndirectInputEvents[sdk=iphonesimulator*]" = YES;
				"INFOPLIST_KEY_UILaunchScreen_Generation[sdk=iphoneos*]" = YES;
				"INFOPLIST_KEY_UILaunchScreen_Generation[sdk=iphonesimulator*]" = YES;
				"INFOPLIST_KEY_UIStatusBarStyle[sdk=iphoneos*]" = UIStatusBarStyleDefault;
				"INFOPLIST_KEY_UIStatusBarStyle[sdk=iphonesimulator*]" = UIStatusBarStyleDefault;
				INFOPLIST_KEY_UISupportedInterfaceOrientations = "UIInterfaceOrientationLandscapeLeft UIInterfaceOrientationLandscapeRight UIInterfaceOrientationPortrait UIInterfaceOrientationPortraitUpsideDown";
				IPHONEOS_DEPLOYMENT_TARGET = 26.0;
				LD_RUNPATH_SEARCH_PATHS = "@executable_path/Frameworks";
				"LD_RUNPATH_SEARCH_PATHS[sdk=macosx*]" = "@executable_path/../Frameworks";
				MACOSX_DEPLOYMENT_TARGET = 26.0;
				PRODUCT_BUNDLE_IDENTIFIER = "dev.topscrech.Everything-SwiftUI";
				PRODUCT_NAME = "$(TARGET_NAME)";
				SDKROOT = auto;
				SUPPORTED_PLATFORMS = "iphoneos iphonesimulator macosx";
				SUPPORTS_MACCATALYST = NO;
				SWIFT_EMIT_LOC_STRINGS = YES;
				SWIFT_VERSION = 5.0;
				TARGETED_DEVICE_FAMILY = "1,2";
			};
			name = Release;
		};
/* End XCBuildConfiguration section */

/* Begin XCConfigurationList section */
		F3202CAA2D5596100030B3CC /* Build configuration list for PBXNativeTarget "visionOS" */ = {
			isa = XCConfigurationList;
			buildConfigurations = (
				F3202CAB2D5596100030B3CC /* Debug configuration for PBXNativeTarget "visionOS" */,
				F3202CAC2D5596100030B3CC /* Release configuration for PBXNativeTarget "visionOS" */,
			);
			defaultConfigurationName = Release;
		};
		F3BBD9D92AEECD3400A9F7E7 /* Build configuration list for PBXProject "Master SwiftUI" */ = {
			isa = XCConfigurationList;
			buildConfigurations = (
				F3BBD9EE2AEECD3500A9F7E7 /* Debug configuration for PBXProject "Master SwiftUI" */,
				F3BBD9EF2AEECD3500A9F7E7 /* Release configuration for PBXProject "Master SwiftUI" */,
			);
			defaultConfigurationName = Release;
		};
		F3BBD9F02AEECD3500A9F7E7 /* Build configuration list for PBXNativeTarget "iOS" */ = {
			isa = XCConfigurationList;
			buildConfigurations = (
				F3BBD9F12AEECD3500A9F7E7 /* Debug configuration for PBXNativeTarget "iOS" */,
				F3BBD9F22AEECD3500A9F7E7 /* Release configuration for PBXNativeTarget "iOS" */,
			);
			defaultConfigurationName = Release;
		};
/* End XCConfigurationList section */

/* Begin XCRemoteSwiftPackageReference section */
		F3BBD9F52AEECE4000A9F7E7 /* XCRemoteSwiftPackageReference "ScrechKit" */ = {
			isa = XCRemoteSwiftPackageReference;
			repositoryURL = "https://github.com/TopScrech/ScrechKit";
			requirement = {
				branch = main;
				kind = branch;
			};
		};
/* End XCRemoteSwiftPackageReference section */

/* Begin XCSwiftPackageProductDependency section */
		F3202CBA2D5596380030B3CC /* ScrechKit */ = {
			isa = XCSwiftPackageProductDependency;
			package = F3BBD9F52AEECE4000A9F7E7 /* XCRemoteSwiftPackageReference "ScrechKit" */;
			productName = ScrechKit;
		};
		F3BBD9F62AEECE4000A9F7E7 /* ScrechKit */ = {
			isa = XCSwiftPackageProductDependency;
			package = F3BBD9F52AEECE4000A9F7E7 /* XCRemoteSwiftPackageReference "ScrechKit" */;
			productName = ScrechKit;
		};
/* End XCSwiftPackageProductDependency section */
	};
	rootObject = F3BBD9D62AEECD3400A9F7E7 /* Project object */;
}
