// !$*UTF8*$!
{
	archiveVersion = 1;
	classes = {
	};
	objectVersion = 90;
	objects = {

/* Begin PBXBuildFile section */
		F30207CE2D8B001300C26008 /* Markdown.swift in Sources */ = {isa = PBXBuildFile; fileRef = F30207CD2D8B001300C26008 /* Markdown.swift */; };
		F30207CF2D8B001300C26008 /* Markdown.swift in Sources */ = {isa = PBXBuildFile; fileRef = F30207CD2D8B001300C26008 /* Markdown.swift */; };
		F3146C4E2CF7382C005D58B3 /* Font List.swift in Sources */ = {isa = PBXBuildFile; fileRef = F3146C4D2CF7382C005D58B3 /* Font List.swift */; };
		F314C7F22E2E1C1800F63B6A /* TopicLinkLabel.swift in Sources */ = {isa = PBXBuildFile; fileRef = F314C7F12E2E1C1800F63B6A /* TopicLinkLabel.swift */; };
		F314C7F32E2E1C1800F63B6A /* TopicLinkLabel.swift in Sources */ = {isa = PBXBuildFile; fileRef = F314C7F12E2E1C1800F63B6A /* TopicLinkLabel.swift */; };
		F314C7F62E2E1E7900F63B6A /* TopicText.swift in Sources */ = {isa = PBXBuildFile; fileRef = F314C7F52E2E1E7900F63B6A /* TopicText.swift */; };
		F314C7F72E2E1E7900F63B6A /* TopicText.swift in Sources */ = {isa = PBXBuildFile; fileRef = F314C7F52E2E1E7900F63B6A /* TopicText.swift */; };
		F314C7F92E2E1F0F00F63B6A /* TopicDisclosureGroup.swift in Sources */ = {isa = PBXBuildFile; fileRef = F314C7F82E2E1F0F00F63B6A /* TopicDisclosureGroup.swift */; };
		F314C7FA2E2E1F0F00F63B6A /* TopicDisclosureGroup.swift in Sources */ = {isa = PBXBuildFile; fileRef = F314C7F82E2E1F0F00F63B6A /* TopicDisclosureGroup.swift */; };
		F314C7FD2E2E2A8400F63B6A /* Models.swift in Sources */ = {isa = PBXBuildFile; fileRef = F314C7FC2E2E2A8400F63B6A /* Models.swift */; };
		F314C7FE2E2E2A8400F63B6A /* Models.swift in Sources */ = {isa = PBXBuildFile; fileRef = F314C7FC2E2E2A8400F63B6A /* Models.swift */; };
		F314C8002E2E2A9400F63B6A /* FontSizeItem.swift in Sources */ = {isa = PBXBuildFile; fileRef = F314C7FF2E2E2A9400F63B6A /* FontSizeItem.swift */; };
		F314C8012E2E2A9400F63B6A /* FontSizeItem.swift in Sources */ = {isa = PBXBuildFile; fileRef = F314C7FF2E2E2A9400F63B6A /* FontSizeItem.swift */; };
		F314C8032E2E2AA800F63B6A /* FontWeightItem.swift in Sources */ = {isa = PBXBuildFile; fileRef = F314C8022E2E2AA800F63B6A /* FontWeightItem.swift */; };
		F314C8042E2E2AA800F63B6A /* FontWeightItem.swift in Sources */ = {isa = PBXBuildFile; fileRef = F314C8022E2E2AA800F63B6A /* FontWeightItem.swift */; };
		F314C8062E2E2D4A00F63B6A /* FontDesignItem.swift in Sources */ = {isa = PBXBuildFile; fileRef = F314C8052E2E2D4A00F63B6A /* FontDesignItem.swift */; };
		F314C8072E2E2D4A00F63B6A /* FontDesignItem.swift in Sources */ = {isa = PBXBuildFile; fileRef = F314C8052E2E2D4A00F63B6A /* FontDesignItem.swift */; };
		F314C8092E2E458B00F63B6A /* TopicTextField.swift in Sources */ = {isa = PBXBuildFile; fileRef = F314C8082E2E458B00F63B6A /* TopicTextField.swift */; };
		F314C80A2E2E458B00F63B6A /* TopicTextField.swift in Sources */ = {isa = PBXBuildFile; fileRef = F314C8082E2E458B00F63B6A /* TopicTextField.swift */; };
		F314C80C2E2E486200F63B6A /* TopicTextEditor.swift in Sources */ = {isa = PBXBuildFile; fileRef = F314C80B2E2E486200F63B6A /* TopicTextEditor.swift */; };
		F314C80D2E2E486200F63B6A /* TopicTextEditor.swift in Sources */ = {isa = PBXBuildFile; fileRef = F314C80B2E2E486200F63B6A /* TopicTextEditor.swift */; };
		F314C80F2E2E4A0100F63B6A /* TopicImage.swift in Sources */ = {isa = PBXBuildFile; fileRef = F314C80E2E2E4A0100F63B6A /* TopicImage.swift */; };
		F314C8102E2E4A0100F63B6A /* TopicImage.swift in Sources */ = {isa = PBXBuildFile; fileRef = F314C80E2E2E4A0100F63B6A /* TopicImage.swift */; };
		F314C8122E2E4B6A00F63B6A /* TopicSFSymbols.swift in Sources */ = {isa = PBXBuildFile; fileRef = F314C8112E2E4B6A00F63B6A /* TopicSFSymbols.swift */; };
		F314C8132E2E4B6A00F63B6A /* TopicSFSymbols.swift in Sources */ = {isa = PBXBuildFile; fileRef = F314C8112E2E4B6A00F63B6A /* TopicSFSymbols.swift */; };
		F314C8152E2E4B8700F63B6A /* TopicLabel.swift in Sources */ = {isa = PBXBuildFile; fileRef = F314C8142E2E4B8700F63B6A /* TopicLabel.swift */; };
		F314C8162E2E4B8700F63B6A /* TopicLabel.swift in Sources */ = {isa = PBXBuildFile; fileRef = F314C8142E2E4B8700F63B6A /* TopicLabel.swift */; };
		F314C8182E2E4BB600F63B6A /* TopicDivider.swift in Sources */ = {isa = PBXBuildFile; fileRef = F314C8172E2E4BB600F63B6A /* TopicDivider.swift */; };
		F314C8192E2E4BB600F63B6A /* TopicDivider.swift in Sources */ = {isa = PBXBuildFile; fileRef = F314C8172E2E4BB600F63B6A /* TopicDivider.swift */; };
		F314C81B2E2E4BB900F63B6A /* TopicShape.swift in Sources */ = {isa = PBXBuildFile; fileRef = F314C81A2E2E4BB900F63B6A /* TopicShape.swift */; };
		F314C81C2E2E4BB900F63B6A /* TopicShape.swift in Sources */ = {isa = PBXBuildFile; fileRef = F314C81A2E2E4BB900F63B6A /* TopicShape.swift */; };
		F314C81E2E2E4BBA00F63B6A /* TopicCustomKeyboard.swift in Sources */ = {isa = PBXBuildFile; fileRef = F314C81D2E2E4BBA00F63B6A /* TopicCustomKeyboard.swift */; };
		F314C81F2E2E4BBA00F63B6A /* TopicCustomKeyboard.swift in Sources */ = {isa = PBXBuildFile; fileRef = F314C81D2E2E4BBA00F63B6A /* TopicCustomKeyboard.swift */; };
		F314C8262E2E52A200F63B6A /* ValueStore.swift in Sources */ = {isa = PBXBuildFile; fileRef = F314C8252E2E52A200F63B6A /* ValueStore.swift */; };
		F314C8272E2E52A200F63B6A /* ValueStore.swift in Sources */ = {isa = PBXBuildFile; fileRef = F314C8252E2E52A200F63B6A /* ValueStore.swift */; };
		F314C8322E2E536F00F63B6A /* TopicMenu.swift in Sources */ = {isa = PBXBuildFile; fileRef = F314C8312E2E536F00F63B6A /* TopicMenu.swift */; };
		F314C8332E2E536F00F63B6A /* TopicMenu.swift in Sources */ = {isa = PBXBuildFile; fileRef = F314C8312E2E536F00F63B6A /* TopicMenu.swift */; };
		F314C8352E2E538200F63B6A /* TopicButton.swift in Sources */ = {isa = PBXBuildFile; fileRef = F314C8342E2E538200F63B6A /* TopicButton.swift */; };
		F314C8362E2E538200F63B6A /* TopicButton.swift in Sources */ = {isa = PBXBuildFile; fileRef = F314C8342E2E538200F63B6A /* TopicButton.swift */; };
		F314C8382E2E53A100F63B6A /* TopicContextMenu.swift in Sources */ = {isa = PBXBuildFile; fileRef = F314C8372E2E53A100F63B6A /* TopicContextMenu.swift */; };
		F314C8392E2E53A100F63B6A /* TopicContextMenu.swift in Sources */ = {isa = PBXBuildFile; fileRef = F314C8372E2E53A100F63B6A /* TopicContextMenu.swift */; };
		F314C83B2E2E540800F63B6A /* TopicSheet.swift in Sources */ = {isa = PBXBuildFile; fileRef = F314C83A2E2E540800F63B6A /* TopicSheet.swift */; };
		F314C83C2E2E540800F63B6A /* TopicSheet.swift in Sources */ = {isa = PBXBuildFile; fileRef = F314C83A2E2E540800F63B6A /* TopicSheet.swift */; };
		F314C83E2E2E555600F63B6A /* TopicAlert.swift in Sources */ = {isa = PBXBuildFile; fileRef = F314C83D2E2E555600F63B6A /* TopicAlert.swift */; };
		F314C83F2E2E555600F63B6A /* TopicAlert.swift in Sources */ = {isa = PBXBuildFile; fileRef = F314C83D2E2E555600F63B6A /* TopicAlert.swift */; };
		F314C8442E2E654C00F63B6A /* TopicSlider.swift in Sources */ = {isa = PBXBuildFile; fileRef = F314C8432E2E654C00F63B6A /* TopicSlider.swift */; };
		F314C8452E2E654C00F63B6A /* TopicSlider.swift in Sources */ = {isa = PBXBuildFile; fileRef = F314C8432E2E654C00F63B6A /* TopicSlider.swift */; };
		F314C84D2E2E657300F63B6A /* TopicStepper.swift in Sources */ = {isa = PBXBuildFile; fileRef = F314C84C2E2E657300F63B6A /* TopicStepper.swift */; };
		F314C84E2E2E657300F63B6A /* TopicStepper.swift in Sources */ = {isa = PBXBuildFile; fileRef = F314C84C2E2E657300F63B6A /* TopicStepper.swift */; };
		F314C8502E2E657400F63B6A /* TopicPicker.swift in Sources */ = {isa = PBXBuildFile; fileRef = F314C84F2E2E657400F63B6A /* TopicPicker.swift */; };
		F314C8512E2E657400F63B6A /* TopicPicker.swift in Sources */ = {isa = PBXBuildFile; fileRef = F314C84F2E2E657400F63B6A /* TopicPicker.swift */; };
		F314C8532E2E65F000F63B6A /* TopicPopover.swift in Sources */ = {isa = PBXBuildFile; fileRef = F314C8522E2E65F000F63B6A /* TopicPopover.swift */; };
		F314C8542E2E65F000F63B6A /* TopicPopover.swift in Sources */ = {isa = PBXBuildFile; fileRef = F314C8522E2E65F000F63B6A /* TopicPopover.swift */; };
		F314C8572E2E663500F63B6A /* TopicColor.swift in Sources */ = {isa = PBXBuildFile; fileRef = F314C8562E2E663500F63B6A /* TopicColor.swift */; };
		F314C8582E2E663500F63B6A /* TopicColor.swift in Sources */ = {isa = PBXBuildFile; fileRef = F314C8562E2E663500F63B6A /* TopicColor.swift */; };
		F314C85A2E2E665600F63B6A /* TopicGradient.swift in Sources */ = {isa = PBXBuildFile; fileRef = F314C8592E2E665600F63B6A /* TopicGradient.swift */; };
		F314C85B2E2E665600F63B6A /* TopicGradient.swift in Sources */ = {isa = PBXBuildFile; fileRef = F314C8592E2E665600F63B6A /* TopicGradient.swift */; };
		F31653B62E3C0A1000A0E9D7 /* FavoritesList.swift in Sources */ = {isa = PBXBuildFile; fileRef = F31653B52E3C0A1000A0E9D7 /* FavoritesList.swift */; };
		F31653B72E3C0A1000A0E9D7 /* FavoritesList.swift in Sources */ = {isa = PBXBuildFile; fileRef = F31653B52E3C0A1000A0E9D7 /* FavoritesList.swift */; };
		F31653B92E3C0A4E00A0E9D7 /* StackTopicList.swift in Sources */ = {isa = PBXBuildFile; fileRef = F31653B82E3C0A4E00A0E9D7 /* StackTopicList.swift */; };
		F31653BA2E3C0A4E00A0E9D7 /* StackTopicList.swift in Sources */ = {isa = PBXBuildFile; fileRef = F31653B82E3C0A4E00A0E9D7 /* StackTopicList.swift */; };
		F3202C942D55952F0030B3CC /* AppStoreOverlay.swift in Sources */ = {isa = PBXBuildFile; fileRef = F3202C932D55952F0030B3CC /* AppStoreOverlay.swift */; };
		F3202CB72D5596210030B3CC /* Assets.xcassets in Resources */ = {isa = PBXBuildFile; fileRef = F3202CAF2D5596210030B3CC /* Assets.xcassets */; };
		F3202CBB2D5596380030B3CC /* ScrechKit in Frameworks */ = {isa = PBXBuildFile; productRef = F3202CBA2D5596380030B3CC /* ScrechKit */; };
		F3202CBD2D5597180030B3CC /* Hover Effects.swift in Sources */ = {isa = PBXBuildFile; fileRef = F3EB1CB52C58FFE5007E6366 /* Hover Effects.swift */; };
		F3202CBE2D5597310030B3CC /* Font List.swift in Sources */ = {isa = PBXBuildFile; fileRef = F3146C4D2CF7382C005D58B3 /* Font List.swift */; };
		F3202CC02D5597400030B3CC /* AppStoreOverlay.swift in Sources */ = {isa = PBXBuildFile; fileRef = F3202C932D55952F0030B3CC /* AppStoreOverlay.swift */; };
		F3202CC22D5597490030B3CC /* Master SwiftUI.swift in Sources */ = {isa = PBXBuildFile; fileRef = F3BBD9E12AEECD3400A9F7E7 /* Master SwiftUI.swift */; };
		F3202CC42D5597640030B3CC /* Gauges View.swift in Sources */ = {isa = PBXBuildFile; fileRef = F3BE40BE2D1387FE00B7AD35 /* Gauges View.swift */; };
		F3202CC52D55977A0030B3CC /* Image Picker.swift in Sources */ = {isa = PBXBuildFile; fileRef = F3BBD9FA2AEED4CE00A9F7E7 /* Image Picker.swift */; };
		F3202CC62D55977A0030B3CC /* Image Picker 2.swift in Sources */ = {isa = PBXBuildFile; fileRef = F37916ED2AF14A7A00B880AF /* Image Picker 2.swift */; };
		F3202CC72D55977A0030B3CC /* Image Picker View.swift in Sources */ = {isa = PBXBuildFile; fileRef = F3BBD9F82AEED4BC00A9F7E7 /* Image Picker View.swift */; };
		F3202CC82D55978A0030B3CC /* Assets.xcassets in Resources */ = {isa = PBXBuildFile; fileRef = F3BBD9E72AEECD3500A9F7E7 /* Assets.xcassets */; };
		F32E88D52AF856E400959D49 /* Journal View.swift in Sources */ = {isa = PBXBuildFile; fileRef = F32E88D42AF856E400959D49 /* Journal View.swift */; };
		F330586C2E3A9A4F0099CEB7 /* TopicDocsCard.swift in Sources */ = {isa = PBXBuildFile; fileRef = F330586B2E3A9A4F0099CEB7 /* TopicDocsCard.swift */; };
		F330586D2E3A9A4F0099CEB7 /* TopicDocsCard.swift in Sources */ = {isa = PBXBuildFile; fileRef = F330586B2E3A9A4F0099CEB7 /* TopicDocsCard.swift */; };
		F330586F2E3A9B250099CEB7 /* TopicDocsCardImage.swift in Sources */ = {isa = PBXBuildFile; fileRef = F330586E2E3A9B250099CEB7 /* TopicDocsCardImage.swift */; };
		F33058702E3A9B250099CEB7 /* TopicDocsCardImage.swift in Sources */ = {isa = PBXBuildFile; fileRef = F330586E2E3A9B250099CEB7 /* TopicDocsCardImage.swift */; };
		F3378F9D2E2E68DF00A31D7F /* TopicDetectOSVersion.swift in Sources */ = {isa = PBXBuildFile; fileRef = F3378F9C2E2E68DF00A31D7F /* TopicDetectOSVersion.swift */; };
		F3378F9E2E2E68DF00A31D7F /* TopicDetectOSVersion.swift in Sources */ = {isa = PBXBuildFile; fileRef = F3378F9C2E2E68DF00A31D7F /* TopicDetectOSVersion.swift */; };
		F34480322E2CD41100D18E2E /* TopicDarkMode.swift in Sources */ = {isa = PBXBuildFile; fileRef = F34480312E2CD41100D18E2E /* TopicDarkMode.swift */; };
		F34480332E2CD41100D18E2E /* TopicDarkMode.swift in Sources */ = {isa = PBXBuildFile; fileRef = F34480312E2CD41100D18E2E /* TopicDarkMode.swift */; };
		F34480362E2D218400D18E2E /* TopicEmptyView.swift in Sources */ = {isa = PBXBuildFile; fileRef = F34480352E2D218400D18E2E /* TopicEmptyView.swift */; };
		F34480372E2D218400D18E2E /* TopicEmptyView.swift in Sources */ = {isa = PBXBuildFile; fileRef = F34480352E2D218400D18E2E /* TopicEmptyView.swift */; };
		F344803A2E2D225A00D18E2E /* TopicSpacer.swift in Sources */ = {isa = PBXBuildFile; fileRef = F34480392E2D225A00D18E2E /* TopicSpacer.swift */; };
		F344803B2E2D225A00D18E2E /* TopicSpacer.swift in Sources */ = {isa = PBXBuildFile; fileRef = F34480392E2D225A00D18E2E /* TopicSpacer.swift */; };
		F34480402E2D4E0500D18E2E /* TopicActionButton.swift in Sources */ = {isa = PBXBuildFile; fileRef = F344803F2E2D4E0500D18E2E /* TopicActionButton.swift */; };
		F34480412E2D4E0500D18E2E /* TopicActionButton.swift in Sources */ = {isa = PBXBuildFile; fileRef = F344803F2E2D4E0500D18E2E /* TopicActionButton.swift */; };
		F34480442E2D548F00D18E2E /* TopicToggle.swift in Sources */ = {isa = PBXBuildFile; fileRef = F34480432E2D548F00D18E2E /* TopicToggle.swift */; };
		F34480452E2D548F00D18E2E /* TopicToggle.swift in Sources */ = {isa = PBXBuildFile; fileRef = F34480432E2D548F00D18E2E /* TopicToggle.swift */; };
		F34480472E2D5D1900D18E2E /* SettingsView.swift in Sources */ = {isa = PBXBuildFile; fileRef = F34480462E2D5D1900D18E2E /* SettingsView.swift */; };
		F34480482E2D5D1900D18E2E /* SettingsView.swift in Sources */ = {isa = PBXBuildFile; fileRef = F34480462E2D5D1900D18E2E /* SettingsView.swift */; };
		F35198472E2AECAA004E0F02 /* Gauge Card.swift in Sources */ = {isa = PBXBuildFile; fileRef = F35198462E2AECAA004E0F02 /* Gauge Card.swift */; };
		F35198482E2AECAA004E0F02 /* Gauge Card.swift in Sources */ = {isa = PBXBuildFile; fileRef = F35198462E2AECAA004E0F02 /* Gauge Card.swift */; };
		F351984E2E2AF689004E0F02 /* Code Block.swift in Sources */ = {isa = PBXBuildFile; fileRef = F351984D2E2AF689004E0F02 /* Code Block.swift */; };
		F351984F2E2AF689004E0F02 /* Code Block.swift in Sources */ = {isa = PBXBuildFile; fileRef = F351984D2E2AF689004E0F02 /* Code Block.swift */; };
		F35198C12E2B7E34004E0F02 /* Attributed Code String.swift in Sources */ = {isa = PBXBuildFile; fileRef = F35198C02E2B7E34004E0F02 /* Attributed Code String.swift */; };
		F35198C22E2B7E34004E0F02 /* Attributed Code String.swift in Sources */ = {isa = PBXBuildFile; fileRef = F35198C02E2B7E34004E0F02 /* Attributed Code String.swift */; };
		F35198C42E2B7E56004E0F02 /* Simple Code Block View.swift in Sources */ = {isa = PBXBuildFile; fileRef = F35198C32E2B7E56004E0F02 /* Simple Code Block View.swift */; };
		F35198C52E2B7E56004E0F02 /* Simple Code Block View.swift in Sources */ = {isa = PBXBuildFile; fileRef = F35198C32E2B7E56004E0F02 /* Simple Code Block View.swift */; };
		F35198FD2E2B9F53004E0F02 /* Topic.swift in Sources */ = {isa = PBXBuildFile; fileRef = F35198EB2E2B9F53004E0F02 /* Topic.swift */; };
		F35198FE2E2B9F53004E0F02 /* ExperienceButton.swift in Sources */ = {isa = PBXBuildFile; fileRef = F35198F32E2B9F53004E0F02 /* ExperienceButton.swift */; };
		F35198FF2E2B9F53004E0F02 /* ExperiencePickerRow.swift in Sources */ = {isa = PBXBuildFile; fileRef = F35198F52E2B9F53004E0F02 /* ExperiencePickerRow.swift */; };
		F35199002E2B9F53004E0F02 /* TopicDetail.swift in Sources */ = {isa = PBXBuildFile; fileRef = F35198F72E2B9F53004E0F02 /* TopicDetail.swift */; };
		F35199022E2B9F53004E0F02 /* NavModel.swift in Sources */ = {isa = PBXBuildFile; fileRef = F35198EA2E2B9F53004E0F02 /* NavModel.swift */; };
		F35199052E2B9F53004E0F02 /* NavContainer.swift in Sources */ = {isa = PBXBuildFile; fileRef = F35198ED2E2B9F53004E0F02 /* NavContainer.swift */; };
		F35199062E2B9F53004E0F02 /* TwoColumnContentView.swift in Sources */ = {isa = PBXBuildFile; fileRef = F35198F02E2B9F53004E0F02 /* TwoColumnContentView.swift */; };
		F35199072E2B9F53004E0F02 /* TopicGrid.swift in Sources */ = {isa = PBXBuildFile; fileRef = F35198F82E2B9F53004E0F02 /* TopicGrid.swift */; };
		F35199082E2B9F53004E0F02 /* ExperiencePicker.swift in Sources */ = {isa = PBXBuildFile; fileRef = F35198F42E2B9F53004E0F02 /* ExperiencePicker.swift */; };
		F351990A2E2B9F53004E0F02 /* DataModel.swift in Sources */ = {isa = PBXBuildFile; fileRef = F35198E72E2B9F53004E0F02 /* DataModel.swift */; };
		F351990B2E2B9F53004E0F02 /* ContinueButton.swift in Sources */ = {isa = PBXBuildFile; fileRef = F35198F22E2B9F53004E0F02 /* ContinueButton.swift */; };
		F351990D2E2B9F53004E0F02 /* StackContentView.swift in Sources */ = {isa = PBXBuildFile; fileRef = F35198EE2E2B9F53004E0F02 /* StackContentView.swift */; };
		F351990E2E2B9F53004E0F02 /* Category.swift in Sources */ = {isa = PBXBuildFile; fileRef = F35198E62E2B9F53004E0F02 /* Category.swift */; };
		F351990F2E2B9F53004E0F02 /* Experience.swift in Sources */ = {isa = PBXBuildFile; fileRef = F35198E82E2B9F53004E0F02 /* Experience.swift */; };
		F35199102E2B9F53004E0F02 /* TopicTile.swift in Sources */ = {isa = PBXBuildFile; fileRef = F35198FB2E2B9F53004E0F02 /* TopicTile.swift */; };
		F35199112E2B9F53004E0F02 /* Topic.swift in Sources */ = {isa = PBXBuildFile; fileRef = F35198EB2E2B9F53004E0F02 /* Topic.swift */; };
		F35199122E2B9F53004E0F02 /* ExperienceButton.swift in Sources */ = {isa = PBXBuildFile; fileRef = F35198F32E2B9F53004E0F02 /* ExperienceButton.swift */; };
		F35199132E2B9F53004E0F02 /* ExperiencePickerRow.swift in Sources */ = {isa = PBXBuildFile; fileRef = F35198F52E2B9F53004E0F02 /* ExperiencePickerRow.swift */; };
		F35199142E2B9F53004E0F02 /* TopicDetail.swift in Sources */ = {isa = PBXBuildFile; fileRef = F35198F72E2B9F53004E0F02 /* TopicDetail.swift */; };
		F35199162E2B9F53004E0F02 /* NavModel.swift in Sources */ = {isa = PBXBuildFile; fileRef = F35198EA2E2B9F53004E0F02 /* NavModel.swift */; };
		F35199192E2B9F53004E0F02 /* NavContainer.swift in Sources */ = {isa = PBXBuildFile; fileRef = F35198ED2E2B9F53004E0F02 /* NavContainer.swift */; };
		F351991A2E2B9F53004E0F02 /* TwoColumnContentView.swift in Sources */ = {isa = PBXBuildFile; fileRef = F35198F02E2B9F53004E0F02 /* TwoColumnContentView.swift */; };
		F351991B2E2B9F53004E0F02 /* TopicGrid.swift in Sources */ = {isa = PBXBuildFile; fileRef = F35198F82E2B9F53004E0F02 /* TopicGrid.swift */; };
		F351991C2E2B9F53004E0F02 /* ExperiencePicker.swift in Sources */ = {isa = PBXBuildFile; fileRef = F35198F42E2B9F53004E0F02 /* ExperiencePicker.swift */; };
		F351991E2E2B9F53004E0F02 /* DataModel.swift in Sources */ = {isa = PBXBuildFile; fileRef = F35198E72E2B9F53004E0F02 /* DataModel.swift */; };
		F351991F2E2B9F53004E0F02 /* ContinueButton.swift in Sources */ = {isa = PBXBuildFile; fileRef = F35198F22E2B9F53004E0F02 /* ContinueButton.swift */; };
		F35199212E2B9F53004E0F02 /* StackContentView.swift in Sources */ = {isa = PBXBuildFile; fileRef = F35198EE2E2B9F53004E0F02 /* StackContentView.swift */; };
		F35199222E2B9F53004E0F02 /* Category.swift in Sources */ = {isa = PBXBuildFile; fileRef = F35198E62E2B9F53004E0F02 /* Category.swift */; };
		F35199232E2B9F53004E0F02 /* Experience.swift in Sources */ = {isa = PBXBuildFile; fileRef = F35198E82E2B9F53004E0F02 /* Experience.swift */; };
		F35199242E2B9F53004E0F02 /* TopicTile.swift in Sources */ = {isa = PBXBuildFile; fileRef = F35198FB2E2B9F53004E0F02 /* TopicTile.swift */; };
		F37916EE2AF14A7A00B880AF /* Image Picker 2.swift in Sources */ = {isa = PBXBuildFile; fileRef = F37916ED2AF14A7A00B880AF /* Image Picker 2.swift */; };
		F388D19C2E3AB43A002A1128 /* TopicLowPowerMode.swift in Sources */ = {isa = PBXBuildFile; fileRef = F388D19B2E3AB43A002A1128 /* TopicLowPowerMode.swift */; };
		F388D19D2E3AB43A002A1128 /* TopicLowPowerMode.swift in Sources */ = {isa = PBXBuildFile; fileRef = F388D19B2E3AB43A002A1128 /* TopicLowPowerMode.swift */; };
		F388D1A02E3AB51C002A1128 /* lowPowerMode.txt in Resources */ = {isa = PBXBuildFile; fileRef = F388D19F2E3AB51C002A1128 /* lowPowerMode.txt */; };
		F388D1A12E3AB51C002A1128 /* lowPowerMode.txt in Resources */ = {isa = PBXBuildFile; fileRef = F388D19F2E3AB51C002A1128 /* lowPowerMode.txt */; };
		F3ADA6162D9C03E700F2DAA6 /* Plural Translation.swift in Sources */ = {isa = PBXBuildFile; fileRef = F3ADA6152D9C03E700F2DAA6 /* Plural Translation.swift */; };
		F3ADA6172D9C03E700F2DAA6 /* Plural Translation.swift in Sources */ = {isa = PBXBuildFile; fileRef = F3ADA6152D9C03E700F2DAA6 /* Plural Translation.swift */; };
		F3ADA61A2D9C04C800F2DAA6 /* Localizable.xcstrings in Resources */ = {isa = PBXBuildFile; fileRef = F3ADA6192D9C04C800F2DAA6 /* Localizable.xcstrings */; };
		F3ADA61B2D9C04C800F2DAA6 /* Localizable.xcstrings in Resources */ = {isa = PBXBuildFile; fileRef = F3ADA6192D9C04C800F2DAA6 /* Localizable.xcstrings */; };
		F3AE99D92E2F861C00D70249 /* ColorTheme.swift in Sources */ = {isa = PBXBuildFile; fileRef = F3AE99D82E2F861C00D70249 /* ColorTheme.swift */; };
		F3AE99DA2E2F861C00D70249 /* ColorTheme.swift in Sources */ = {isa = PBXBuildFile; fileRef = F3AE99D82E2F861C00D70249 /* ColorTheme.swift */; };
		F3BBD9E22AEECD3400A9F7E7 /* Master SwiftUI.swift in Sources */ = {isa = PBXBuildFile; fileRef = F3BBD9E12AEECD3400A9F7E7 /* Master SwiftUI.swift */; };
		F3BBD9E82AEECD3500A9F7E7 /* Assets.xcassets in Resources */ = {isa = PBXBuildFile; fileRef = F3BBD9E72AEECD3500A9F7E7 /* Assets.xcassets */; };
		F3BBD9F42AEECD6C00A9F7E7 /* Materials View.swift in Sources */ = {isa = PBXBuildFile; fileRef = F3BBD9F32AEECD6C00A9F7E7 /* Materials View.swift */; };
		F3BBD9F72AEECE4000A9F7E7 /* ScrechKit in Frameworks */ = {isa = PBXBuildFile; productRef = F3BBD9F62AEECE4000A9F7E7 /* ScrechKit */; };
		F3BBD9F92AEED4BC00A9F7E7 /* Image Picker View.swift in Sources */ = {isa = PBXBuildFile; fileRef = F3BBD9F82AEED4BC00A9F7E7 /* Image Picker View.swift */; };
		F3BBD9FB2AEED4CE00A9F7E7 /* Image Picker.swift in Sources */ = {isa = PBXBuildFile; fileRef = F3BBD9FA2AEED4CE00A9F7E7 /* Image Picker.swift */; };
		F3BE40BF2D1387FE00B7AD35 /* Gauges View.swift in Sources */ = {isa = PBXBuildFile; fileRef = F3BE40BE2D1387FE00B7AD35 /* Gauges View.swift */; };
		F3BF16DA2E2C76A8005212D1 /* ContentView.swift in Sources */ = {isa = PBXBuildFile; fileRef = F3BF16D92E2C76A8005212D1 /* ContentView.swift */; };
		F3BF16DB2E2C76A8005212D1 /* ContentView.swift in Sources */ = {isa = PBXBuildFile; fileRef = F3BF16D92E2C76A8005212D1 /* ContentView.swift */; };
		F3BF16DD2E2C7717005212D1 /* TopicDismiss.swift in Sources */ = {isa = PBXBuildFile; fileRef = F3BF16DC2E2C7717005212D1 /* TopicDismiss.swift */; };
		F3BF16DE2E2C7717005212D1 /* TopicDismiss.swift in Sources */ = {isa = PBXBuildFile; fileRef = F3BF16DC2E2C7717005212D1 /* TopicDismiss.swift */; };
		F3BF16E22E2C7D1C005212D1 /* TopicHeading.swift in Sources */ = {isa = PBXBuildFile; fileRef = F3BF16E12E2C7D1C005212D1 /* TopicHeading.swift */; };
		F3BF16E32E2C7D1C005212D1 /* TopicHeading.swift in Sources */ = {isa = PBXBuildFile; fileRef = F3BF16E12E2C7D1C005212D1 /* TopicHeading.swift */; };
		F3BF16E62E2CCDEE005212D1 /* TopicDocs.swift in Sources */ = {isa = PBXBuildFile; fileRef = F3BF16E52E2CCDEE005212D1 /* TopicDocs.swift */; };
		F3BF16E72E2CCDEE005212D1 /* TopicDocs.swift in Sources */ = {isa = PBXBuildFile; fileRef = F3BF16E52E2CCDEE005212D1 /* TopicDocs.swift */; };
		F3CC1E0F2E343C3A00611B60 /* detectOSVersionNewAndOld.txt in Resources */ = {isa = PBXBuildFile; fileRef = F3CC1DF22E343C3A00611B60 /* detectOSVersionNewAndOld.txt */; };
		F3CC1E102E343C3A00611B60 /* slider.txt in Resources */ = {isa = PBXBuildFile; fileRef = F3CC1E052E343C3A00611B60 /* slider.txt */; };
		F3CC1E112E343C3A00611B60 /* textFieldDisableAutocorrection.txt in Resources */ = {isa = PBXBuildFile; fileRef = F3CC1E0A2E343C3A00611B60 /* textFieldDisableAutocorrection.txt */; };
		F3CC1E122E343C3A00611B60 /* color.txt in Resources */ = {isa = PBXBuildFile; fileRef = F3CC1DEE2E343C3A00611B60 /* color.txt */; };
		F3CC1E132E343C3A00611B60 /* mdMonospaced.txt in Resources */ = {isa = PBXBuildFile; fileRef = F3CC1DFD2E343C3A00611B60 /* mdMonospaced.txt */; };
		F3CC1E142E343C3A00611B60 /* image.txt in Resources */ = {isa = PBXBuildFile; fileRef = F3CC1DFA2E343C3A00611B60 /* image.txt */; };
		F3CC1E152E343C3A00611B60 /* textLineLimit.txt in Resources */ = {isa = PBXBuildFile; fileRef = F3CC1E0B2E343C3A00611B60 /* textLineLimit.txt */; };
		F3CC1E162E343C3A00611B60 /* alert.txt in Resources */ = {isa = PBXBuildFile; fileRef = F3CC1DEA2E343C3A00611B60 /* alert.txt */; };
		F3CC1E172E343C3A00611B60 /* spacer.txt in Resources */ = {isa = PBXBuildFile; fileRef = F3CC1E062E343C3A00611B60 /* spacer.txt */; };
		F3CC1E182E343C3A00611B60 /* sheetBefore15.txt in Resources */ = {isa = PBXBuildFile; fileRef = F3CC1E042E343C3A00611B60 /* sheetBefore15.txt */; };
		F3CC1E192E343C3A00611B60 /* dismissHideBackButton.txt in Resources */ = {isa = PBXBuildFile; fileRef = F3CC1DF42E343C3A00611B60 /* dismissHideBackButton.txt */; };
		F3CC1E1A2E343C3A00611B60 /* emptyViewAnyView.txt in Resources */ = {isa = PBXBuildFile; fileRef = F3CC1DF72E343C3A00611B60 /* emptyViewAnyView.txt */; };
		F3CC1E1B2E343C3A00611B60 /* emptyView.txt in Resources */ = {isa = PBXBuildFile; fileRef = F3CC1DF62E343C3A00611B60 /* emptyView.txt */; };
		F3CC1E1C2E343C3A00611B60 /* contextMenu.txt in Resources */ = {isa = PBXBuildFile; fileRef = F3CC1DEF2E343C3A00611B60 /* contextMenu.txt */; };
		F3CC1E1D2E343C3A00611B60 /* textEditor.txt in Resources */ = {isa = PBXBuildFile; fileRef = F3CC1E082E343C3A00611B60 /* textEditor.txt */; };
		F3CC1E1E2E343C3A00611B60 /* divider.txt in Resources */ = {isa = PBXBuildFile; fileRef = F3CC1DF52E343C3A00611B60 /* divider.txt */; };
		F3CC1E1F2E343C3A00611B60 /* gradient.txt in Resources */ = {isa = PBXBuildFile; fileRef = F3CC1DF92E343C3A00611B60 /* gradient.txt */; };
		F3CC1E202E343C3A00611B60 /* darkMode.txt in Resources */ = {isa = PBXBuildFile; fileRef = F3CC1DF02E343C3A00611B60 /* darkMode.txt */; };
		F3CC1E212E343C3A00611B60 /* button.txt in Resources */ = {isa = PBXBuildFile; fileRef = F3CC1DEC2E343C3A00611B60 /* button.txt */; };
		F3CC1E222E343C3A00611B60 /* mdStrikethrough.txt in Resources */ = {isa = PBXBuildFile; fileRef = F3CC1DFF2E343C3A00611B60 /* mdStrikethrough.txt */; };
		F3CC1E232E343C3A00611B60 /* stepper.txt in Resources */ = {isa = PBXBuildFile; fileRef = F3CC1E072E343C3A00611B60 /* stepper.txt */; };
		F3CC1E242E343C3A00611B60 /* dismiss.txt in Resources */ = {isa = PBXBuildFile; fileRef = F3CC1DF32E343C3A00611B60 /* dismiss.txt */; };
		F3CC1E252E343C3A00611B60 /* popover.txt in Resources */ = {isa = PBXBuildFile; fileRef = F3CC1E022E343C3A00611B60 /* popover.txt */; };
		F3CC1E262E343C3A00611B60 /* appStoreOverlay.txt in Resources */ = {isa = PBXBuildFile; fileRef = F3CC1DEB2E343C3A00611B60 /* appStoreOverlay.txt */; };
		F3CC1E272E343C3A00611B60 /* picker.txt in Resources */ = {isa = PBXBuildFile; fileRef = F3CC1E012E343C3A00611B60 /* picker.txt */; };
		F3CC1E282E343C3A00611B60 /* mdBoldItalic.txt in Resources */ = {isa = PBXBuildFile; fileRef = F3CC1DFB2E343C3A00611B60 /* mdBoldItalic.txt */; };
		F3CC1E292E343C3A00611B60 /* toggleTint.txt in Resources */ = {isa = PBXBuildFile; fileRef = F3CC1E0D2E343C3A00611B60 /* toggleTint.txt */; };
		F3CC1E2A2E343C3A00611B60 /* buttonCustom.txt in Resources */ = {isa = PBXBuildFile; fileRef = F3CC1DED2E343C3A00611B60 /* buttonCustom.txt */; };
		F3CC1E2B2E343C3A00611B60 /* menu.txt in Resources */ = {isa = PBXBuildFile; fileRef = F3CC1E002E343C3A00611B60 /* menu.txt */; };
		F3CC1E2C2E343C3A00611B60 /* mdRegular.txt in Resources */ = {isa = PBXBuildFile; fileRef = F3CC1DFE2E343C3A00611B60 /* mdRegular.txt */; };
		F3CC1E2D2E343C3A00611B60 /* sheet.txt in Resources */ = {isa = PBXBuildFile; fileRef = F3CC1E032E343C3A00611B60 /* sheet.txt */; };
		F3CC1E2E2E343C3A00611B60 /* detectOSVersion.txt in Resources */ = {isa = PBXBuildFile; fileRef = F3CC1DF12E343C3A00611B60 /* detectOSVersion.txt */; };
		F3CC1E2F2E343C3A00611B60 /* toggle.txt in Resources */ = {isa = PBXBuildFile; fileRef = F3CC1E0C2E343C3A00611B60 /* toggle.txt */; };
		F3CC1E302E343C3A00611B60 /* gauges.txt in Resources */ = {isa = PBXBuildFile; fileRef = F3CC1DF82E343C3A00611B60 /* gauges.txt */; };
		F3CC1E312E343C3A00611B60 /* mdLink.txt in Resources */ = {isa = PBXBuildFile; fileRef = F3CC1DFC2E343C3A00611B60 /* mdLink.txt */; };
		F3CC1E322E343C3A00611B60 /* textField.txt in Resources */ = {isa = PBXBuildFile; fileRef = F3CC1E092E343C3A00611B60 /* textField.txt */; };
		F3CC1E332E343C3A00611B60 /* detectOSVersionNewAndOld.txt in Resources */ = {isa = PBXBuildFile; fileRef = F3CC1DF22E343C3A00611B60 /* detectOSVersionNewAndOld.txt */; };
		F3CC1E342E343C3A00611B60 /* slider.txt in Resources */ = {isa = PBXBuildFile; fileRef = F3CC1E052E343C3A00611B60 /* slider.txt */; };
		F3CC1E352E343C3A00611B60 /* textFieldDisableAutocorrection.txt in Resources */ = {isa = PBXBuildFile; fileRef = F3CC1E0A2E343C3A00611B60 /* textFieldDisableAutocorrection.txt */; };
		F3CC1E362E343C3A00611B60 /* color.txt in Resources */ = {isa = PBXBuildFile; fileRef = F3CC1DEE2E343C3A00611B60 /* color.txt */; };
		F3CC1E372E343C3A00611B60 /* mdMonospaced.txt in Resources */ = {isa = PBXBuildFile; fileRef = F3CC1DFD2E343C3A00611B60 /* mdMonospaced.txt */; };
		F3CC1E382E343C3A00611B60 /* image.txt in Resources */ = {isa = PBXBuildFile; fileRef = F3CC1DFA2E343C3A00611B60 /* image.txt */; };
		F3CC1E392E343C3A00611B60 /* textLineLimit.txt in Resources */ = {isa = PBXBuildFile; fileRef = F3CC1E0B2E343C3A00611B60 /* textLineLimit.txt */; };
		F3CC1E3A2E343C3A00611B60 /* alert.txt in Resources */ = {isa = PBXBuildFile; fileRef = F3CC1DEA2E343C3A00611B60 /* alert.txt */; };
		F3CC1E3B2E343C3A00611B60 /* spacer.txt in Resources */ = {isa = PBXBuildFile; fileRef = F3CC1E062E343C3A00611B60 /* spacer.txt */; };
		F3CC1E3C2E343C3A00611B60 /* sheetBefore15.txt in Resources */ = {isa = PBXBuildFile; fileRef = F3CC1E042E343C3A00611B60 /* sheetBefore15.txt */; };
		F3CC1E3D2E343C3A00611B60 /* dismissHideBackButton.txt in Resources */ = {isa = PBXBuildFile; fileRef = F3CC1DF42E343C3A00611B60 /* dismissHideBackButton.txt */; };
		F3CC1E3E2E343C3A00611B60 /* emptyViewAnyView.txt in Resources */ = {isa = PBXBuildFile; fileRef = F3CC1DF72E343C3A00611B60 /* emptyViewAnyView.txt */; };
		F3CC1E3F2E343C3A00611B60 /* emptyView.txt in Resources */ = {isa = PBXBuildFile; fileRef = F3CC1DF62E343C3A00611B60 /* emptyView.txt */; };
		F3CC1E402E343C3A00611B60 /* contextMenu.txt in Resources */ = {isa = PBXBuildFile; fileRef = F3CC1DEF2E343C3A00611B60 /* contextMenu.txt */; };
		F3CC1E412E343C3A00611B60 /* textEditor.txt in Resources */ = {isa = PBXBuildFile; fileRef = F3CC1E082E343C3A00611B60 /* textEditor.txt */; };
		F3CC1E422E343C3A00611B60 /* divider.txt in Resources */ = {isa = PBXBuildFile; fileRef = F3CC1DF52E343C3A00611B60 /* divider.txt */; };
		F3CC1E432E343C3A00611B60 /* gradient.txt in Resources */ = {isa = PBXBuildFile; fileRef = F3CC1DF92E343C3A00611B60 /* gradient.txt */; };
		F3CC1E442E343C3A00611B60 /* darkMode.txt in Resources */ = {isa = PBXBuildFile; fileRef = F3CC1DF02E343C3A00611B60 /* darkMode.txt */; };
		F3CC1E452E343C3A00611B60 /* button.txt in Resources */ = {isa = PBXBuildFile; fileRef = F3CC1DEC2E343C3A00611B60 /* button.txt */; };
		F3CC1E462E343C3A00611B60 /* mdStrikethrough.txt in Resources */ = {isa = PBXBuildFile; fileRef = F3CC1DFF2E343C3A00611B60 /* mdStrikethrough.txt */; };
		F3CC1E472E343C3A00611B60 /* stepper.txt in Resources */ = {isa = PBXBuildFile; fileRef = F3CC1E072E343C3A00611B60 /* stepper.txt */; };
		F3CC1E482E343C3A00611B60 /* dismiss.txt in Resources */ = {isa = PBXBuildFile; fileRef = F3CC1DF32E343C3A00611B60 /* dismiss.txt */; };
		F3CC1E492E343C3A00611B60 /* popover.txt in Resources */ = {isa = PBXBuildFile; fileRef = F3CC1E022E343C3A00611B60 /* popover.txt */; };
		F3CC1E4A2E343C3A00611B60 /* appStoreOverlay.txt in Resources */ = {isa = PBXBuildFile; fileRef = F3CC1DEB2E343C3A00611B60 /* appStoreOverlay.txt */; };
		F3CC1E4B2E343C3A00611B60 /* picker.txt in Resources */ = {isa = PBXBuildFile; fileRef = F3CC1E012E343C3A00611B60 /* picker.txt */; };
		F3CC1E4C2E343C3A00611B60 /* mdBoldItalic.txt in Resources */ = {isa = PBXBuildFile; fileRef = F3CC1DFB2E343C3A00611B60 /* mdBoldItalic.txt */; };
		F3CC1E4D2E343C3A00611B60 /* toggleTint.txt in Resources */ = {isa = PBXBuildFile; fileRef = F3CC1E0D2E343C3A00611B60 /* toggleTint.txt */; };
		F3CC1E4E2E343C3A00611B60 /* buttonCustom.txt in Resources */ = {isa = PBXBuildFile; fileRef = F3CC1DED2E343C3A00611B60 /* buttonCustom.txt */; };
		F3CC1E4F2E343C3A00611B60 /* menu.txt in Resources */ = {isa = PBXBuildFile; fileRef = F3CC1E002E343C3A00611B60 /* menu.txt */; };
		F3CC1E502E343C3A00611B60 /* mdRegular.txt in Resources */ = {isa = PBXBuildFile; fileRef = F3CC1DFE2E343C3A00611B60 /* mdRegular.txt */; };
		F3CC1E512E343C3A00611B60 /* sheet.txt in Resources */ = {isa = PBXBuildFile; fileRef = F3CC1E032E343C3A00611B60 /* sheet.txt */; };
		F3CC1E522E343C3A00611B60 /* detectOSVersion.txt in Resources */ = {isa = PBXBuildFile; fileRef = F3CC1DF12E343C3A00611B60 /* detectOSVersion.txt */; };
		F3CC1E532E343C3A00611B60 /* toggle.txt in Resources */ = {isa = PBXBuildFile; fileRef = F3CC1E0C2E343C3A00611B60 /* toggle.txt */; };
		F3CC1E542E343C3A00611B60 /* gauges.txt in Resources */ = {isa = PBXBuildFile; fileRef = F3CC1DF82E343C3A00611B60 /* gauges.txt */; };
		F3CC1E552E343C3A00611B60 /* mdLink.txt in Resources */ = {isa = PBXBuildFile; fileRef = F3CC1DFC2E343C3A00611B60 /* mdLink.txt */; };
		F3CC1E562E343C3A00611B60 /* textField.txt in Resources */ = {isa = PBXBuildFile; fileRef = F3CC1E092E343C3A00611B60 /* textField.txt */; };
		F3D8C11C2B2BB51000C7B0A9 /* Sensory Feedback.swift in Sources */ = {isa = PBXBuildFile; fileRef = F3D8C11B2B2BB51000C7B0A9 /* Sensory Feedback.swift */; };
		F3EB1CB62C58FFE5007E6366 /* Hover Effects.swift in Sources */ = {isa = PBXBuildFile; fileRef = F3EB1CB52C58FFE5007E6366 /* Hover Effects.swift */; };
/* End PBXBuildFile section */

/* Begin PBXFileReference section */
		F30070012E2F0B9A00E76725 /* README.md */ = {isa = PBXFileReference; lastKnownFileType = net.daringfireball.markdown; path = README.md; sourceTree = "<group>"; };
		F30207CD2D8B001300C26008 /* Markdown.swift */ = {isa = PBXFileReference; lastKnownFileType = sourcecode.swift; path = Markdown.swift; sourceTree = "<group>"; };
		F3146C4D2CF7382C005D58B3 /* Font List.swift */ = {isa = PBXFileReference; lastKnownFileType = sourcecode.swift; path = "Font List.swift"; sourceTree = "<group>"; };
		F314C7F12E2E1C1800F63B6A /* TopicLinkLabel.swift */ = {isa = PBXFileReference; lastKnownFileType = sourcecode.swift; path = TopicLinkLabel.swift; sourceTree = "<group>"; };
		F314C7F52E2E1E7900F63B6A /* TopicText.swift */ = {isa = PBXFileReference; lastKnownFileType = sourcecode.swift; path = TopicText.swift; sourceTree = "<group>"; };
		F314C7F82E2E1F0F00F63B6A /* TopicDisclosureGroup.swift */ = {isa = PBXFileReference; lastKnownFileType = sourcecode.swift; path = TopicDisclosureGroup.swift; sourceTree = "<group>"; };
		F314C7FC2E2E2A8400F63B6A /* Models.swift */ = {isa = PBXFileReference; lastKnownFileType = sourcecode.swift; path = Models.swift; sourceTree = "<group>"; };
		F314C7FF2E2E2A9400F63B6A /* FontSizeItem.swift */ = {isa = PBXFileReference; lastKnownFileType = sourcecode.swift; path = FontSizeItem.swift; sourceTree = "<group>"; };
		F314C8022E2E2AA800F63B6A /* FontWeightItem.swift */ = {isa = PBXFileReference; lastKnownFileType = sourcecode.swift; path = FontWeightItem.swift; sourceTree = "<group>"; };
		F314C8052E2E2D4A00F63B6A /* FontDesignItem.swift */ = {isa = PBXFileReference; lastKnownFileType = sourcecode.swift; path = FontDesignItem.swift; sourceTree = "<group>"; };
		F314C8082E2E458B00F63B6A /* TopicTextField.swift */ = {isa = PBXFileReference; lastKnownFileType = sourcecode.swift; path = TopicTextField.swift; sourceTree = "<group>"; };
		F314C80B2E2E486200F63B6A /* TopicTextEditor.swift */ = {isa = PBXFileReference; lastKnownFileType = sourcecode.swift; path = TopicTextEditor.swift; sourceTree = "<group>"; };
		F314C80E2E2E4A0100F63B6A /* TopicImage.swift */ = {isa = PBXFileReference; lastKnownFileType = sourcecode.swift; path = TopicImage.swift; sourceTree = "<group>"; };
		F314C8112E2E4B6A00F63B6A /* TopicSFSymbols.swift */ = {isa = PBXFileReference; lastKnownFileType = sourcecode.swift; path = TopicSFSymbols.swift; sourceTree = "<group>"; };
		F314C8142E2E4B8700F63B6A /* TopicLabel.swift */ = {isa = PBXFileReference; lastKnownFileType = sourcecode.swift; path = TopicLabel.swift; sourceTree = "<group>"; };
		F314C8172E2E4BB600F63B6A /* TopicDivider.swift */ = {isa = PBXFileReference; lastKnownFileType = sourcecode.swift; path = TopicDivider.swift; sourceTree = "<group>"; };
		F314C81A2E2E4BB900F63B6A /* TopicShape.swift */ = {isa = PBXFileReference; lastKnownFileType = sourcecode.swift; path = TopicShape.swift; sourceTree = "<group>"; };
		F314C81D2E2E4BBA00F63B6A /* TopicCustomKeyboard.swift */ = {isa = PBXFileReference; lastKnownFileType = sourcecode.swift; path = TopicCustomKeyboard.swift; sourceTree = "<group>"; };
		F314C8252E2E52A200F63B6A /* ValueStore.swift */ = {isa = PBXFileReference; lastKnownFileType = sourcecode.swift; path = ValueStore.swift; sourceTree = "<group>"; };
		F314C8312E2E536F00F63B6A /* TopicMenu.swift */ = {isa = PBXFileReference; lastKnownFileType = sourcecode.swift; path = TopicMenu.swift; sourceTree = "<group>"; };
		F314C8342E2E538200F63B6A /* TopicButton.swift */ = {isa = PBXFileReference; lastKnownFileType = sourcecode.swift; path = TopicButton.swift; sourceTree = "<group>"; };
		F314C8372E2E53A100F63B6A /* TopicContextMenu.swift */ = {isa = PBXFileReference; lastKnownFileType = sourcecode.swift; path = TopicContextMenu.swift; sourceTree = "<group>"; };
		F314C83A2E2E540800F63B6A /* TopicSheet.swift */ = {isa = PBXFileReference; lastKnownFileType = sourcecode.swift; path = TopicSheet.swift; sourceTree = "<group>"; };
		F314C83D2E2E555600F63B6A /* TopicAlert.swift */ = {isa = PBXFileReference; lastKnownFileType = sourcecode.swift; path = TopicAlert.swift; sourceTree = "<group>"; };
		F314C8432E2E654C00F63B6A /* TopicSlider.swift */ = {isa = PBXFileReference; lastKnownFileType = sourcecode.swift; path = TopicSlider.swift; sourceTree = "<group>"; };
		F314C84C2E2E657300F63B6A /* TopicStepper.swift */ = {isa = PBXFileReference; lastKnownFileType = sourcecode.swift; path = TopicStepper.swift; sourceTree = "<group>"; };
		F314C84F2E2E657400F63B6A /* TopicPicker.swift */ = {isa = PBXFileReference; lastKnownFileType = sourcecode.swift; path = TopicPicker.swift; sourceTree = "<group>"; };
		F314C8522E2E65F000F63B6A /* TopicPopover.swift */ = {isa = PBXFileReference; lastKnownFileType = sourcecode.swift; path = TopicPopover.swift; sourceTree = "<group>"; };
		F314C8562E2E663500F63B6A /* TopicColor.swift */ = {isa = PBXFileReference; lastKnownFileType = sourcecode.swift; path = TopicColor.swift; sourceTree = "<group>"; };
		F314C8592E2E665600F63B6A /* TopicGradient.swift */ = {isa = PBXFileReference; lastKnownFileType = sourcecode.swift; path = TopicGradient.swift; sourceTree = "<group>"; };
		F31653B52E3C0A1000A0E9D7 /* FavoritesList.swift */ = {isa = PBXFileReference; lastKnownFileType = sourcecode.swift; path = FavoritesList.swift; sourceTree = "<group>"; };
		F31653B82E3C0A4E00A0E9D7 /* StackTopicList.swift */ = {isa = PBXFileReference; lastKnownFileType = sourcecode.swift; path = StackTopicList.swift; sourceTree = "<group>"; };
		F3202C932D55952F0030B3CC /* AppStoreOverlay.swift */ = {isa = PBXFileReference; lastKnownFileType = sourcecode.swift; path = AppStoreOverlay.swift; sourceTree = "<group>"; };
		F3202C992D5596100030B3CC /* visionOS.app */ = {isa = PBXFileReference; explicitFileType = wrapper.application; includeInIndex = 0; path = visionOS.app; sourceTree = BUILT_PRODUCTS_DIR; };
		F3202CAF2D5596210030B3CC /* Assets.xcassets */ = {isa = PBXFileReference; lastKnownFileType = folder.assetcatalog; path = Assets.xcassets; sourceTree = "<group>"; };
		F3202CB22D5596210030B3CC /* visionOS.plist */ = {isa = PBXFileReference; lastKnownFileType = text.plist.xml; path = visionOS.plist; sourceTree = "<group>"; };
		F32E88D42AF856E400959D49 /* Journal View.swift */ = {isa = PBXFileReference; lastKnownFileType = sourcecode.swift; path = "Journal View.swift"; sourceTree = "<group>"; };
		F330586B2E3A9A4F0099CEB7 /* TopicDocsCard.swift */ = {isa = PBXFileReference; lastKnownFileType = sourcecode.swift; path = TopicDocsCard.swift; sourceTree = "<group>"; };
		F330586E2E3A9B250099CEB7 /* TopicDocsCardImage.swift */ = {isa = PBXFileReference; lastKnownFileType = sourcecode.swift; path = TopicDocsCardImage.swift; sourceTree = "<group>"; };
		F3378F9C2E2E68DF00A31D7F /* TopicDetectOSVersion.swift */ = {isa = PBXFileReference; lastKnownFileType = sourcecode.swift; path = TopicDetectOSVersion.swift; sourceTree = "<group>"; };
		F34480312E2CD41100D18E2E /* TopicDarkMode.swift */ = {isa = PBXFileReference; lastKnownFileType = sourcecode.swift; path = TopicDarkMode.swift; sourceTree = "<group>"; };
		F34480352E2D218400D18E2E /* TopicEmptyView.swift */ = {isa = PBXFileReference; lastKnownFileType = sourcecode.swift; path = TopicEmptyView.swift; sourceTree = "<group>"; };
		F34480392E2D225A00D18E2E /* TopicSpacer.swift */ = {isa = PBXFileReference; lastKnownFileType = sourcecode.swift; path = TopicSpacer.swift; sourceTree = "<group>"; };
		F344803F2E2D4E0500D18E2E /* TopicActionButton.swift */ = {isa = PBXFileReference; lastKnownFileType = sourcecode.swift; path = TopicActionButton.swift; sourceTree = "<group>"; };
		F34480432E2D548F00D18E2E /* TopicToggle.swift */ = {isa = PBXFileReference; lastKnownFileType = sourcecode.swift; path = TopicToggle.swift; sourceTree = "<group>"; };
		F34480462E2D5D1900D18E2E /* SettingsView.swift */ = {isa = PBXFileReference; lastKnownFileType = sourcecode.swift; path = SettingsView.swift; sourceTree = "<group>"; };
		F35198462E2AECAA004E0F02 /* Gauge Card.swift */ = {isa = PBXFileReference; lastKnownFileType = sourcecode.swift; path = "Gauge Card.swift"; sourceTree = "<group>"; };
		F351984D2E2AF689004E0F02 /* Code Block.swift */ = {isa = PBXFileReference; lastKnownFileType = sourcecode.swift; path = "Code Block.swift"; sourceTree = "<group>"; };
		F35198C02E2B7E34004E0F02 /* Attributed Code String.swift */ = {isa = PBXFileReference; lastKnownFileType = sourcecode.swift; path = "Attributed Code String.swift"; sourceTree = "<group>"; };
		F35198C32E2B7E56004E0F02 /* Simple Code Block View.swift */ = {isa = PBXFileReference; lastKnownFileType = sourcecode.swift; path = "Simple Code Block View.swift"; sourceTree = "<group>"; };
		F35198E62E2B9F53004E0F02 /* Category.swift */ = {isa = PBXFileReference; lastKnownFileType = sourcecode.swift; path = Category.swift; sourceTree = "<group>"; };
		F35198E72E2B9F53004E0F02 /* DataModel.swift */ = {isa = PBXFileReference; lastKnownFileType = sourcecode.swift; path = DataModel.swift; sourceTree = "<group>"; };
		F35198E82E2B9F53004E0F02 /* Experience.swift */ = {isa = PBXFileReference; lastKnownFileType = sourcecode.swift; path = Experience.swift; sourceTree = "<group>"; };
		F35198EA2E2B9F53004E0F02 /* NavModel.swift */ = {isa = PBXFileReference; lastKnownFileType = sourcecode.swift; path = NavModel.swift; sourceTree = "<group>"; };
		F35198EB2E2B9F53004E0F02 /* Topic.swift */ = {isa = PBXFileReference; lastKnownFileType = sourcecode.swift; path = Topic.swift; sourceTree = "<group>"; };
		F35198ED2E2B9F53004E0F02 /* NavContainer.swift */ = {isa = PBXFileReference; lastKnownFileType = sourcecode.swift; path = NavContainer.swift; sourceTree = "<group>"; };
		F35198EE2E2B9F53004E0F02 /* StackContentView.swift */ = {isa = PBXFileReference; lastKnownFileType = sourcecode.swift; path = StackContentView.swift; sourceTree = "<group>"; };
		F35198F02E2B9F53004E0F02 /* TwoColumnContentView.swift */ = {isa = PBXFileReference; lastKnownFileType = sourcecode.swift; path = TwoColumnContentView.swift; sourceTree = "<group>"; };
		F35198F22E2B9F53004E0F02 /* ContinueButton.swift */ = {isa = PBXFileReference; lastKnownFileType = sourcecode.swift; path = ContinueButton.swift; sourceTree = "<group>"; };
		F35198F32E2B9F53004E0F02 /* ExperienceButton.swift */ = {isa = PBXFileReference; lastKnownFileType = sourcecode.swift; path = ExperienceButton.swift; sourceTree = "<group>"; };
		F35198F42E2B9F53004E0F02 /* ExperiencePicker.swift */ = {isa = PBXFileReference; lastKnownFileType = sourcecode.swift; path = ExperiencePicker.swift; sourceTree = "<group>"; };
		F35198F52E2B9F53004E0F02 /* ExperiencePickerRow.swift */ = {isa = PBXFileReference; lastKnownFileType = sourcecode.swift; path = ExperiencePickerRow.swift; sourceTree = "<group>"; };
		F35198F72E2B9F53004E0F02 /* TopicDetail.swift */ = {isa = PBXFileReference; lastKnownFileType = sourcecode.swift; path = TopicDetail.swift; sourceTree = "<group>"; };
		F35198F82E2B9F53004E0F02 /* TopicGrid.swift */ = {isa = PBXFileReference; lastKnownFileType = sourcecode.swift; path = TopicGrid.swift; sourceTree = "<group>"; };
		F35198FB2E2B9F53004E0F02 /* TopicTile.swift */ = {isa = PBXFileReference; lastKnownFileType = sourcecode.swift; path = TopicTile.swift; sourceTree = "<group>"; };
		F37916ED2AF14A7A00B880AF /* Image Picker 2.swift */ = {isa = PBXFileReference; lastKnownFileType = sourcecode.swift; path = "Image Picker 2.swift"; sourceTree = "<group>"; };
		F388D19B2E3AB43A002A1128 /* TopicLowPowerMode.swift */ = {isa = PBXFileReference; lastKnownFileType = sourcecode.swift; path = TopicLowPowerMode.swift; sourceTree = "<group>"; };
		F388D19F2E3AB51C002A1128 /* lowPowerMode.txt */ = {isa = PBXFileReference; lastKnownFileType = text; path = lowPowerMode.txt; sourceTree = "<group>"; };
		F3ADA6152D9C03E700F2DAA6 /* Plural Translation.swift */ = {isa = PBXFileReference; lastKnownFileType = sourcecode.swift; path = "Plural Translation.swift"; sourceTree = "<group>"; };
		F3ADA6192D9C04C800F2DAA6 /* Localizable.xcstrings */ = {isa = PBXFileReference; lastKnownFileType = text.json.xcstrings; path = Localizable.xcstrings; sourceTree = "<group>"; };
		F3AE99D82E2F861C00D70249 /* ColorTheme.swift */ = {isa = PBXFileReference; lastKnownFileType = sourcecode.swift; path = ColorTheme.swift; sourceTree = "<group>"; };
		F3BBD9DE2AEECD3400A9F7E7 /* iOS.app */ = {isa = PBXFileReference; explicitFileType = wrapper.application; includeInIndex = 0; path = iOS.app; sourceTree = BUILT_PRODUCTS_DIR; };
		F3BBD9E12AEECD3400A9F7E7 /* Master SwiftUI.swift */ = {isa = PBXFileReference; lastKnownFileType = sourcecode.swift; path = "Master SwiftUI.swift"; sourceTree = "<group>"; };
		F3BBD9E72AEECD3500A9F7E7 /* Assets.xcassets */ = {isa = PBXFileReference; lastKnownFileType = folder.assetcatalog; path = Assets.xcassets; sourceTree = "<group>"; };
		F3BBD9E92AEECD3500A9F7E7 /* iOS.entitlements */ = {isa = PBXFileReference; lastKnownFileType = text.plist.entitlements; path = iOS.entitlements; sourceTree = "<group>"; };
		F3BBD9ED2AEECD3500A9F7E7 /* iOS.plist */ = {isa = PBXFileReference; lastKnownFileType = text.plist.xml; path = iOS.plist; sourceTree = "<group>"; };
		F3BBD9F32AEECD6C00A9F7E7 /* Materials View.swift */ = {isa = PBXFileReference; lastKnownFileType = sourcecode.swift; path = "Materials View.swift"; sourceTree = "<group>"; };
		F3BBD9F82AEED4BC00A9F7E7 /* Image Picker View.swift */ = {isa = PBXFileReference; lastKnownFileType = sourcecode.swift; path = "Image Picker View.swift"; sourceTree = "<group>"; };
		F3BBD9FA2AEED4CE00A9F7E7 /* Image Picker.swift */ = {isa = PBXFileReference; lastKnownFileType = sourcecode.swift; path = "Image Picker.swift"; sourceTree = "<group>"; };
		F3BE40BE2D1387FE00B7AD35 /* Gauges View.swift */ = {isa = PBXFileReference; lastKnownFileType = sourcecode.swift; path = "Gauges View.swift"; sourceTree = "<group>"; };
		F3BF16D92E2C76A8005212D1 /* ContentView.swift */ = {isa = PBXFileReference; lastKnownFileType = sourcecode.swift; path = ContentView.swift; sourceTree = "<group>"; };
		F3BF16DC2E2C7717005212D1 /* TopicDismiss.swift */ = {isa = PBXFileReference; lastKnownFileType = sourcecode.swift; path = TopicDismiss.swift; sourceTree = "<group>"; };
		F3BF16E12E2C7D1C005212D1 /* TopicHeading.swift */ = {isa = PBXFileReference; lastKnownFileType = sourcecode.swift; path = TopicHeading.swift; sourceTree = "<group>"; };
		F3BF16E52E2CCDEE005212D1 /* TopicDocs.swift */ = {isa = PBXFileReference; lastKnownFileType = sourcecode.swift; path = TopicDocs.swift; sourceTree = "<group>"; };
		F3CC1DEA2E343C3A00611B60 /* alert.txt */ = {isa = PBXFileReference; lastKnownFileType = text; path = alert.txt; sourceTree = "<group>"; };
		F3CC1DEB2E343C3A00611B60 /* appStoreOverlay.txt */ = {isa = PBXFileReference; lastKnownFileType = text; path = appStoreOverlay.txt; sourceTree = "<group>"; };
		F3CC1DEC2E343C3A00611B60 /* button.txt */ = {isa = PBXFileReference; lastKnownFileType = text; path = button.txt; sourceTree = "<group>"; };
		F3CC1DED2E343C3A00611B60 /* buttonCustom.txt */ = {isa = PBXFileReference; lastKnownFileType = text; path = buttonCustom.txt; sourceTree = "<group>"; };
		F3CC1DEE2E343C3A00611B60 /* color.txt */ = {isa = PBXFileReference; lastKnownFileType = text; path = color.txt; sourceTree = "<group>"; };
		F3CC1DEF2E343C3A00611B60 /* contextMenu.txt */ = {isa = PBXFileReference; lastKnownFileType = text; path = contextMenu.txt; sourceTree = "<group>"; };
		F3CC1DF02E343C3A00611B60 /* darkMode.txt */ = {isa = PBXFileReference; lastKnownFileType = text; path = darkMode.txt; sourceTree = "<group>"; };
		F3CC1DF12E343C3A00611B60 /* detectOSVersion.txt */ = {isa = PBXFileReference; lastKnownFileType = text; path = detectOSVersion.txt; sourceTree = "<group>"; };
		F3CC1DF22E343C3A00611B60 /* detectOSVersionNewAndOld.txt */ = {isa = PBXFileReference; lastKnownFileType = text; path = detectOSVersionNewAndOld.txt; sourceTree = "<group>"; };
		F3CC1DF32E343C3A00611B60 /* dismiss.txt */ = {isa = PBXFileReference; lastKnownFileType = text; path = dismiss.txt; sourceTree = "<group>"; };
		F3CC1DF42E343C3A00611B60 /* dismissHideBackButton.txt */ = {isa = PBXFileReference; lastKnownFileType = text; path = dismissHideBackButton.txt; sourceTree = "<group>"; };
		F3CC1DF52E343C3A00611B60 /* divider.txt */ = {isa = PBXFileReference; lastKnownFileType = text; path = divider.txt; sourceTree = "<group>"; };
		F3CC1DF62E343C3A00611B60 /* emptyView.txt */ = {isa = PBXFileReference; lastKnownFileType = text; path = emptyView.txt; sourceTree = "<group>"; };
		F3CC1DF72E343C3A00611B60 /* emptyViewAnyView.txt */ = {isa = PBXFileReference; lastKnownFileType = text; path = emptyViewAnyView.txt; sourceTree = "<group>"; };
		F3CC1DF82E343C3A00611B60 /* gauges.txt */ = {isa = PBXFileReference; lastKnownFileType = text; path = gauges.txt; sourceTree = "<group>"; };
		F3CC1DF92E343C3A00611B60 /* gradient.txt */ = {isa = PBXFileReference; lastKnownFileType = text; path = gradient.txt; sourceTree = "<group>"; };
		F3CC1DFA2E343C3A00611B60 /* image.txt */ = {isa = PBXFileReference; lastKnownFileType = text; path = image.txt; sourceTree = "<group>"; };
		F3CC1DFB2E343C3A00611B60 /* mdBoldItalic.txt */ = {isa = PBXFileReference; lastKnownFileType = text; path = mdBoldItalic.txt; sourceTree = "<group>"; };
		F3CC1DFC2E343C3A00611B60 /* mdLink.txt */ = {isa = PBXFileReference; lastKnownFileType = text; path = mdLink.txt; sourceTree = "<group>"; };
		F3CC1DFD2E343C3A00611B60 /* mdMonospaced.txt */ = {isa = PBXFileReference; lastKnownFileType = text; path = mdMonospaced.txt; sourceTree = "<group>"; };
		F3CC1DFE2E343C3A00611B60 /* mdRegular.txt */ = {isa = PBXFileReference; lastKnownFileType = text; path = mdRegular.txt; sourceTree = "<group>"; };
		F3CC1DFF2E343C3A00611B60 /* mdStrikethrough.txt */ = {isa = PBXFileReference; lastKnownFileType = text; path = mdStrikethrough.txt; sourceTree = "<group>"; };
		F3CC1E002E343C3A00611B60 /* menu.txt */ = {isa = PBXFileReference; lastKnownFileType = text; path = menu.txt; sourceTree = "<group>"; };
		F3CC1E012E343C3A00611B60 /* picker.txt */ = {isa = PBXFileReference; lastKnownFileType = text; path = picker.txt; sourceTree = "<group>"; };
		F3CC1E022E343C3A00611B60 /* popover.txt */ = {isa = PBXFileReference; lastKnownFileType = text; path = popover.txt; sourceTree = "<group>"; };
		F3CC1E032E343C3A00611B60 /* sheet.txt */ = {isa = PBXFileReference; lastKnownFileType = text; path = sheet.txt; sourceTree = "<group>"; };
		F3CC1E042E343C3A00611B60 /* sheetBefore15.txt */ = {isa = PBXFileReference; lastKnownFileType = text; path = sheetBefore15.txt; sourceTree = "<group>"; };
		F3CC1E052E343C3A00611B60 /* slider.txt */ = {isa = PBXFileReference; lastKnownFileType = text; path = slider.txt; sourceTree = "<group>"; };
		F3CC1E062E343C3A00611B60 /* spacer.txt */ = {isa = PBXFileReference; lastKnownFileType = text; path = spacer.txt; sourceTree = "<group>"; };
		F3CC1E072E343C3A00611B60 /* stepper.txt */ = {isa = PBXFileReference; lastKnownFileType = text; path = stepper.txt; sourceTree = "<group>"; };
		F3CC1E082E343C3A00611B60 /* textEditor.txt */ = {isa = PBXFileReference; lastKnownFileType = text; path = textEditor.txt; sourceTree = "<group>"; };
		F3CC1E092E343C3A00611B60 /* textField.txt */ = {isa = PBXFileReference; lastKnownFileType = text; path = textField.txt; sourceTree = "<group>"; };
		F3CC1E0A2E343C3A00611B60 /* textFieldDisableAutocorrection.txt */ = {isa = PBXFileReference; lastKnownFileType = text; path = textFieldDisableAutocorrection.txt; sourceTree = "<group>"; };
		F3CC1E0B2E343C3A00611B60 /* textLineLimit.txt */ = {isa = PBXFileReference; lastKnownFileType = text; path = textLineLimit.txt; sourceTree = "<group>"; };
		F3CC1E0C2E343C3A00611B60 /* toggle.txt */ = {isa = PBXFileReference; lastKnownFileType = text; path = toggle.txt; sourceTree = "<group>"; };
		F3CC1E0D2E343C3A00611B60 /* toggleTint.txt */ = {isa = PBXFileReference; lastKnownFileType = text; path = toggleTint.txt; sourceTree = "<group>"; };
		F3D8C11B2B2BB51000C7B0A9 /* Sensory Feedback.swift */ = {isa = PBXFileReference; lastKnownFileType = sourcecode.swift; path = "Sensory Feedback.swift"; sourceTree = "<group>"; };
		F3EB1CB52C58FFE5007E6366 /* Hover Effects.swift */ = {isa = PBXFileReference; lastKnownFileType = sourcecode.swift; path = "Hover Effects.swift"; sourceTree = "<group>"; };
/* End PBXFileReference section */

/* Begin PBXFrameworksBuildPhase section */
		F3202C962D5596100030B3CC /* Frameworks */ = {
			isa = PBXFrameworksBuildPhase;
			files = (
				F3202CBB2D5596380030B3CC /* ScrechKit in Frameworks */,
			);
		};
		F3BBD9DB2AEECD3400A9F7E7 /* Frameworks */ = {
			isa = PBXFrameworksBuildPhase;
			files = (
				F3BBD9F72AEECE4000A9F7E7 /* ScrechKit in Frameworks */,
			);
		};
/* End PBXFrameworksBuildPhase section */

/* Begin PBXGroup section */
		F3146C4F2CF73B9E005D58B3 /* Hover */ = {
			isa = PBXGroup;
			children = (
				F3EB1CB52C58FFE5007E6366 /* Hover Effects.swift */,
			);
			path = Hover;
			sourceTree = "<group>";
		};
		F3146C502CF73BA5005D58B3 /* Fonts */ = {
			isa = PBXGroup;
			children = (
				F3146C4D2CF7382C005D58B3 /* Font List.swift */,
			);
			path = Fonts;
			sourceTree = "<group>";
		};
		F3146C6C2CF73DD6005D58B3 /* Materials */ = {
			isa = PBXGroup;
			children = (
				F3BBD9F32AEECD6C00A9F7E7 /* Materials View.swift */,
			);
			path = Materials;
			sourceTree = "<group>";
		};
		F3146C6D2CF73DE2005D58B3 /* Haptic */ = {
			isa = PBXGroup;
			children = (
				F3D8C11B2B2BB51000C7B0A9 /* Sensory Feedback.swift */,
			);
			path = Haptic;
			sourceTree = "<group>";
		};
		F314C7EF2E2E143F00F63B6A /* Experience */ = {
			isa = PBXGroup;
			children = (
				F35198F22E2B9F53004E0F02 /* ContinueButton.swift */,
				F35198F32E2B9F53004E0F02 /* ExperienceButton.swift */,
				F35198F42E2B9F53004E0F02 /* ExperiencePicker.swift */,
				F35198F52E2B9F53004E0F02 /* ExperiencePickerRow.swift */,
				F35198E82E2B9F53004E0F02 /* Experience.swift */,
			);
			path = Experience;
			sourceTree = "<group>";
		};
		F314C7F02E2E146100F63B6A /* Settings */ = {
			isa = PBXGroup;
			children = (
				F34480462E2D5D1900D18E2E /* SettingsView.swift */,
				F3AE99D82E2F861C00D70249 /* ColorTheme.swift */,
			);
			path = Settings;
			sourceTree = "<group>";
		};
		F314C7F42E2E1E7200F63B6A /* Content */ = {
			isa = PBXGroup;
			children = (
				F314C7FB2E2E2A7C00F63B6A /* Text */,
				F314C8082E2E458B00F63B6A /* TopicTextField.swift */,
				F314C80B2E2E486200F63B6A /* TopicTextEditor.swift */,
				F314C80E2E2E4A0100F63B6A /* TopicImage.swift */,
				F314C8112E2E4B6A00F63B6A /* TopicSFSymbols.swift */,
				F314C8142E2E4B8700F63B6A /* TopicLabel.swift */,
				F314C81A2E2E4BB900F63B6A /* TopicShape.swift */,
				F314C8172E2E4BB600F63B6A /* TopicDivider.swift */,
				F314C81D2E2E4BBA00F63B6A /* TopicCustomKeyboard.swift */,
			);
			path = Content;
			sourceTree = "<group>";
		};
		F314C7FB2E2E2A7C00F63B6A /* Text */ = {
			isa = PBXGroup;
			children = (
				F314C7F52E2E1E7900F63B6A /* TopicText.swift */,
				F314C7FF2E2E2A9400F63B6A /* FontSizeItem.swift */,
				F314C8022E2E2AA800F63B6A /* FontWeightItem.swift */,
				F314C8052E2E2D4A00F63B6A /* FontDesignItem.swift */,
				F314C7FC2E2E2A8400F63B6A /* Models.swift */,
			);
			path = Text;
			sourceTree = "<group>";
		};
		F314C8552E2E662800F63B6A /* Design */ = {
			isa = PBXGroup;
			children = (
				F314C8562E2E663500F63B6A /* TopicColor.swift */,
				F314C8592E2E665600F63B6A /* TopicGradient.swift */,
			);
			path = Design;
			sourceTree = "<group>";
		};
		F3202CB32D5596210030B3CC /* visionOS */ = {
			isa = PBXGroup;
			children = (
				F3202CB22D5596210030B3CC /* visionOS.plist */,
				F3202CAF2D5596210030B3CC /* Assets.xcassets */,
			);
			path = visionOS;
			sourceTree = "<group>";
		};
		F3202CB92D5596380030B3CC /* Frameworks */ = {
			isa = PBXGroup;
			children = (
			);
			name = Frameworks;
			sourceTree = "<group>";
		};
		F3202CC32D55975E0030B3CC /* Gauges */ = {
			isa = PBXGroup;
			children = (
				F3BE40BE2D1387FE00B7AD35 /* Gauges View.swift */,
				F35198462E2AECAA004E0F02 /* Gauge Card.swift */,
			);
			path = Gauges;
			sourceTree = "<group>";
		};
		F34480302E2CD3FF00D18E2E /* System */ = {
			isa = PBXGroup;
			children = (
				F34480312E2CD41100D18E2E /* TopicDarkMode.swift */,
				F3378F9C2E2E68DF00A31D7F /* TopicDetectOSVersion.swift */,
				F388D19B2E3AB43A002A1128 /* TopicLowPowerMode.swift */,
			);
			path = System;
			sourceTree = "<group>";
		};
		F34480342E2D217600D18E2E /* View */ = {
			isa = PBXGroup;
			children = (
				F314C83A2E2E540800F63B6A /* TopicSheet.swift */,
				F314C83D2E2E555600F63B6A /* TopicAlert.swift */,
				F314C8522E2E65F000F63B6A /* TopicPopover.swift */,
				F34480352E2D218400D18E2E /* TopicEmptyView.swift */,
				F3202C932D55952F0030B3CC /* AppStoreOverlay.swift */,
			);
			path = View;
			sourceTree = "<group>";
		};
		F34480382E2D224E00D18E2E /* Layout */ = {
			isa = PBXGroup;
			children = (
				F34480392E2D225A00D18E2E /* TopicSpacer.swift */,
			);
			path = Layout;
			sourceTree = "<group>";
		};
		F34480422E2D548500D18E2E /* Control */ = {
			isa = PBXGroup;
			children = (
				F314C8342E2E538200F63B6A /* TopicButton.swift */,
				F314C8312E2E536F00F63B6A /* TopicMenu.swift */,
				F314C8372E2E53A100F63B6A /* TopicContextMenu.swift */,
				F34480432E2D548F00D18E2E /* TopicToggle.swift */,
				F314C8432E2E654C00F63B6A /* TopicSlider.swift */,
				F314C84C2E2E657300F63B6A /* TopicStepper.swift */,
				F314C84F2E2E657400F63B6A /* TopicPicker.swift */,
			);
			path = Control;
			sourceTree = "<group>";
		};
		F35198492E2AECCF004E0F02 /* To be checked */ = {
			isa = PBXGroup;
			children = (
				F30207CD2D8B001300C26008 /* Markdown.swift */,
				F3ADA6182D9C03EC00F2DAA6 /* Loc */,
				F3146C502CF73BA5005D58B3 /* Fonts */,
				F3146C4F2CF73B9E005D58B3 /* Hover */,
				F3146C6C2CF73DD6005D58B3 /* Materials */,
				F3146C6D2CF73DE2005D58B3 /* Haptic */,
				F32E88D42AF856E400959D49 /* Journal View.swift */,
				F3BBD9F82AEED4BC00A9F7E7 /* Image Picker View.swift */,
				F3BBD9FA2AEED4CE00A9F7E7 /* Image Picker.swift */,
				F37916ED2AF14A7A00B880AF /* Image Picker 2.swift */,
			);
			path = "To be checked";
			sourceTree = "<group>";
		};
		F35198C62E2B7E73004E0F02 /* Code Block */ = {
			isa = PBXGroup;
			children = (
				F351984D2E2AF689004E0F02 /* Code Block.swift */,
				F35198C32E2B7E56004E0F02 /* Simple Code Block View.swift */,
				F35198C02E2B7E34004E0F02 /* Attributed Code String.swift */,
				F3CC1E0E2E343C3A00611B60 /* Code Blocks */,
			);
			path = "Code Block";
			sourceTree = "<group>";
		};
		F35198EC2E2B9F53004E0F02 /* Models */ = {
			isa = PBXGroup;
			children = (
				F35198E62E2B9F53004E0F02 /* Category.swift */,
				F35198EB2E2B9F53004E0F02 /* Topic.swift */,
			);
			path = Models;
			sourceTree = "<group>";
		};
		F35198F12E2B9F53004E0F02 /* Nav */ = {
			isa = PBXGroup;
			children = (
				F35198ED2E2B9F53004E0F02 /* NavContainer.swift */,
				F35198EE2E2B9F53004E0F02 /* StackContentView.swift */,
				F31653B82E3C0A4E00A0E9D7 /* StackTopicList.swift */,
				F31653B52E3C0A1000A0E9D7 /* FavoritesList.swift */,
				F314C7F12E2E1C1800F63B6A /* TopicLinkLabel.swift */,
				F35198F02E2B9F53004E0F02 /* TwoColumnContentView.swift */,
				F35198FC2E2B9F53004E0F02 /* Topic */,
				F314C7EF2E2E143F00F63B6A /* Experience */,
			);
			path = Nav;
			sourceTree = "<group>";
		};
		F35198FC2E2B9F53004E0F02 /* Topic */ = {
			isa = PBXGroup;
			children = (
				F35198F82E2B9F53004E0F02 /* TopicGrid.swift */,
				F35198F72E2B9F53004E0F02 /* TopicDetail.swift */,
				F35198FB2E2B9F53004E0F02 /* TopicTile.swift */,
			);
			path = Topic;
			sourceTree = "<group>";
		};
		F388D19E2E3AB516002A1128 /* System */ = {
			isa = PBXGroup;
			children = (
				F3CC1DF02E343C3A00611B60 /* darkMode.txt */,
				F3CC1DF12E343C3A00611B60 /* detectOSVersion.txt */,
				F3CC1DF22E343C3A00611B60 /* detectOSVersionNewAndOld.txt */,
				F388D19F2E3AB51C002A1128 /* lowPowerMode.txt */,
			);
			path = System;
			sourceTree = "<group>";
		};
		F3ADA6182D9C03EC00F2DAA6 /* Loc */ = {
			isa = PBXGroup;
			children = (
				F3ADA6152D9C03E700F2DAA6 /* Plural Translation.swift */,
			);
			path = Loc;
			sourceTree = "<group>";
		};
		F3BBD9D52AEECD3400A9F7E7 = {
			isa = PBXGroup;
			children = (
				F30070012E2F0B9A00E76725 /* README.md */,
				F3BBD9E02AEECD3400A9F7E7 /* iOS */,
				F3202CB32D5596210030B3CC /* visionOS */,
				F3202CB92D5596380030B3CC /* Frameworks */,
				F3BBD9DF2AEECD3400A9F7E7 /* Products */,
			);
			sourceTree = "<group>";
		};
		F3BBD9DF2AEECD3400A9F7E7 /* Products */ = {
			isa = PBXGroup;
			children = (
				F3BBD9DE2AEECD3400A9F7E7 /* iOS.app */,
				F3202C992D5596100030B3CC /* visionOS.app */,
			);
			name = Products;
			sourceTree = "<group>";
		};
		F3BBD9E02AEECD3400A9F7E7 /* iOS */ = {
			isa = PBXGroup;
			children = (
				F3BBD9E12AEECD3400A9F7E7 /* Master SwiftUI.swift */,
				F35198F12E2B9F53004E0F02 /* Nav */,
				F3BBD9ED2AEECD3500A9F7E7 /* iOS.plist */,
				F3BBD9E92AEECD3500A9F7E7 /* iOS.entitlements */,
				F3ADA6192D9C04C800F2DAA6 /* Localizable.xcstrings */,
				F3BBD9E72AEECD3500A9F7E7 /* Assets.xcassets */,
				F314C8252E2E52A200F63B6A /* ValueStore.swift */,
				F35198E72E2B9F53004E0F02 /* DataModel.swift */,
				F35198EA2E2B9F53004E0F02 /* NavModel.swift */,
				F35198EC2E2B9F53004E0F02 /* Models */,
				F3BF16DF2E2C779E005212D1 /* Topics */,
				F35198C62E2B7E73004E0F02 /* Code Block */,
				F314C7F02E2E146100F63B6A /* Settings */,
				F3202CC32D55975E0030B3CC /* Gauges */,
				F35198492E2AECCF004E0F02 /* To be checked */,
			);
			path = iOS;
			sourceTree = "<group>";
		};
		F3BF16DF2E2C779E005212D1 /* Topics */ = {
			isa = PBXGroup;
			children = (
				F3BF16D92E2C76A8005212D1 /* ContentView.swift */,
				F3BF16E12E2C7D1C005212D1 /* TopicHeading.swift */,
				F3BF16E52E2CCDEE005212D1 /* TopicDocs.swift */,
				F330586B2E3A9A4F0099CEB7 /* TopicDocsCard.swift */,
				F330586E2E3A9B250099CEB7 /* TopicDocsCardImage.swift */,
				F344803F2E2D4E0500D18E2E /* TopicActionButton.swift */,
				F314C7F82E2E1F0F00F63B6A /* TopicDisclosureGroup.swift */,
				F314C7F42E2E1E7200F63B6A /* Content */,
				F34480422E2D548500D18E2E /* Control */,
				F34480342E2D217600D18E2E /* View */,
				F34480382E2D224E00D18E2E /* Layout */,
				F3BF16E42E2CCDE8005212D1 /* Nav */,
				F314C8552E2E662800F63B6A /* Design */,
				F34480302E2CD3FF00D18E2E /* System */,
			);
			path = Topics;
			sourceTree = "<group>";
		};
		F3BF16E42E2CCDE8005212D1 /* Nav */ = {
			isa = PBXGroup;
			children = (
				F3BF16DC2E2C7717005212D1 /* TopicDismiss.swift */,
			);
			path = Nav;
			sourceTree = "<group>";
		};
		F3CC1E0E2E343C3A00611B60 /* Code Blocks */ = {
			isa = PBXGroup;
			children = (
				F3CC1DEA2E343C3A00611B60 /* alert.txt */,
				F3CC1DEB2E343C3A00611B60 /* appStoreOverlay.txt */,
				F3CC1DEC2E343C3A00611B60 /* button.txt */,
				F3CC1DED2E343C3A00611B60 /* buttonCustom.txt */,
				F3CC1DEE2E343C3A00611B60 /* color.txt */,
				F3CC1DEF2E343C3A00611B60 /* contextMenu.txt */,
				F3CC1DF32E343C3A00611B60 /* dismiss.txt */,
				F3CC1DF42E343C3A00611B60 /* dismissHideBackButton.txt */,
				F3CC1DF52E343C3A00611B60 /* divider.txt */,
				F3CC1DF62E343C3A00611B60 /* emptyView.txt */,
				F3CC1DF72E343C3A00611B60 /* emptyViewAnyView.txt */,
				F3CC1DF82E343C3A00611B60 /* gauges.txt */,
				F3CC1DF92E343C3A00611B60 /* gradient.txt */,
				F3CC1DFA2E343C3A00611B60 /* image.txt */,
				F3CC1DFB2E343C3A00611B60 /* mdBoldItalic.txt */,
				F3CC1DFC2E343C3A00611B60 /* mdLink.txt */,
				F3CC1DFD2E343C3A00611B60 /* mdMonospaced.txt */,
				F3CC1DFE2E343C3A00611B60 /* mdRegular.txt */,
				F3CC1DFF2E343C3A00611B60 /* mdStrikethrough.txt */,
				F3CC1E002E343C3A00611B60 /* menu.txt */,
				F3CC1E012E343C3A00611B60 /* picker.txt */,
				F3CC1E022E343C3A00611B60 /* popover.txt */,
				F3CC1E032E343C3A00611B60 /* sheet.txt */,
				F3CC1E042E343C3A00611B60 /* sheetBefore15.txt */,
				F3CC1E052E343C3A00611B60 /* slider.txt */,
				F3CC1E062E343C3A00611B60 /* spacer.txt */,
				F3CC1E072E343C3A00611B60 /* stepper.txt */,
				F3CC1E082E343C3A00611B60 /* textEditor.txt */,
				F3CC1E092E343C3A00611B60 /* textField.txt */,
				F3CC1E0A2E343C3A00611B60 /* textFieldDisableAutocorrection.txt */,
				F3CC1E0B2E343C3A00611B60 /* textLineLimit.txt */,
				F3CC1E0C2E343C3A00611B60 /* toggle.txt */,
				F3CC1E0D2E343C3A00611B60 /* toggleTint.txt */,
				F388D19E2E3AB516002A1128 /* System */,
			);
			path = "Code Blocks";
			sourceTree = "<group>";
		};
/* End PBXGroup section */

/* Begin PBXNativeTarget section */
		F3202C982D5596100030B3CC /* visionOS */ = {
			isa = PBXNativeTarget;
			buildConfigurationList = F3202CAA2D5596100030B3CC /* Build configuration list for PBXNativeTarget "visionOS" */;
			buildPhases = (
				F3202C952D5596100030B3CC /* Sources */,
				F3202C962D5596100030B3CC /* Frameworks */,
				F3202C972D5596100030B3CC /* Resources */,
			);
			buildRules = (
			);
			name = visionOS;
			packageProductDependencies = (
				F3202CBA2D5596380030B3CC /* ScrechKit */,
			);
			productName = "Everything SwiftUI visionOS";
			productReference = F3202C992D5596100030B3CC /* visionOS.app */;
			productType = "com.apple.product-type.application";
		};
		F3BBD9DD2AEECD3400A9F7E7 /* iOS */ = {
			isa = PBXNativeTarget;
			buildConfigurationList = F3BBD9F02AEECD3500A9F7E7 /* Build configuration list for PBXNativeTarget "iOS" */;
			buildPhases = (
				F3BBD9DA2AEECD3400A9F7E7 /* Sources */,
				F3BBD9DB2AEECD3400A9F7E7 /* Frameworks */,
				F3BBD9DC2AEECD3400A9F7E7 /* Resources */,
			);
			buildRules = (
			);
			name = iOS;
			packageProductDependencies = (
				F3BBD9F62AEECE4000A9F7E7 /* ScrechKit */,
			);
			productName = "Everything SwiftUI";
			productReference = F3BBD9DE2AEECD3400A9F7E7 /* iOS.app */;
			productType = "com.apple.product-type.application";
		};
/* End PBXNativeTarget section */

/* Begin PBXProject section */
		F3BBD9D62AEECD3400A9F7E7 /* Project object */ = {
			isa = PBXProject;
			attributes = {
				BuildIndependentTargetsInParallel = 1;
				LastSwiftUpdateCheck = 1620;
				LastUpgradeCheck = 2600;
				TargetAttributes = {
					F3202C982D5596100030B3CC = {
						CreatedOnToolsVersion = 16.2;
					};
					F3BBD9DD2AEECD3400A9F7E7 = {
						CreatedOnToolsVersion = 15.1;
					};
				};
			};
			buildConfigurationList = F3BBD9D92AEECD3400A9F7E7 /* Build configuration list for PBXProject "Master SwiftUI" */;
			developmentRegion = en;
			hasScannedForEncodings = 0;
			knownRegions = (
				en,
				Base,
				ru,
				nl,
			);
			mainGroup = F3BBD9D52AEECD3400A9F7E7;
			packageReferences = (
				F3BBD9F52AEECE4000A9F7E7 /* XCRemoteSwiftPackageReference "ScrechKit" */,
			);
			preferredProjectObjectVersion = 90;
			productRefGroup = F3BBD9DF2AEECD3400A9F7E7 /* Products */;
			projectDirPath = "";
			projectRoot = "";
			targets = (
				F3BBD9DD2AEECD3400A9F7E7 /* iOS */,
				F3202C982D5596100030B3CC /* visionOS */,
			);
		};
/* End PBXProject section */

/* Begin PBXResourcesBuildPhase section */
		F3202C972D5596100030B3CC /* Resources */ = {
			isa = PBXResourcesBuildPhase;
			files = (
				F3CC1E332E343C3A00611B60 /* detectOSVersionNewAndOld.txt in Resources */,
				F3CC1E342E343C3A00611B60 /* slider.txt in Resources */,
				F3CC1E352E343C3A00611B60 /* textFieldDisableAutocorrection.txt in Resources */,
				F3CC1E362E343C3A00611B60 /* color.txt in Resources */,
				F3CC1E372E343C3A00611B60 /* mdMonospaced.txt in Resources */,
				F3CC1E382E343C3A00611B60 /* image.txt in Resources */,
				F3CC1E392E343C3A00611B60 /* textLineLimit.txt in Resources */,
				F3CC1E3A2E343C3A00611B60 /* alert.txt in Resources */,
				F3CC1E3B2E343C3A00611B60 /* spacer.txt in Resources */,
				F3CC1E3C2E343C3A00611B60 /* sheetBefore15.txt in Resources */,
				F3CC1E3D2E343C3A00611B60 /* dismissHideBackButton.txt in Resources */,
				F3CC1E3E2E343C3A00611B60 /* emptyViewAnyView.txt in Resources */,
				F3CC1E3F2E343C3A00611B60 /* emptyView.txt in Resources */,
				F3CC1E402E343C3A00611B60 /* contextMenu.txt in Resources */,
				F3CC1E412E343C3A00611B60 /* textEditor.txt in Resources */,
				F3CC1E422E343C3A00611B60 /* divider.txt in Resources */,
				F3CC1E432E343C3A00611B60 /* gradient.txt in Resources */,
				F3CC1E442E343C3A00611B60 /* darkMode.txt in Resources */,
				F3CC1E452E343C3A00611B60 /* button.txt in Resources */,
				F3CC1E462E343C3A00611B60 /* mdStrikethrough.txt in Resources */,
				F3CC1E472E343C3A00611B60 /* stepper.txt in Resources */,
				F3CC1E482E343C3A00611B60 /* dismiss.txt in Resources */,
				F3CC1E492E343C3A00611B60 /* popover.txt in Resources */,
				F3CC1E4A2E343C3A00611B60 /* appStoreOverlay.txt in Resources */,
				F3CC1E4B2E343C3A00611B60 /* picker.txt in Resources */,
				F388D1A12E3AB51C002A1128 /* lowPowerMode.txt in Resources */,
				F3CC1E4C2E343C3A00611B60 /* mdBoldItalic.txt in Resources */,
				F3CC1E4D2E343C3A00611B60 /* toggleTint.txt in Resources */,
				F3CC1E4E2E343C3A00611B60 /* buttonCustom.txt in Resources */,
				F3CC1E4F2E343C3A00611B60 /* menu.txt in Resources */,
				F3CC1E502E343C3A00611B60 /* mdRegular.txt in Resources */,
				F3CC1E512E343C3A00611B60 /* sheet.txt in Resources */,
				F3CC1E522E343C3A00611B60 /* detectOSVersion.txt in Resources */,
				F3CC1E532E343C3A00611B60 /* toggle.txt in Resources */,
				F3CC1E542E343C3A00611B60 /* gauges.txt in Resources */,
				F3CC1E552E343C3A00611B60 /* mdLink.txt in Resources */,
				F3CC1E562E343C3A00611B60 /* textField.txt in Resources */,
				F3202CC82D55978A0030B3CC /* Assets.xcassets in Resources */,
				F3202CB72D5596210030B3CC /* Assets.xcassets in Resources */,
				F3ADA61B2D9C04C800F2DAA6 /* Localizable.xcstrings in Resources */,
			);
		};
		F3BBD9DC2AEECD3400A9F7E7 /* Resources */ = {
			isa = PBXResourcesBuildPhase;
			files = (
				F3CC1E0F2E343C3A00611B60 /* detectOSVersionNewAndOld.txt in Resources */,
				F3CC1E102E343C3A00611B60 /* slider.txt in Resources */,
				F3CC1E112E343C3A00611B60 /* textFieldDisableAutocorrection.txt in Resources */,
				F3CC1E122E343C3A00611B60 /* color.txt in Resources */,
				F3CC1E132E343C3A00611B60 /* mdMonospaced.txt in Resources */,
				F3CC1E142E343C3A00611B60 /* image.txt in Resources */,
				F3CC1E152E343C3A00611B60 /* textLineLimit.txt in Resources */,
				F3CC1E162E343C3A00611B60 /* alert.txt in Resources */,
				F3CC1E172E343C3A00611B60 /* spacer.txt in Resources */,
				F3CC1E182E343C3A00611B60 /* sheetBefore15.txt in Resources */,
				F3CC1E192E343C3A00611B60 /* dismissHideBackButton.txt in Resources */,
				F3CC1E1A2E343C3A00611B60 /* emptyViewAnyView.txt in Resources */,
				F3CC1E1B2E343C3A00611B60 /* emptyView.txt in Resources */,
				F3CC1E1C2E343C3A00611B60 /* contextMenu.txt in Resources */,
				F3CC1E1D2E343C3A00611B60 /* textEditor.txt in Resources */,
				F3CC1E1E2E343C3A00611B60 /* divider.txt in Resources */,
				F3CC1E1F2E343C3A00611B60 /* gradient.txt in Resources */,
				F3CC1E202E343C3A00611B60 /* darkMode.txt in Resources */,
				F3CC1E212E343C3A00611B60 /* button.txt in Resources */,
				F388D1A02E3AB51C002A1128 /* lowPowerMode.txt in Resources */,
				F3CC1E222E343C3A00611B60 /* mdStrikethrough.txt in Resources */,
				F3CC1E232E343C3A00611B60 /* stepper.txt in Resources */,
				F3CC1E242E343C3A00611B60 /* dismiss.txt in Resources */,
				F3CC1E252E343C3A00611B60 /* popover.txt in Resources */,
				F3CC1E262E343C3A00611B60 /* appStoreOverlay.txt in Resources */,
				F3CC1E272E343C3A00611B60 /* picker.txt in Resources */,
				F3CC1E282E343C3A00611B60 /* mdBoldItalic.txt in Resources */,
				F3CC1E292E343C3A00611B60 /* toggleTint.txt in Resources */,
				F3CC1E2A2E343C3A00611B60 /* buttonCustom.txt in Resources */,
				F3CC1E2B2E343C3A00611B60 /* menu.txt in Resources */,
				F3CC1E2C2E343C3A00611B60 /* mdRegular.txt in Resources */,
				F3CC1E2D2E343C3A00611B60 /* sheet.txt in Resources */,
				F3CC1E2E2E343C3A00611B60 /* detectOSVersion.txt in Resources */,
				F3CC1E2F2E343C3A00611B60 /* toggle.txt in Resources */,
				F3CC1E302E343C3A00611B60 /* gauges.txt in Resources */,
				F3CC1E312E343C3A00611B60 /* mdLink.txt in Resources */,
				F3CC1E322E343C3A00611B60 /* textField.txt in Resources */,
				F3ADA61A2D9C04C800F2DAA6 /* Localizable.xcstrings in Resources */,
				F3BBD9E82AEECD3500A9F7E7 /* Assets.xcassets in Resources */,
			);
		};
/* End PBXResourcesBuildPhase section */

/* Begin PBXSourcesBuildPhase section */
		F3202C952D5596100030B3CC /* Sources */ = {
			isa = PBXSourcesBuildPhase;
			files = (
				F3202CC22D5597490030B3CC /* Master SwiftUI.swift in Sources */,
				F3202CBE2D5597310030B3CC /* Font List.swift in Sources */,
				F314C8452E2E654C00F63B6A /* TopicSlider.swift in Sources */,
				F34480322E2CD41100D18E2E /* TopicDarkMode.swift in Sources */,
				F3202CBD2D5597180030B3CC /* Hover Effects.swift in Sources */,
				F31653B92E3C0A4E00A0E9D7 /* StackTopicList.swift in Sources */,
				F3202CC52D55977A0030B3CC /* Image Picker.swift in Sources */,
				F314C7FD2E2E2A8400F63B6A /* Models.swift in Sources */,
				F314C7F62E2E1E7900F63B6A /* TopicText.swift in Sources */,
				F314C8332E2E536F00F63B6A /* TopicMenu.swift in Sources */,
				F314C8572E2E663500F63B6A /* TopicColor.swift in Sources */,
				F314C8042E2E2AA800F63B6A /* FontWeightItem.swift in Sources */,
				F34480372E2D218400D18E2E /* TopicEmptyView.swift in Sources */,
				F35198C22E2B7E34004E0F02 /* Attributed Code String.swift in Sources */,
				F33058702E3A9B250099CEB7 /* TopicDocsCardImage.swift in Sources */,
				F314C7F32E2E1C1800F63B6A /* TopicLinkLabel.swift in Sources */,
				F314C8542E2E65F000F63B6A /* TopicPopover.swift in Sources */,
				F314C7FA2E2E1F0F00F63B6A /* TopicDisclosureGroup.swift in Sources */,
				F3202CC62D55977A0030B3CC /* Image Picker 2.swift in Sources */,
				F314C81F2E2E4BBA00F63B6A /* TopicCustomKeyboard.swift in Sources */,
				F35198C42E2B7E56004E0F02 /* Simple Code Block View.swift in Sources */,
				F314C8002E2E2A9400F63B6A /* FontSizeItem.swift in Sources */,
				F35198482E2AECAA004E0F02 /* Gauge Card.swift in Sources */,
				F388D19D2E3AB43A002A1128 /* TopicLowPowerMode.swift in Sources */,
				F3202CC72D55977A0030B3CC /* Image Picker View.swift in Sources */,
				F314C8262E2E52A200F63B6A /* ValueStore.swift in Sources */,
				F34480482E2D5D1900D18E2E /* SettingsView.swift in Sources */,
				F314C85B2E2E665600F63B6A /* TopicGradient.swift in Sources */,
				F30207CE2D8B001300C26008 /* Markdown.swift in Sources */,
				F351984F2E2AF689004E0F02 /* Code Block.swift in Sources */,
				F3202CC42D5597640030B3CC /* Gauges View.swift in Sources */,
				F314C8192E2E4BB600F63B6A /* TopicDivider.swift in Sources */,
				F314C8162E2E4B8700F63B6A /* TopicLabel.swift in Sources */,
				F314C8362E2E538200F63B6A /* TopicButton.swift in Sources */,
				F3ADA6172D9C03E700F2DAA6 /* Plural Translation.swift in Sources */,
				F314C83C2E2E540800F63B6A /* TopicSheet.swift in Sources */,
				F35198FD2E2B9F53004E0F02 /* Topic.swift in Sources */,
				F3378F9E2E2E68DF00A31D7F /* TopicDetectOSVersion.swift in Sources */,
				F330586C2E3A9A4F0099CEB7 /* TopicDocsCard.swift in Sources */,
				F35198FE2E2B9F53004E0F02 /* ExperienceButton.swift in Sources */,
				F314C8132E2E4B6A00F63B6A /* TopicSFSymbols.swift in Sources */,
				F35198FF2E2B9F53004E0F02 /* ExperiencePickerRow.swift in Sources */,
				F35199002E2B9F53004E0F02 /* TopicDetail.swift in Sources */,
				F314C81C2E2E4BB900F63B6A /* TopicShape.swift in Sources */,
				F3BF16E32E2C7D1C005212D1 /* TopicHeading.swift in Sources */,
				F35199022E2B9F53004E0F02 /* NavModel.swift in Sources */,
				F3AE99DA2E2F861C00D70249 /* ColorTheme.swift in Sources */,
				F344803A2E2D225A00D18E2E /* TopicSpacer.swift in Sources */,
				F35199052E2B9F53004E0F02 /* NavContainer.swift in Sources */,
				F35199062E2B9F53004E0F02 /* TwoColumnContentView.swift in Sources */,
				F314C83F2E2E555600F63B6A /* TopicAlert.swift in Sources */,
				F314C80A2E2E458B00F63B6A /* TopicTextField.swift in Sources */,
				F3BF16DE2E2C7717005212D1 /* TopicDismiss.swift in Sources */,
				F3BF16DB2E2C76A8005212D1 /* ContentView.swift in Sources */,
				F31653B72E3C0A1000A0E9D7 /* FavoritesList.swift in Sources */,
				F314C8392E2E53A100F63B6A /* TopicContextMenu.swift in Sources */,
				F34480412E2D4E0500D18E2E /* TopicActionButton.swift in Sources */,
				F314C80D2E2E486200F63B6A /* TopicTextEditor.swift in Sources */,
				F314C80F2E2E4A0100F63B6A /* TopicImage.swift in Sources */,
				F35199072E2B9F53004E0F02 /* TopicGrid.swift in Sources */,
				F35199082E2B9F53004E0F02 /* ExperiencePicker.swift in Sources */,
				F351990A2E2B9F53004E0F02 /* DataModel.swift in Sources */,
				F314C8512E2E657400F63B6A /* TopicPicker.swift in Sources */,
				F314C8072E2E2D4A00F63B6A /* FontDesignItem.swift in Sources */,
				F3BF16E72E2CCDEE005212D1 /* TopicDocs.swift in Sources */,
				F314C84E2E2E657300F63B6A /* TopicStepper.swift in Sources */,
				F351990B2E2B9F53004E0F02 /* ContinueButton.swift in Sources */,
				F351990D2E2B9F53004E0F02 /* StackContentView.swift in Sources */,
				F34480442E2D548F00D18E2E /* TopicToggle.swift in Sources */,
				F351990E2E2B9F53004E0F02 /* Category.swift in Sources */,
				F351990F2E2B9F53004E0F02 /* Experience.swift in Sources */,
				F35199102E2B9F53004E0F02 /* TopicTile.swift in Sources */,
				F3202CC02D5597400030B3CC /* AppStoreOverlay.swift in Sources */,
			);
		};
		F3BBD9DA2AEECD3400A9F7E7 /* Sources */ = {
			isa = PBXSourcesBuildPhase;
			files = (
				F30207CF2D8B001300C26008 /* Markdown.swift in Sources */,
				F34480472E2D5D1900D18E2E /* SettingsView.swift in Sources */,
				F3EB1CB62C58FFE5007E6366 /* Hover Effects.swift in Sources */,
				F37916EE2AF14A7A00B880AF /* Image Picker 2.swift in Sources */,
				F32E88D52AF856E400959D49 /* Journal View.swift in Sources */,
				F3BF16DD2E2C7717005212D1 /* TopicDismiss.swift in Sources */,
				F314C7F92E2E1F0F00F63B6A /* TopicDisclosureGroup.swift in Sources */,
				F35198472E2AECAA004E0F02 /* Gauge Card.swift in Sources */,
				F314C81E2E2E4BBA00F63B6A /* TopicCustomKeyboard.swift in Sources */,
				F314C7FE2E2E2A8400F63B6A /* Models.swift in Sources */,
				F314C81B2E2E4BB900F63B6A /* TopicShape.swift in Sources */,
				F3BF16E62E2CCDEE005212D1 /* TopicDocs.swift in Sources */,
				F35199112E2B9F53004E0F02 /* Topic.swift in Sources */,
				F314C8102E2E4A0100F63B6A /* TopicImage.swift in Sources */,
				F314C8322E2E536F00F63B6A /* TopicMenu.swift in Sources */,
				F35199122E2B9F53004E0F02 /* ExperienceButton.swift in Sources */,
				F35199132E2B9F53004E0F02 /* ExperiencePickerRow.swift in Sources */,
				F35199142E2B9F53004E0F02 /* TopicDetail.swift in Sources */,
				F314C83B2E2E540800F63B6A /* TopicSheet.swift in Sources */,
				F3AE99D92E2F861C00D70249 /* ColorTheme.swift in Sources */,
				F314C7F72E2E1E7900F63B6A /* TopicText.swift in Sources */,
				F3BF16DA2E2C76A8005212D1 /* ContentView.swift in Sources */,
				F314C8032E2E2AA800F63B6A /* FontWeightItem.swift in Sources */,
				F35199162E2B9F53004E0F02 /* NavModel.swift in Sources */,
				F314C8272E2E52A200F63B6A /* ValueStore.swift in Sources */,
				F35199192E2B9F53004E0F02 /* NavContainer.swift in Sources */,
				F351991A2E2B9F53004E0F02 /* TwoColumnContentView.swift in Sources */,
				F314C85A2E2E665600F63B6A /* TopicGradient.swift in Sources */,
				F314C8382E2E53A100F63B6A /* TopicContextMenu.swift in Sources */,
				F351991B2E2B9F53004E0F02 /* TopicGrid.swift in Sources */,
				F351991C2E2B9F53004E0F02 /* ExperiencePicker.swift in Sources */,
				F351991E2E2B9F53004E0F02 /* DataModel.swift in Sources */,
				F31653BA2E3C0A4E00A0E9D7 /* StackTopicList.swift in Sources */,
				F351991F2E2B9F53004E0F02 /* ContinueButton.swift in Sources */,
				F314C8152E2E4B8700F63B6A /* TopicLabel.swift in Sources */,
				F314C8062E2E2D4A00F63B6A /* FontDesignItem.swift in Sources */,
				F34480452E2D548F00D18E2E /* TopicToggle.swift in Sources */,
				F35199212E2B9F53004E0F02 /* StackContentView.swift in Sources */,
				F35199222E2B9F53004E0F02 /* Category.swift in Sources */,
				F314C8502E2E657400F63B6A /* TopicPicker.swift in Sources */,
				F314C8012E2E2A9400F63B6A /* FontSizeItem.swift in Sources */,
				F314C83E2E2E555600F63B6A /* TopicAlert.swift in Sources */,
				F314C8352E2E538200F63B6A /* TopicButton.swift in Sources */,
				F35199232E2B9F53004E0F02 /* Experience.swift in Sources */,
				F35199242E2B9F53004E0F02 /* TopicTile.swift in Sources */,
				F3202C942D55952F0030B3CC /* AppStoreOverlay.swift in Sources */,
				F3146C4E2CF7382C005D58B3 /* Font List.swift in Sources */,
				F3378F9D2E2E68DF00A31D7F /* TopicDetectOSVersion.swift in Sources */,
				F3BBD9E22AEECD3400A9F7E7 /* Master SwiftUI.swift in Sources */,
				F314C80C2E2E486200F63B6A /* TopicTextEditor.swift in Sources */,
				F314C8582E2E663500F63B6A /* TopicColor.swift in Sources */,
				F314C8122E2E4B6A00F63B6A /* TopicSFSymbols.swift in Sources */,
				F3BBD9FB2AEED4CE00A9F7E7 /* Image Picker.swift in Sources */,
				F34480362E2D218400D18E2E /* TopicEmptyView.swift in Sources */,
				F34480402E2D4E0500D18E2E /* TopicActionButton.swift in Sources */,
				F3BF16E22E2C7D1C005212D1 /* TopicHeading.swift in Sources */,
				F35198C52E2B7E56004E0F02 /* Simple Code Block View.swift in Sources */,
				F330586F2E3A9B250099CEB7 /* TopicDocsCardImage.swift in Sources */,
				F3D8C11C2B2BB51000C7B0A9 /* Sensory Feedback.swift in Sources */,
				F330586D2E3A9A4F0099CEB7 /* TopicDocsCard.swift in Sources */,
				F3BE40BF2D1387FE00B7AD35 /* Gauges View.swift in Sources */,
				F3BBD9F42AEECD6C00A9F7E7 /* Materials View.swift in Sources */,
				F3ADA6162D9C03E700F2DAA6 /* Plural Translation.swift in Sources */,
				F314C8442E2E654C00F63B6A /* TopicSlider.swift in Sources */,
				F314C8532E2E65F000F63B6A /* TopicPopover.swift in Sources */,
				F314C7F22E2E1C1800F63B6A /* TopicLinkLabel.swift in Sources */,
				F31653B62E3C0A1000A0E9D7 /* FavoritesList.swift in Sources */,
				F314C8092E2E458B00F63B6A /* TopicTextField.swift in Sources */,
				F314C84D2E2E657300F63B6A /* TopicStepper.swift in Sources */,
				F344803B2E2D225A00D18E2E /* TopicSpacer.swift in Sources */,
				F351984E2E2AF689004E0F02 /* Code Block.swift in Sources */,
				F3BBD9F92AEED4BC00A9F7E7 /* Image Picker View.swift in Sources */,
				F35198C12E2B7E34004E0F02 /* Attributed Code String.swift in Sources */,
				F314C8182E2E4BB600F63B6A /* TopicDivider.swift in Sources */,
				F388D19C2E3AB43A002A1128 /* TopicLowPowerMode.swift in Sources */,
				F34480332E2CD41100D18E2E /* TopicDarkMode.swift in Sources */,
			);
		};
/* End PBXSourcesBuildPhase section */

/* Begin XCBuildConfiguration section */
		F3202CAB2D5596100030B3CC /* Debug configuration for PBXNativeTarget "visionOS" */ = {
			isa = XCBuildConfiguration;
			buildSettings = {
				ASSETCATALOG_COMPILER_APPICON_NAME = AppIcon;
				ASSETCATALOG_COMPILER_GLOBAL_ACCENT_COLOR_NAME = AccentColor;
				CODE_SIGN_STYLE = Automatic;
				ENABLE_PREVIEWS = YES;
				GENERATE_INFOPLIST_FILE = YES;
				INFOPLIST_FILE = "$(TARGET_NAME)/visionOS.plist";
				INFOPLIST_KEY_CFBundleDisplayName = "Master SwiftUI";
				INFOPLIST_KEY_ITSAppUsesNonExemptEncryption = NO;
				LD_RUNPATH_SEARCH_PATHS = (
					"$(inherited)",
					"@executable_path/Frameworks",
				);
				PRODUCT_BUNDLE_IDENTIFIER = "dev.topscrech.Everything-SwiftUI";
				PRODUCT_NAME = "$(TARGET_NAME)";
				SDKROOT = xros;
				SUPPORTED_PLATFORMS = "xros xrsimulator";
				SWIFT_EMIT_LOC_STRINGS = YES;
				SWIFT_VERSION = 5.0;
				TARGETED_DEVICE_FAMILY = 7;
				XROS_DEPLOYMENT_TARGET = 26.0;
			};
			name = Debug;
		};
		F3202CAC2D5596100030B3CC /* Release configuration for PBXNativeTarget "visionOS" */ = {
			isa = XCBuildConfiguration;
			buildSettings = {
				ASSETCATALOG_COMPILER_APPICON_NAME = AppIcon;
				ASSETCATALOG_COMPILER_GLOBAL_ACCENT_COLOR_NAME = AccentColor;
				CODE_SIGN_STYLE = Automatic;
				ENABLE_PREVIEWS = YES;
				GENERATE_INFOPLIST_FILE = YES;
				INFOPLIST_FILE = "$(TARGET_NAME)/visionOS.plist";
				INFOPLIST_KEY_CFBundleDisplayName = "Master SwiftUI";
				INFOPLIST_KEY_ITSAppUsesNonExemptEncryption = NO;
				LD_RUNPATH_SEARCH_PATHS = (
					"$(inherited)",
					"@executable_path/Frameworks",
				);
				PRODUCT_BUNDLE_IDENTIFIER = "dev.topscrech.Everything-SwiftUI";
				PRODUCT_NAME = "$(TARGET_NAME)";
				SDKROOT = xros;
				SUPPORTED_PLATFORMS = "xros xrsimulator";
				SWIFT_EMIT_LOC_STRINGS = YES;
				SWIFT_VERSION = 5.0;
				TARGETED_DEVICE_FAMILY = 7;
				VALIDATE_PRODUCT = YES;
				XROS_DEPLOYMENT_TARGET = 26.0;
			};
			name = Release;
		};
		F3BBD9EE2AEECD3500A9F7E7 /* Debug configuration for PBXProject "Master SwiftUI" */ = {
			isa = XCBuildConfiguration;
			buildSettings = {
				ALWAYS_SEARCH_USER_PATHS = NO;
				ASSETCATALOG_COMPILER_GENERATE_SWIFT_ASSET_SYMBOL_EXTENSIONS = YES;
				CLANG_ANALYZER_LOCALIZABILITY_NONLOCALIZED = YES;
				CLANG_ANALYZER_NONNULL = YES;
				CLANG_ANALYZER_NUMBER_OBJECT_CONVERSION = YES_AGGRESSIVE;
				CLANG_CXX_LANGUAGE_STANDARD = "gnu++20";
				CLANG_ENABLE_MODULES = YES;
				CLANG_ENABLE_OBJC_ARC = YES;
				CLANG_ENABLE_OBJC_WEAK = YES;
				CLANG_WARN_BLOCK_CAPTURE_AUTORELEASING = YES;
				CLANG_WARN_BOOL_CONVERSION = YES;
				CLANG_WARN_COMMA = YES;
				CLANG_WARN_CONSTANT_CONVERSION = YES;
				CLANG_WARN_DEPRECATED_OBJC_IMPLEMENTATIONS = YES;
				CLANG_WARN_DIRECT_OBJC_ISA_USAGE = YES_ERROR;
				CLANG_WARN_DOCUMENTATION_COMMENTS = YES;
				CLANG_WARN_EMPTY_BODY = YES;
				CLANG_WARN_ENUM_CONVERSION = YES;
				CLANG_WARN_INFINITE_RECURSION = YES;
				CLANG_WARN_INT_CONVERSION = YES;
				CLANG_WARN_NON_LITERAL_NULL_CONVERSION = YES;
				CLANG_WARN_OBJC_IMPLICIT_RETAIN_SELF = YES;
				CLANG_WARN_OBJC_LITERAL_CONVERSION = YES;
				CLANG_WARN_OBJC_ROOT_CLASS = YES_ERROR;
				CLANG_WARN_QUOTED_INCLUDE_IN_FRAMEWORK_HEADER = YES;
				CLANG_WARN_RANGE_LOOP_ANALYSIS = YES;
				CLANG_WARN_STRICT_PROTOTYPES = YES;
				CLANG_WARN_SUSPICIOUS_MOVE = YES;
				CLANG_WARN_UNGUARDED_AVAILABILITY = YES_AGGRESSIVE;
				CLANG_WARN_UNREACHABLE_CODE = YES;
				CLANG_WARN__DUPLICATE_METHOD_MATCH = YES;
				COPY_PHASE_STRIP = NO;
				CURRENT_PROJECT_VERSION = 0;
				DEAD_CODE_STRIPPING = YES;
				DEBUG_INFORMATION_FORMAT = dwarf;
				DEVELOPMENT_TEAM = 8FQUA2F388;
				ENABLE_STRICT_OBJC_MSGSEND = YES;
				ENABLE_TESTABILITY = YES;
				ENABLE_USER_SCRIPT_SANDBOXING = YES;
				GCC_C_LANGUAGE_STANDARD = gnu17;
				GCC_DYNAMIC_NO_PIC = NO;
				GCC_NO_COMMON_BLOCKS = YES;
				GCC_OPTIMIZATION_LEVEL = 0;
				GCC_PREPROCESSOR_DEFINITIONS = (
					"DEBUG=1",
					"$(inherited)",
				);
				GCC_WARN_64_TO_32_BIT_CONVERSION = YES;
				GCC_WARN_ABOUT_RETURN_TYPE = YES_ERROR;
				GCC_WARN_UNDECLARED_SELECTOR = YES;
				GCC_WARN_UNINITIALIZED_AUTOS = YES_AGGRESSIVE;
				GCC_WARN_UNUSED_FUNCTION = YES;
				GCC_WARN_UNUSED_VARIABLE = YES;
				LOCALIZATION_PREFERS_STRING_CATALOGS = YES;
				MARKETING_VERSION = 1.0;
				MTL_ENABLE_DEBUG_INFO = INCLUDE_SOURCE;
				MTL_FAST_MATH = YES;
				ONLY_ACTIVE_ARCH = YES;
				STRING_CATALOG_GENERATE_SYMBOLS = YES;
				SWIFT_ACTIVE_COMPILATION_CONDITIONS = "DEBUG $(inherited)";
				SWIFT_EMIT_LOC_STRINGS = YES;
				SWIFT_OPTIMIZATION_LEVEL = "-Onone";
			};
			name = Debug;
		};
		F3BBD9EF2AEECD3500A9F7E7 /* Release configuration for PBXProject "Master SwiftUI" */ = {
			isa = XCBuildConfiguration;
			buildSettings = {
				ALWAYS_SEARCH_USER_PATHS = NO;
				ASSETCATALOG_COMPILER_GENERATE_SWIFT_ASSET_SYMBOL_EXTENSIONS = YES;
				CLANG_ANALYZER_LOCALIZABILITY_NONLOCALIZED = YES;
				CLANG_ANALYZER_NONNULL = YES;
				CLANG_ANALYZER_NUMBER_OBJECT_CONVERSION = YES_AGGRESSIVE;
				CLANG_CXX_LANGUAGE_STANDARD = "gnu++20";
				CLANG_ENABLE_MODULES = YES;
				CLANG_ENABLE_OBJC_ARC = YES;
				CLANG_ENABLE_OBJC_WEAK = YES;
				CLANG_WARN_BLOCK_CAPTURE_AUTORELEASING = YES;
				CLANG_WARN_BOOL_CONVERSION = YES;
				CLANG_WARN_COMMA = YES;
				CLANG_WARN_CONSTANT_CONVERSION = YES;
				CLANG_WARN_DEPRECATED_OBJC_IMPLEMENTATIONS = YES;
				CLANG_WARN_DIRECT_OBJC_ISA_USAGE = YES_ERROR;
				CLANG_WARN_DOCUMENTATION_COMMENTS = YES;
				CLANG_WARN_EMPTY_BODY = YES;
				CLANG_WARN_ENUM_CONVERSION = YES;
				CLANG_WARN_INFINITE_RECURSION = YES;
				CLANG_WARN_INT_CONVERSION = YES;
				CLANG_WARN_NON_LITERAL_NULL_CONVERSION = YES;
				CLANG_WARN_OBJC_IMPLICIT_RETAIN_SELF = YES;
				CLANG_WARN_OBJC_LITERAL_CONVERSION = YES;
				CLANG_WARN_OBJC_ROOT_CLASS = YES_ERROR;
				CLANG_WARN_QUOTED_INCLUDE_IN_FRAMEWORK_HEADER = YES;
				CLANG_WARN_RANGE_LOOP_ANALYSIS = YES;
				CLANG_WARN_STRICT_PROTOTYPES = YES;
				CLANG_WARN_SUSPICIOUS_MOVE = YES;
				CLANG_WARN_UNGUARDED_AVAILABILITY = YES_AGGRESSIVE;
				CLANG_WARN_UNREACHABLE_CODE = YES;
				CLANG_WARN__DUPLICATE_METHOD_MATCH = YES;
				COPY_PHASE_STRIP = NO;
				CURRENT_PROJECT_VERSION = 0;
				DEAD_CODE_STRIPPING = YES;
				DEBUG_INFORMATION_FORMAT = "dwarf-with-dsym";
				DEVELOPMENT_TEAM = 8FQUA2F388;
				ENABLE_NS_ASSERTIONS = NO;
				ENABLE_STRICT_OBJC_MSGSEND = YES;
				ENABLE_USER_SCRIPT_SANDBOXING = YES;
				GCC_C_LANGUAGE_STANDARD = gnu17;
				GCC_NO_COMMON_BLOCKS = YES;
				GCC_WARN_64_TO_32_BIT_CONVERSION = YES;
				GCC_WARN_ABOUT_RETURN_TYPE = YES_ERROR;
				GCC_WARN_UNDECLARED_SELECTOR = YES;
				GCC_WARN_UNINITIALIZED_AUTOS = YES_AGGRESSIVE;
				GCC_WARN_UNUSED_FUNCTION = YES;
				GCC_WARN_UNUSED_VARIABLE = YES;
				LOCALIZATION_PREFERS_STRING_CATALOGS = YES;
				MARKETING_VERSION = 1.0;
				MTL_ENABLE_DEBUG_INFO = NO;
				MTL_FAST_MATH = YES;
				STRING_CATALOG_GENERATE_SYMBOLS = YES;
				SWIFT_COMPILATION_MODE = wholemodule;
				SWIFT_EMIT_LOC_STRINGS = YES;
			};
			name = Release;
		};
		F3BBD9F12AEECD3500A9F7E7 /* Debug configuration for PBXNativeTarget "iOS" */ = {
			isa = XCBuildConfiguration;
			buildSettings = {
				ASSETCATALOG_COMPILER_APPICON_NAME = AppIcon;
				ASSETCATALOG_COMPILER_GLOBAL_ACCENT_COLOR_NAME = AccentColor;
				CODE_SIGN_ENTITLEMENTS = iOS/iOS.entitlements;
				CODE_SIGN_STYLE = Automatic;
				DEAD_CODE_STRIPPING = YES;
				DEVELOPMENT_ASSET_PATHS = "";
				ENABLE_APP_SANDBOX = YES;
				ENABLE_HARDENED_RUNTIME = YES;
				ENABLE_PREVIEWS = YES;
				ENABLE_USER_SELECTED_FILES = readonly;
				GENERATE_INFOPLIST_FILE = YES;
				INFOPLIST_FILE = iOS/iOS.plist;
				INFOPLIST_KEY_CFBundleDisplayName = "Master SwiftUI";
				INFOPLIST_KEY_ITSAppUsesNonExemptEncryption = NO;
				INFOPLIST_KEY_LSApplicationCategoryType = "public.app-category.developer-tools";
				"INFOPLIST_KEY_UIApplicationSceneManifest_Generation[sdk=iphoneos*]" = YES;
				"INFOPLIST_KEY_UIApplicationSceneManifest_Generation[sdk=iphonesimulator*]" = YES;
				"INFOPLIST_KEY_UIApplicationSupportsIndirectInputEvents[sdk=iphoneos*]" = YES;
				"INFOPLIST_KEY_UIApplicationSupportsIndirectInputEvents[sdk=iphonesimulator*]" = YES;
				"INFOPLIST_KEY_UILaunchScreen_Generation[sdk=iphoneos*]" = YES;
				"INFOPLIST_KEY_UILaunchScreen_Generation[sdk=iphonesimulator*]" = YES;
				"INFOPLIST_KEY_UIStatusBarStyle[sdk=iphoneos*]" = UIStatusBarStyleDefault;
				"INFOPLIST_KEY_UIStatusBarStyle[sdk=iphonesimulator*]" = UIStatusBarStyleDefault;
				INFOPLIST_KEY_UISupportedInterfaceOrientations = "UIInterfaceOrientationLandscapeLeft UIInterfaceOrientationLandscapeRight UIInterfaceOrientationPortrait UIInterfaceOrientationPortraitUpsideDown";
				IPHONEOS_DEPLOYMENT_TARGET = 26.0;
				LD_RUNPATH_SEARCH_PATHS = "@executable_path/Frameworks";
				"LD_RUNPATH_SEARCH_PATHS[sdk=macosx*]" = "@executable_path/../Frameworks";
				MACOSX_DEPLOYMENT_TARGET = 26.0;
				PRODUCT_BUNDLE_IDENTIFIER = "dev.topscrech.Everything-SwiftUI";
				PRODUCT_NAME = "$(TARGET_NAME)";
				SDKROOT = auto;
				SUPPORTED_PLATFORMS = "iphoneos iphonesimulator macosx";
				SUPPORTS_MACCATALYST = NO;
				SWIFT_EMIT_LOC_STRINGS = YES;
				SWIFT_VERSION = 5.0;
				TARGETED_DEVICE_FAMILY = "1,2";
			};
			name = Debug;
		};
		F3BBD9F22AEECD3500A9F7E7 /* Release configuration for PBXNativeTarget "iOS" */ = {
			isa = XCBuildConfiguration;
			buildSettings = {
				ASSETCATALOG_COMPILER_APPICON_NAME = AppIcon;
				ASSETCATALOG_COMPILER_GLOBAL_ACCENT_COLOR_NAME = AccentColor;
				CODE_SIGN_ENTITLEMENTS = iOS/iOS.entitlements;
				CODE_SIGN_STYLE = Automatic;
				DEAD_CODE_STRIPPING = YES;
				DEVELOPMENT_ASSET_PATHS = "";
				ENABLE_APP_SANDBOX = YES;
				ENABLE_HARDENED_RUNTIME = YES;
				ENABLE_PREVIEWS = YES;
				ENABLE_USER_SELECTED_FILES = readonly;
				GENERATE_INFOPLIST_FILE = YES;
				INFOPLIST_FILE = iOS/iOS.plist;
				INFOPLIST_KEY_CFBundleDisplayName = "Master SwiftUI";
				INFOPLIST_KEY_ITSAppUsesNonExemptEncryption = NO;
				INFOPLIST_KEY_LSApplicationCategoryType = "public.app-category.developer-tools";
				"INFOPLIST_KEY_UIApplicationSceneManifest_Generation[sdk=iphoneos*]" = YES;
				"INFOPLIST_KEY_UIApplicationSceneManifest_Generation[sdk=iphonesimulator*]" = YES;
				"INFOPLIST_KEY_UIApplicationSupportsIndirectInputEvents[sdk=iphoneos*]" = YES;
				"INFOPLIST_KEY_UIApplicationSupportsIndirectInputEvents[sdk=iphonesimulator*]" = YES;
				"INFOPLIST_KEY_UILaunchScreen_Generation[sdk=iphoneos*]" = YES;
				"INFOPLIST_KEY_UILaunchScreen_Generation[sdk=iphonesimulator*]" = YES;
				"INFOPLIST_KEY_UIStatusBarStyle[sdk=iphoneos*]" = UIStatusBarStyleDefault;
				"INFOPLIST_KEY_UIStatusBarStyle[sdk=iphonesimulator*]" = UIStatusBarStyleDefault;
				INFOPLIST_KEY_UISupportedInterfaceOrientations = "UIInterfaceOrientationLandscapeLeft UIInterfaceOrientationLandscapeRight UIInterfaceOrientationPortrait UIInterfaceOrientationPortraitUpsideDown";
				IPHONEOS_DEPLOYMENT_TARGET = 26.0;
				LD_RUNPATH_SEARCH_PATHS = "@executable_path/Frameworks";
				"LD_RUNPATH_SEARCH_PATHS[sdk=macosx*]" = "@executable_path/../Frameworks";
				MACOSX_DEPLOYMENT_TARGET = 26.0;
				PRODUCT_BUNDLE_IDENTIFIER = "dev.topscrech.Everything-SwiftUI";
				PRODUCT_NAME = "$(TARGET_NAME)";
				SDKROOT = auto;
				SUPPORTED_PLATFORMS = "iphoneos iphonesimulator macosx";
				SUPPORTS_MACCATALYST = NO;
				SWIFT_EMIT_LOC_STRINGS = YES;
				SWIFT_VERSION = 5.0;
				TARGETED_DEVICE_FAMILY = "1,2";
			};
			name = Release;
		};
/* End XCBuildConfiguration section */

/* Begin XCConfigurationList section */
		F3202CAA2D5596100030B3CC /* Build configuration list for PBXNativeTarget "visionOS" */ = {
			isa = XCConfigurationList;
			buildConfigurations = (
				F3202CAB2D5596100030B3CC /* Debug configuration for PBXNativeTarget "visionOS" */,
				F3202CAC2D5596100030B3CC /* Release configuration for PBXNativeTarget "visionOS" */,
			);
			defaultConfigurationName = Release;
		};
		F3BBD9D92AEECD3400A9F7E7 /* Build configuration list for PBXProject "Master SwiftUI" */ = {
			isa = XCConfigurationList;
			buildConfigurations = (
				F3BBD9EE2AEECD3500A9F7E7 /* Debug configuration for PBXProject "Master SwiftUI" */,
				F3BBD9EF2AEECD3500A9F7E7 /* Release configuration for PBXProject "Master SwiftUI" */,
			);
			defaultConfigurationName = Release;
		};
		F3BBD9F02AEECD3500A9F7E7 /* Build configuration list for PBXNativeTarget "iOS" */ = {
			isa = XCConfigurationList;
			buildConfigurations = (
				F3BBD9F12AEECD3500A9F7E7 /* Debug configuration for PBXNativeTarget "iOS" */,
				F3BBD9F22AEECD3500A9F7E7 /* Release configuration for PBXNativeTarget "iOS" */,
			);
			defaultConfigurationName = Release;
		};
/* End XCConfigurationList section */

/* Begin XCRemoteSwiftPackageReference section */
		F3BBD9F52AEECE4000A9F7E7 /* XCRemoteSwiftPackageReference "ScrechKit" */ = {
			isa = XCRemoteSwiftPackageReference;
			repositoryURL = "https://github.com/TopScrech/ScrechKit";
			requirement = {
				branch = main;
				kind = branch;
			};
		};
/* End XCRemoteSwiftPackageReference section */

/* Begin XCSwiftPackageProductDependency section */
		F3202CBA2D5596380030B3CC /* ScrechKit */ = {
			isa = XCSwiftPackageProductDependency;
			package = F3BBD9F52AEECE4000A9F7E7 /* XCRemoteSwiftPackageReference "ScrechKit" */;
			productName = ScrechKit;
		};
		F3BBD9F62AEECE4000A9F7E7 /* ScrechKit */ = {
			isa = XCSwiftPackageProductDependency;
			package = F3BBD9F52AEECE4000A9F7E7 /* XCRemoteSwiftPackageReference "ScrechKit" */;
			productName = ScrechKit;
		};
/* End XCSwiftPackageProductDependency section */
	};
	rootObject = F3BBD9D62AEECD3400A9F7E7 /* Project object */;
}
