// !$*UTF8*$!
{
	archiveVersion = 1;
	classes = {
	};
	objectVersion = 90;
	objects = {

/* Begin PBXBuildFile section */
		F31617CA2E41D87A00131D26 /* SafariCover in Frameworks */ = {isa = PBXBuildFile; productRef = F31617C92E41D87A00131D26 /* SafariCover */; };
		F3202CBB2D5596380030B3CC /* ScrechKit in Frameworks */ = {isa = PBXBuildFile; productRef = F3202CBA2D5596380030B3CC /* ScrechKit */; };
		F325E3BF2E5EBC8B0008928E /* ScrechKit in Frameworks */ = {isa = PBXBuildFile; productRef = F325E3BE2E5EBC8B0008928E /* ScrechKit */; };
		F33904212E49341000A22EE1 /* SafariCover in Frameworks */ = {isa = PBXBuildFile; productRef = F33904202E49341000A22EE1 /* SafariCover */; };
		F33E8B262E416BD700B05370 /* CodeEditorView in Frameworks */ = {isa = PBXBuildFile; productRef = F33E8B252E416BD700B05370 /* CodeEditorView */; };
		F380A1752E4AA1FA00157F67 /* ScrechKit in Frameworks */ = {isa = PBXBuildFile; productRef = F380A1742E4AA1FA00157F67 /* ScrechKit */; };
		F3BBD9F72AEECE4000A9F7E7 /* ScrechKit in Frameworks */ = {isa = PBXBuildFile; productRef = F3BBD9F62AEECE4000A9F7E7 /* ScrechKit */; };
		F3F5AD6D2E885E51007AD97D /* Appearance in Frameworks */ = {isa = PBXBuildFile; productRef = F3F5AD6C2E885E51007AD97D /* Appearance */; };
		F3F5AD722E886017007AD97D /* Appearance in Frameworks */ = {isa = PBXBuildFile; productRef = F3F5AD712E886017007AD97D /* Appearance */; };
/* End PBXBuildFile section */

/* Begin PBXFileReference section */
		F30070012E2F0B9A00E76725 /* README.md */ = {isa = PBXFileReference; lastKnownFileType = net.daringfireball.markdown; path = README.md; sourceTree = "<group>"; };
		F3202C992D5596100030B3CC /* visionOS.app */ = {isa = PBXFileReference; explicitFileType = wrapper.application; includeInIndex = 0; path = visionOS.app; sourceTree = BUILT_PRODUCTS_DIR; };
		F32313732E69CF0B0011837A /* macOS.plist */ = {isa = PBXFileReference; lastKnownFileType = text.plist.xml; path = macOS.plist; sourceTree = "<group>"; };
		F325E3B32E5EBC760008928E /* Swifty Master.app */ = {isa = PBXFileReference; explicitFileType = wrapper.application; includeInIndex = 0; path = "Swifty Master.app"; sourceTree = BUILT_PRODUCTS_DIR; };
		F380A1622E4AA1BF00157F67 /* tvOS.app */ = {isa = PBXFileReference; explicitFileType = wrapper.application; includeInIndex = 0; path = tvOS.app; sourceTree = BUILT_PRODUCTS_DIR; };
		F3BBD9DE2AEECD3400A9F7E7 /* iOS.app */ = {isa = PBXFileReference; explicitFileType = wrapper.application; includeInIndex = 0; path = iOS.app; sourceTree = BUILT_PRODUCTS_DIR; };
/* End PBXFileReference section */

/* Begin PBXFileSystemSynchronizedBuildFileExceptionSet section */
		F383A8122ECF30A400350A0F /* Exceptions for "iOS" folder in "iOS" target */ = {
			isa = PBXFileSystemSynchronizedBuildFileExceptionSet;
			membershipExceptions = (
				"Code Block/CodeBlockView macOS.swift",
				iOS.plist,
			);
			target = F3BBD9DD2AEECD3400A9F7E7 /* iOS */;
		};
		F383A8132ECF30A400350A0F /* Exceptions for "iOS" folder in "visionOS" target */ = {
			isa = PBXFileSystemSynchronizedBuildFileExceptionSet;
			membershipExceptions = (
				AppIcon.icon,
				Assets.xcassets,
				"Code Block/CodeBlockView macOS.swift",
				iOS.plist,
				"Liquid Glass.icon",
				"To be checked/Haptic/SensoryFeedback.swift",
				"To be checked/Materials/MaterialsView.swift",
				"To be checked/TestView.swift",
				Topics/Control/BrightnessSlider.swift,
			);
			target = F3202C982D5596100030B3CC /* visionOS */;
		};
		F383A8142ECF30A400350A0F /* Exceptions for "iOS" folder in "tvOS" target */ = {
			isa = PBXFileSystemSynchronizedBuildFileExceptionSet;
			membershipExceptions = (
				AppIcon.icon,
				Assets.xcassets,
				"Code Block/CodeBlockView macOS.swift",
				"Code Block/CodeBlockViewCopyButton.swift",
				iOS.plist,
				"Liquid Glass.icon",
				"To be checked/Haptic/SensoryFeedback.swift",
				"To be checked/Image_Picker.swift",
				"To be checked/ImagePicker.swift",
				"To be checked/ImagePickerView.swift",
				"To be checked/Materials/MaterialsView.swift",
				"To be checked/TestView.swift",
				Topics/Control/BrightnessSlider.swift,
				Topics/Control/TopicBadges.swift,
				Topics/Control/TopicGauge.swift,
			);
			target = F380A1612E4AA1BE00157F67 /* tvOS */;
		};
		F383A8152ECF30A400350A0F /* Exceptions for "iOS" folder in "macOS" target */ = {
			isa = PBXFileSystemSynchronizedBuildFileExceptionSet;
			membershipExceptions = (
				"Code Block/CodeBlockView.swift",
				iOS.plist,
				"Liquid Glass.icon",
				"To be checked/Haptic/SensoryFeedback.swift",
				"To be checked/Image_Picker.swift",
				"To be checked/ImagePicker.swift",
				"To be checked/ImagePickerView.swift",
				"To be checked/Materials/MaterialsView.swift",
				"To be checked/TestView.swift",
				Topics/Control/BrightnessSlider.swift,
				Topics/Control/TopicBadges.swift,
			);
			target = F325E3B22E5EBC760008928E /* macOS */;
		};
		F383A81A2ECF30A800350A0F /* Exceptions for "tvOS" folder in "tvOS" target */ = {
			isa = PBXFileSystemSynchronizedBuildFileExceptionSet;
			membershipExceptions = (
				Assets.xcassets,
			);
			target = F380A1612E4AA1BE00157F67 /* tvOS */;
		};
		F383A81F2ECF30AE00350A0F /* Exceptions for "visionOS" folder in "visionOS" target */ = {
			isa = PBXFileSystemSynchronizedBuildFileExceptionSet;
			membershipExceptions = (
				Assets.xcassets,
			);
			target = F3202C982D5596100030B3CC /* visionOS */;
		};
/* End PBXFileSystemSynchronizedBuildFileExceptionSet section */

/* Begin PBXFileSystemSynchronizedRootGroup section */
		F383A5052ECF30A400350A0F /* iOS */ = {
			isa = PBXFileSystemSynchronizedRootGroup;
			exceptions = (
				F383A8122ECF30A400350A0F /* Exceptions for "iOS" folder in "iOS" target */,
				F383A8132ECF30A400350A0F /* Exceptions for "iOS" folder in "visionOS" target */,
				F383A8142ECF30A400350A0F /* Exceptions for "iOS" folder in "tvOS" target */,
				F383A8152ECF30A400350A0F /* Exceptions for "iOS" folder in "macOS" target */,
			);
			path = iOS;
			sourceTree = "<group>";
		};
		F383A8182ECF30A800350A0F /* tvOS */ = {
			isa = PBXFileSystemSynchronizedRootGroup;
			exceptions = (
				F383A81A2ECF30A800350A0F /* Exceptions for "tvOS" folder in "tvOS" target */,
			);
			path = tvOS;
			sourceTree = "<group>";
		};
		F383A81D2ECF30AE00350A0F /* visionOS */ = {
			isa = PBXFileSystemSynchronizedRootGroup;
			exceptions = (
				F383A81F2ECF30AE00350A0F /* Exceptions for "visionOS" folder in "visionOS" target */,
			);
			path = visionOS;
			sourceTree = "<group>";
		};
/* End PBXFileSystemSynchronizedRootGroup section */

/* Begin PBXFrameworksBuildPhase section */
		F3202C962D5596100030B3CC /* Frameworks */ = {
			isa = PBXFrameworksBuildPhase;
			files = (
				F33904212E49341000A22EE1 /* SafariCover in Frameworks */,
				F3202CBB2D5596380030B3CC /* ScrechKit in Frameworks */,
			);
		};
		F325E3B02E5EBC760008928E /* Frameworks */ = {
			isa = PBXFrameworksBuildPhase;
			files = (
				F3F5AD722E886017007AD97D /* Appearance in Frameworks */,
				F325E3BF2E5EBC8B0008928E /* ScrechKit in Frameworks */,
			);
		};
		F380A15F2E4AA1BE00157F67 /* Frameworks */ = {
			isa = PBXFrameworksBuildPhase;
			files = (
				F380A1752E4AA1FA00157F67 /* ScrechKit in Frameworks */,
			);
		};
		F3BBD9DB2AEECD3400A9F7E7 /* Frameworks */ = {
			isa = PBXFrameworksBuildPhase;
			files = (
				F3BBD9F72AEECE4000A9F7E7 /* ScrechKit in Frameworks */,
				F31617CA2E41D87A00131D26 /* SafariCover in Frameworks */,
				F3F5AD6D2E885E51007AD97D /* Appearance in Frameworks */,
				F33E8B262E416BD700B05370 /* CodeEditorView in Frameworks */,
			);
		};
/* End PBXFrameworksBuildPhase section */

/* Begin PBXGroup section */
		F3202CB92D5596380030B3CC /* Frameworks */ = {
			isa = PBXGroup;
			children = (
			);
			name = Frameworks;
			sourceTree = "<group>";
		};
		F325E3C32E5EBCA50008928E /* macOS */ = {
			isa = PBXGroup;
			children = (
				F32313732E69CF0B0011837A /* macOS.plist */,
			);
			path = macOS;
			sourceTree = "<group>";
		};
		F3BBD9D52AEECD3400A9F7E7 = {
			isa = PBXGroup;
			children = (
				F30070012E2F0B9A00E76725 /* README.md */,
				F383A5052ECF30A400350A0F /* iOS */,
				F383A81D2ECF30AE00350A0F /* visionOS */,
				F383A8182ECF30A800350A0F /* tvOS */,
				F325E3C32E5EBCA50008928E /* macOS */,
				F3202CB92D5596380030B3CC /* Frameworks */,
				F3BBD9DF2AEECD3400A9F7E7 /* Products */,
			);
			sourceTree = "<group>";
		};
		F3BBD9DF2AEECD3400A9F7E7 /* Products */ = {
			isa = PBXGroup;
			children = (
				F3BBD9DE2AEECD3400A9F7E7 /* iOS.app */,
				F3202C992D5596100030B3CC /* visionOS.app */,
				F380A1622E4AA1BF00157F67 /* tvOS.app */,
				F325E3B32E5EBC760008928E /* Swifty Master.app */,
			);
			name = Products;
			sourceTree = "<group>";
		};
/* End PBXGroup section */

/* Begin PBXNativeTarget section */
		F3202C982D5596100030B3CC /* visionOS */ = {
			isa = PBXNativeTarget;
			buildConfigurationList = F3202CAA2D5596100030B3CC /* Build configuration list for PBXNativeTarget "visionOS" */;
			buildPhases = (
				F3202C952D5596100030B3CC /* Sources */,
				F3202C962D5596100030B3CC /* Frameworks */,
				F3202C972D5596100030B3CC /* Resources */,
			);
			buildRules = (
			);
			fileSystemSynchronizedGroups = (
				F383A5052ECF30A400350A0F /* iOS */,
			);
			name = visionOS;
			packageProductDependencies = (
				F3202CBA2D5596380030B3CC /* ScrechKit */,
				F33904202E49341000A22EE1 /* SafariCover */,
			);
			productName = "Everything SwiftUI visionOS";
			productReference = F3202C992D5596100030B3CC /* visionOS.app */;
			productType = "com.apple.product-type.application";
		};
		F325E3B22E5EBC760008928E /* macOS */ = {
			isa = PBXNativeTarget;
			buildConfigurationList = F325E3BD2E5EBC770008928E /* Build configuration list for PBXNativeTarget "macOS" */;
			buildPhases = (
				F325E3AF2E5EBC760008928E /* Sources */,
				F325E3B02E5EBC760008928E /* Frameworks */,
				F325E3B12E5EBC760008928E /* Resources */,
			);
			buildRules = (
			);
			fileSystemSynchronizedGroups = (
				F383A5052ECF30A400350A0F /* iOS */,
			);
			name = macOS;
			packageProductDependencies = (
				F325E3BE2E5EBC8B0008928E /* ScrechKit */,
				F3F5AD712E886017007AD97D /* Appearance */,
			);
			productName = "Master SwiftUI";
			productReference = F325E3B32E5EBC760008928E /* Swifty Master.app */;
			productType = "com.apple.product-type.application";
		};
		F380A1612E4AA1BE00157F67 /* tvOS */ = {
			isa = PBXNativeTarget;
			buildConfigurationList = F380A16C2E4AA1C000157F67 /* Build configuration list for PBXNativeTarget "tvOS" */;
			buildPhases = (
				F380A15E2E4AA1BE00157F67 /* Sources */,
				F380A15F2E4AA1BE00157F67 /* Frameworks */,
				F380A1602E4AA1BE00157F67 /* Resources */,
			);
			buildRules = (
			);
			fileSystemSynchronizedGroups = (
				F383A5052ECF30A400350A0F /* iOS */,
			);
			name = tvOS;
			packageProductDependencies = (
				F380A1742E4AA1FA00157F67 /* ScrechKit */,
			);
			productName = "Swifty Master";
			productReference = F380A1622E4AA1BF00157F67 /* tvOS.app */;
			productType = "com.apple.product-type.application";
		};
		F3BBD9DD2AEECD3400A9F7E7 /* iOS */ = {
			isa = PBXNativeTarget;
			buildConfigurationList = F3BBD9F02AEECD3500A9F7E7 /* Build configuration list for PBXNativeTarget "iOS" */;
			buildPhases = (
				F3BBD9DA2AEECD3400A9F7E7 /* Sources */,
				F3BBD9DB2AEECD3400A9F7E7 /* Frameworks */,
				F3BBD9DC2AEECD3400A9F7E7 /* Resources */,
			);
			buildRules = (
			);
			fileSystemSynchronizedGroups = (
				F383A5052ECF30A400350A0F /* iOS */,
			);
			name = iOS;
			packageProductDependencies = (
				F3BBD9F62AEECE4000A9F7E7 /* ScrechKit */,
				F33E8B252E416BD700B05370 /* CodeEditorView */,
				F31617C92E41D87A00131D26 /* SafariCover */,
				F3F5AD6C2E885E51007AD97D /* Appearance */,
			);
			productName = "Everything SwiftUI";
			productReference = F3BBD9DE2AEECD3400A9F7E7 /* iOS.app */;
			productType = "com.apple.product-type.application";
		};
/* End PBXNativeTarget section */

/* Begin PBXProject section */
		F3BBD9D62AEECD3400A9F7E7 /* Project object */ = {
			isa = PBXProject;
			attributes = {
				BuildIndependentTargetsInParallel = 1;
				LastSwiftUpdateCheck = 2600;
				LastUpgradeCheck = 2600;
				TargetAttributes = {
					F3202C982D5596100030B3CC = {
						CreatedOnToolsVersion = 16.2;
					};
					F325E3B22E5EBC760008928E = {
						CreatedOnToolsVersion = 26.0;
					};
					F380A1612E4AA1BE00157F67 = {
						CreatedOnToolsVersion = 26.0;
					};
					F3BBD9DD2AEECD3400A9F7E7 = {
						CreatedOnToolsVersion = 15.1;
					};
				};
			};
			buildConfigurationList = F3BBD9D92AEECD3400A9F7E7 /* Build configuration list for PBXProject "Swifty Master" */;
			developmentRegion = en;
			hasScannedForEncodings = 0;
			knownRegions = (
				en,
				Base,
				ru,
				nl,
			);
			mainGroup = F3BBD9D52AEECD3400A9F7E7;
			packageReferences = (
				F3BBD9F52AEECE4000A9F7E7 /* XCRemoteSwiftPackageReference "ScrechKit" */,
				F33E8B242E416BD700B05370 /* XCRemoteSwiftPackageReference "CodeEditorView" */,
				F31617C82E41D87A00131D26 /* XCRemoteSwiftPackageReference "SafariCover" */,
				F3F5AD6B2E885E51007AD97D /* XCRemoteSwiftPackageReference "Appearance" */,
			);
			preferredProjectObjectVersion = 90;
			productRefGroup = F3BBD9DF2AEECD3400A9F7E7 /* Products */;
			projectDirPath = "";
			projectRoot = "";
			targets = (
				F3BBD9DD2AEECD3400A9F7E7 /* iOS */,
				F3202C982D5596100030B3CC /* visionOS */,
				F380A1612E4AA1BE00157F67 /* tvOS */,
				F325E3B22E5EBC760008928E /* macOS */,
			);
		};
/* End PBXProject section */

/* Begin PBXResourcesBuildPhase section */
		F3202C972D5596100030B3CC /* Resources */ = {
			isa = PBXResourcesBuildPhase;
			files = (
			);
		};
		F325E3B12E5EBC760008928E /* Resources */ = {
			isa = PBXResourcesBuildPhase;
			files = (
			);
		};
		F380A1602E4AA1BE00157F67 /* Resources */ = {
			isa = PBXResourcesBuildPhase;
			files = (
			);
		};
		F3BBD9DC2AEECD3400A9F7E7 /* Resources */ = {
			isa = PBXResourcesBuildPhase;
			files = (
			);
		};
/* End PBXResourcesBuildPhase section */

/* Begin PBXSourcesBuildPhase section */
		F3202C952D5596100030B3CC /* Sources */ = {
			isa = PBXSourcesBuildPhase;
			files = (
			);
		};
		F325E3AF2E5EBC760008928E /* Sources */ = {
			isa = PBXSourcesBuildPhase;
			files = (
			);
		};
		F380A15E2E4AA1BE00157F67 /* Sources */ = {
			isa = PBXSourcesBuildPhase;
			files = (
			);
		};
		F3BBD9DA2AEECD3400A9F7E7 /* Sources */ = {
			isa = PBXSourcesBuildPhase;
			files = (
			);
		};
/* End PBXSourcesBuildPhase section */

/* Begin XCBuildConfiguration section */
		F3202CAB2D5596100030B3CC /* Debug configuration for PBXNativeTarget "visionOS" */ = {
			isa = XCBuildConfiguration;
			buildSettings = {
				ASSETCATALOG_COMPILER_APPICON_NAME = AppIcon;
				ASSETCATALOG_COMPILER_GLOBAL_ACCENT_COLOR_NAME = AccentColor;
				CODE_SIGN_STYLE = Automatic;
				ENABLE_PREVIEWS = YES;
				GENERATE_INFOPLIST_FILE = YES;
				INFOPLIST_FILE = "$(TARGET_NAME)/visionOS.plist";
				INFOPLIST_KEY_CFBundleDisplayName = "Master SwiftUI";
				INFOPLIST_KEY_ITSAppUsesNonExemptEncryption = NO;
				LD_RUNPATH_SEARCH_PATHS = (
					"$(inherited)",
					"@executable_path/Frameworks",
				);
				PRODUCT_BUNDLE_IDENTIFIER = "dev.topscrech.Everything-SwiftUI";
				PRODUCT_NAME = "$(TARGET_NAME)";
				SDKROOT = xros;
				SUPPORTED_PLATFORMS = "xros xrsimulator";
				SWIFT_DEFAULT_ACTOR_ISOLATION = MainActor;
				SWIFT_EMIT_LOC_STRINGS = YES;
				SWIFT_VERSION = 6.0;
				TARGETED_DEVICE_FAMILY = 7;
				XROS_DEPLOYMENT_TARGET = 2.0;
			};
			name = Debug;
		};
		F3202CAC2D5596100030B3CC /* Release configuration for PBXNativeTarget "visionOS" */ = {
			isa = XCBuildConfiguration;
			buildSettings = {
				ASSETCATALOG_COMPILER_APPICON_NAME = AppIcon;
				ASSETCATALOG_COMPILER_GLOBAL_ACCENT_COLOR_NAME = AccentColor;
				CODE_SIGN_STYLE = Automatic;
				ENABLE_PREVIEWS = YES;
				GENERATE_INFOPLIST_FILE = YES;
				INFOPLIST_FILE = "$(TARGET_NAME)/visionOS.plist";
				INFOPLIST_KEY_CFBundleDisplayName = "Master SwiftUI";
				INFOPLIST_KEY_ITSAppUsesNonExemptEncryption = NO;
				LD_RUNPATH_SEARCH_PATHS = (
					"$(inherited)",
					"@executable_path/Frameworks",
				);
				PRODUCT_BUNDLE_IDENTIFIER = "dev.topscrech.Everything-SwiftUI";
				PRODUCT_NAME = "$(TARGET_NAME)";
				SDKROOT = xros;
				SUPPORTED_PLATFORMS = "xros xrsimulator";
				SWIFT_DEFAULT_ACTOR_ISOLATION = MainActor;
				SWIFT_EMIT_LOC_STRINGS = YES;
				SWIFT_VERSION = 6.0;
				TARGETED_DEVICE_FAMILY = 7;
				VALIDATE_PRODUCT = YES;
				XROS_DEPLOYMENT_TARGET = 2.0;
			};
			name = Release;
		};
		F325E3BB2E5EBC770008928E /* Debug configuration for PBXNativeTarget "macOS" */ = {
			isa = XCBuildConfiguration;
			buildSettings = {
				ASSETCATALOG_COMPILER_APPICON_NAME = AppIcon;
				ASSETCATALOG_COMPILER_GLOBAL_ACCENT_COLOR_NAME = AccentColor;
				CODE_SIGN_STYLE = Automatic;
				COMBINE_HIDPI_IMAGES = YES;
				DEVELOPMENT_TEAM = 8FQUA2F388;
				ENABLE_APP_SANDBOX = YES;
				ENABLE_HARDENED_RUNTIME = YES;
				ENABLE_INCOMING_NETWORK_CONNECTIONS = NO;
				ENABLE_OUTGOING_NETWORK_CONNECTIONS = YES;
				ENABLE_PREVIEWS = YES;
				ENABLE_RESOURCE_ACCESS_AUDIO_INPUT = NO;
				ENABLE_RESOURCE_ACCESS_BLUETOOTH = NO;
				ENABLE_RESOURCE_ACCESS_CALENDARS = NO;
				ENABLE_RESOURCE_ACCESS_CAMERA = NO;
				ENABLE_RESOURCE_ACCESS_CONTACTS = NO;
				ENABLE_RESOURCE_ACCESS_LOCATION = NO;
				ENABLE_RESOURCE_ACCESS_PRINTING = NO;
				ENABLE_RESOURCE_ACCESS_USB = NO;
				ENABLE_USER_SELECTED_FILES = readonly;
				GENERATE_INFOPLIST_FILE = YES;
				INFOPLIST_FILE = macOS/macOS.plist;
				INFOPLIST_KEY_CFBundleDisplayName = "Swifty Master";
				INFOPLIST_KEY_ITSAppUsesNonExemptEncryption = NO;
				INFOPLIST_KEY_LSApplicationCategoryType = "public.app-category.developer-tools";
				INFOPLIST_KEY_NSHumanReadableCopyright = "";
				LD_RUNPATH_SEARCH_PATHS = (
					"$(inherited)",
					"@executable_path/../Frameworks",
				);
				MACOSX_DEPLOYMENT_TARGET = 15.0;
				PRODUCT_BUNDLE_IDENTIFIER = "dev.topscrech.Everything-SwiftUI";
				PRODUCT_NAME = "Swifty Master";
				REGISTER_APP_GROUPS = YES;
				SDKROOT = macosx;
				STRING_CATALOG_GENERATE_SYMBOLS = YES;
				SWIFT_APPROACHABLE_CONCURRENCY = YES;
				SWIFT_DEFAULT_ACTOR_ISOLATION = MainActor;
				SWIFT_EMIT_LOC_STRINGS = YES;
				SWIFT_UPCOMING_FEATURE_MEMBER_IMPORT_VISIBILITY = YES;
				SWIFT_VERSION = 6.0;
			};
			name = Debug;
		};
		F325E3BC2E5EBC770008928E /* Release configuration for PBXNativeTarget "macOS" */ = {
			isa = XCBuildConfiguration;
			buildSettings = {
				ASSETCATALOG_COMPILER_APPICON_NAME = AppIcon;
				ASSETCATALOG_COMPILER_GLOBAL_ACCENT_COLOR_NAME = AccentColor;
				CODE_SIGN_STYLE = Automatic;
				COMBINE_HIDPI_IMAGES = YES;
				DEVELOPMENT_TEAM = 8FQUA2F388;
				ENABLE_APP_SANDBOX = YES;
				ENABLE_HARDENED_RUNTIME = YES;
				ENABLE_INCOMING_NETWORK_CONNECTIONS = NO;
				ENABLE_OUTGOING_NETWORK_CONNECTIONS = YES;
				ENABLE_PREVIEWS = YES;
				ENABLE_RESOURCE_ACCESS_AUDIO_INPUT = NO;
				ENABLE_RESOURCE_ACCESS_BLUETOOTH = NO;
				ENABLE_RESOURCE_ACCESS_CALENDARS = NO;
				ENABLE_RESOURCE_ACCESS_CAMERA = NO;
				ENABLE_RESOURCE_ACCESS_CONTACTS = NO;
				ENABLE_RESOURCE_ACCESS_LOCATION = NO;
				ENABLE_RESOURCE_ACCESS_PRINTING = NO;
				ENABLE_RESOURCE_ACCESS_USB = NO;
				ENABLE_USER_SELECTED_FILES = readonly;
				GENERATE_INFOPLIST_FILE = YES;
				INFOPLIST_FILE = macOS/macOS.plist;
				INFOPLIST_KEY_CFBundleDisplayName = "Swifty Master";
				INFOPLIST_KEY_ITSAppUsesNonExemptEncryption = NO;
				INFOPLIST_KEY_LSApplicationCategoryType = "public.app-category.developer-tools";
				INFOPLIST_KEY_NSHumanReadableCopyright = "";
				LD_RUNPATH_SEARCH_PATHS = (
					"$(inherited)",
					"@executable_path/../Frameworks",
				);
				MACOSX_DEPLOYMENT_TARGET = 15.0;
				PRODUCT_BUNDLE_IDENTIFIER = "dev.topscrech.Everything-SwiftUI";
				PRODUCT_NAME = "Swifty Master";
				REGISTER_APP_GROUPS = YES;
				SDKROOT = macosx;
				STRING_CATALOG_GENERATE_SYMBOLS = YES;
				SWIFT_APPROACHABLE_CONCURRENCY = YES;
				SWIFT_DEFAULT_ACTOR_ISOLATION = MainActor;
				SWIFT_EMIT_LOC_STRINGS = YES;
				SWIFT_UPCOMING_FEATURE_MEMBER_IMPORT_VISIBILITY = YES;
				SWIFT_VERSION = 6.0;
			};
			name = Release;
		};
		F380A16A2E4AA1C000157F67 /* Debug configuration for PBXNativeTarget "tvOS" */ = {
			isa = XCBuildConfiguration;
			buildSettings = {
				ASSETCATALOG_COMPILER_APPICON_NAME = "App Icon & Top Shelf Image";
				ASSETCATALOG_COMPILER_GLOBAL_ACCENT_COLOR_NAME = AccentColor;
				CODE_SIGN_STYLE = Automatic;
				ENABLE_PREVIEWS = YES;
				GENERATE_INFOPLIST_FILE = YES;
				INFOPLIST_FILE = tvOS/tvOS.plist;
				INFOPLIST_KEY_CFBundleDisplayName = "Swifty Master";
				INFOPLIST_KEY_ITSAppUsesNonExemptEncryption = NO;
				INFOPLIST_KEY_LSApplicationCategoryType = "public.app-category.developer-tools";
				INFOPLIST_KEY_UILaunchScreen_Generation = YES;
				INFOPLIST_KEY_UIUserInterfaceStyle = Automatic;
				LD_RUNPATH_SEARCH_PATHS = (
					"$(inherited)",
					"@executable_path/Frameworks",
				);
				PRODUCT_BUNDLE_IDENTIFIER = "dev.topscrech.Everything-SwiftUI";
				PRODUCT_NAME = "$(TARGET_NAME)";
				SDKROOT = appletvos;
				STRING_CATALOG_GENERATE_SYMBOLS = YES;
				SWIFT_APPROACHABLE_CONCURRENCY = YES;
				SWIFT_DEFAULT_ACTOR_ISOLATION = MainActor;
				SWIFT_EMIT_LOC_STRINGS = YES;
				SWIFT_UPCOMING_FEATURE_MEMBER_IMPORT_VISIBILITY = YES;
				SWIFT_VERSION = 6.0;
				TARGETED_DEVICE_FAMILY = 3;
				TVOS_DEPLOYMENT_TARGET = 26.0;
			};
			name = Debug;
		};
		F380A16B2E4AA1C000157F67 /* Release configuration for PBXNativeTarget "tvOS" */ = {
			isa = XCBuildConfiguration;
			buildSettings = {
				ASSETCATALOG_COMPILER_APPICON_NAME = "App Icon & Top Shelf Image";
				ASSETCATALOG_COMPILER_GLOBAL_ACCENT_COLOR_NAME = AccentColor;
				CODE_SIGN_STYLE = Automatic;
				ENABLE_PREVIEWS = YES;
				GENERATE_INFOPLIST_FILE = YES;
				INFOPLIST_FILE = tvOS/tvOS.plist;
				INFOPLIST_KEY_CFBundleDisplayName = "Swifty Master";
				INFOPLIST_KEY_ITSAppUsesNonExemptEncryption = NO;
				INFOPLIST_KEY_LSApplicationCategoryType = "public.app-category.developer-tools";
				INFOPLIST_KEY_UILaunchScreen_Generation = YES;
				INFOPLIST_KEY_UIUserInterfaceStyle = Automatic;
				LD_RUNPATH_SEARCH_PATHS = (
					"$(inherited)",
					"@executable_path/Frameworks",
				);
				PRODUCT_BUNDLE_IDENTIFIER = "dev.topscrech.Everything-SwiftUI";
				PRODUCT_NAME = "$(TARGET_NAME)";
				SDKROOT = appletvos;
				STRING_CATALOG_GENERATE_SYMBOLS = YES;
				SWIFT_APPROACHABLE_CONCURRENCY = YES;
				SWIFT_DEFAULT_ACTOR_ISOLATION = MainActor;
				SWIFT_EMIT_LOC_STRINGS = YES;
				SWIFT_UPCOMING_FEATURE_MEMBER_IMPORT_VISIBILITY = YES;
				SWIFT_VERSION = 6.0;
				TARGETED_DEVICE_FAMILY = 3;
				TVOS_DEPLOYMENT_TARGET = 26.0;
				VALIDATE_PRODUCT = YES;
			};
			name = Release;
		};
		F3BBD9EE2AEECD3500A9F7E7 /* Debug configuration for PBXProject "Swifty Master" */ = {
			isa = XCBuildConfiguration;
			buildSettings = {
				ALWAYS_SEARCH_USER_PATHS = NO;
				ASSETCATALOG_COMPILER_GENERATE_SWIFT_ASSET_SYMBOL_EXTENSIONS = YES;
				CLANG_ANALYZER_LOCALIZABILITY_NONLOCALIZED = YES;
				CLANG_ANALYZER_NONNULL = YES;
				CLANG_ANALYZER_NUMBER_OBJECT_CONVERSION = YES_AGGRESSIVE;
				CLANG_CXX_LANGUAGE_STANDARD = "gnu++20";
				CLANG_ENABLE_MODULES = YES;
				CLANG_ENABLE_OBJC_ARC = YES;
				CLANG_ENABLE_OBJC_WEAK = YES;
				CLANG_WARN_BLOCK_CAPTURE_AUTORELEASING = YES;
				CLANG_WARN_BOOL_CONVERSION = YES;
				CLANG_WARN_COMMA = YES;
				CLANG_WARN_CONSTANT_CONVERSION = YES;
				CLANG_WARN_DEPRECATED_OBJC_IMPLEMENTATIONS = YES;
				CLANG_WARN_DIRECT_OBJC_ISA_USAGE = YES_ERROR;
				CLANG_WARN_DOCUMENTATION_COMMENTS = YES;
				CLANG_WARN_EMPTY_BODY = YES;
				CLANG_WARN_ENUM_CONVERSION = YES;
				CLANG_WARN_INFINITE_RECURSION = YES;
				CLANG_WARN_INT_CONVERSION = YES;
				CLANG_WARN_NON_LITERAL_NULL_CONVERSION = YES;
				CLANG_WARN_OBJC_IMPLICIT_RETAIN_SELF = YES;
				CLANG_WARN_OBJC_LITERAL_CONVERSION = YES;
				CLANG_WARN_OBJC_ROOT_CLASS = YES_ERROR;
				CLANG_WARN_QUOTED_INCLUDE_IN_FRAMEWORK_HEADER = YES;
				CLANG_WARN_RANGE_LOOP_ANALYSIS = YES;
				CLANG_WARN_STRICT_PROTOTYPES = YES;
				CLANG_WARN_SUSPICIOUS_MOVE = YES;
				CLANG_WARN_UNGUARDED_AVAILABILITY = YES_AGGRESSIVE;
				CLANG_WARN_UNREACHABLE_CODE = YES;
				CLANG_WARN__DUPLICATE_METHOD_MATCH = YES;
				COPY_PHASE_STRIP = NO;
				CURRENT_PROJECT_VERSION = 0;
				DEAD_CODE_STRIPPING = YES;
				DEBUG_INFORMATION_FORMAT = dwarf;
				DEVELOPMENT_TEAM = 8FQUA2F388;
				ENABLE_STRICT_OBJC_MSGSEND = YES;
				ENABLE_TESTABILITY = YES;
				ENABLE_USER_SCRIPT_SANDBOXING = YES;
				GCC_C_LANGUAGE_STANDARD = gnu17;
				GCC_DYNAMIC_NO_PIC = NO;
				GCC_NO_COMMON_BLOCKS = YES;
				GCC_OPTIMIZATION_LEVEL = 0;
				GCC_PREPROCESSOR_DEFINITIONS = (
					"DEBUG=1",
					"$(inherited)",
				);
				GCC_WARN_64_TO_32_BIT_CONVERSION = YES;
				GCC_WARN_ABOUT_RETURN_TYPE = YES_ERROR;
				GCC_WARN_UNDECLARED_SELECTOR = YES;
				GCC_WARN_UNINITIALIZED_AUTOS = YES_AGGRESSIVE;
				GCC_WARN_UNUSED_FUNCTION = YES;
				GCC_WARN_UNUSED_VARIABLE = YES;
				LOCALIZATION_PREFERS_STRING_CATALOGS = YES;
				MARKETING_VERSION = 26.1.2;
				MTL_ENABLE_DEBUG_INFO = INCLUDE_SOURCE;
				MTL_FAST_MATH = YES;
				ONLY_ACTIVE_ARCH = YES;
				STRING_CATALOG_GENERATE_SYMBOLS = YES;
				SWIFT_ACTIVE_COMPILATION_CONDITIONS = "DEBUG $(inherited)";
				SWIFT_EMIT_LOC_STRINGS = YES;
				SWIFT_OPTIMIZATION_LEVEL = "-Onone";
			};
			name = Debug;
		};
		F3BBD9EF2AEECD3500A9F7E7 /* Release configuration for PBXProject "Swifty Master" */ = {
			isa = XCBuildConfiguration;
			buildSettings = {
				ALWAYS_SEARCH_USER_PATHS = NO;
				ASSETCATALOG_COMPILER_GENERATE_SWIFT_ASSET_SYMBOL_EXTENSIONS = YES;
				CLANG_ANALYZER_LOCALIZABILITY_NONLOCALIZED = YES;
				CLANG_ANALYZER_NONNULL = YES;
				CLANG_ANALYZER_NUMBER_OBJECT_CONVERSION = YES_AGGRESSIVE;
				CLANG_CXX_LANGUAGE_STANDARD = "gnu++20";
				CLANG_ENABLE_MODULES = YES;
				CLANG_ENABLE_OBJC_ARC = YES;
				CLANG_ENABLE_OBJC_WEAK = YES;
				CLANG_WARN_BLOCK_CAPTURE_AUTORELEASING = YES;
				CLANG_WARN_BOOL_CONVERSION = YES;
				CLANG_WARN_COMMA = YES;
				CLANG_WARN_CONSTANT_CONVERSION = YES;
				CLANG_WARN_DEPRECATED_OBJC_IMPLEMENTATIONS = YES;
				CLANG_WARN_DIRECT_OBJC_ISA_USAGE = YES_ERROR;
				CLANG_WARN_DOCUMENTATION_COMMENTS = YES;
				CLANG_WARN_EMPTY_BODY = YES;
				CLANG_WARN_ENUM_CONVERSION = YES;
				CLANG_WARN_INFINITE_RECURSION = YES;
				CLANG_WARN_INT_CONVERSION = YES;
				CLANG_WARN_NON_LITERAL_NULL_CONVERSION = YES;
				CLANG_WARN_OBJC_IMPLICIT_RETAIN_SELF = YES;
				CLANG_WARN_OBJC_LITERAL_CONVERSION = YES;
				CLANG_WARN_OBJC_ROOT_CLASS = YES_ERROR;
				CLANG_WARN_QUOTED_INCLUDE_IN_FRAMEWORK_HEADER = YES;
				CLANG_WARN_RANGE_LOOP_ANALYSIS = YES;
				CLANG_WARN_STRICT_PROTOTYPES = YES;
				CLANG_WARN_SUSPICIOUS_MOVE = YES;
				CLANG_WARN_UNGUARDED_AVAILABILITY = YES_AGGRESSIVE;
				CLANG_WARN_UNREACHABLE_CODE = YES;
				CLANG_WARN__DUPLICATE_METHOD_MATCH = YES;
				COPY_PHASE_STRIP = NO;
				CURRENT_PROJECT_VERSION = 0;
				DEAD_CODE_STRIPPING = YES;
				DEBUG_INFORMATION_FORMAT = "dwarf-with-dsym";
				DEVELOPMENT_TEAM = 8FQUA2F388;
				ENABLE_NS_ASSERTIONS = NO;
				ENABLE_STRICT_OBJC_MSGSEND = YES;
				ENABLE_USER_SCRIPT_SANDBOXING = YES;
				GCC_C_LANGUAGE_STANDARD = gnu17;
				GCC_NO_COMMON_BLOCKS = YES;
				GCC_WARN_64_TO_32_BIT_CONVERSION = YES;
				GCC_WARN_ABOUT_RETURN_TYPE = YES_ERROR;
				GCC_WARN_UNDECLARED_SELECTOR = YES;
				GCC_WARN_UNINITIALIZED_AUTOS = YES_AGGRESSIVE;
				GCC_WARN_UNUSED_FUNCTION = YES;
				GCC_WARN_UNUSED_VARIABLE = YES;
				LOCALIZATION_PREFERS_STRING_CATALOGS = YES;
				MARKETING_VERSION = 26.1.2;
				MTL_ENABLE_DEBUG_INFO = NO;
				MTL_FAST_MATH = YES;
				STRING_CATALOG_GENERATE_SYMBOLS = YES;
				SWIFT_COMPILATION_MODE = wholemodule;
				SWIFT_EMIT_LOC_STRINGS = YES;
			};
			name = Release;
		};
		F3BBD9F12AEECD3500A9F7E7 /* Debug configuration for PBXNativeTarget "iOS" */ = {
			isa = XCBuildConfiguration;
			buildSettings = {
				ASSETCATALOG_COMPILER_APPICON_NAME = AppIcon;
				ASSETCATALOG_COMPILER_GLOBAL_ACCENT_COLOR_NAME = AccentColor;
				ASSETCATALOG_COMPILER_INCLUDE_ALL_APPICON_ASSETS = YES;
				CODE_SIGN_ENTITLEMENTS = iOS/iOS.entitlements;
				CODE_SIGN_STYLE = Automatic;
				DEAD_CODE_STRIPPING = YES;
				DEVELOPMENT_ASSET_PATHS = "";
				ENABLE_APP_SANDBOX = YES;
				ENABLE_HARDENED_RUNTIME = YES;
				ENABLE_PREVIEWS = YES;
				ENABLE_USER_SELECTED_FILES = readonly;
				GENERATE_INFOPLIST_FILE = YES;
				INFOPLIST_FILE = iOS/iOS.plist;
				INFOPLIST_KEY_CFBundleDisplayName = "Swifty Master";
				INFOPLIST_KEY_ITSAppUsesNonExemptEncryption = NO;
				INFOPLIST_KEY_LSApplicationCategoryType = "public.app-category.developer-tools";
				"INFOPLIST_KEY_UIApplicationSceneManifest_Generation[sdk=iphoneos*]" = YES;
				"INFOPLIST_KEY_UIApplicationSceneManifest_Generation[sdk=iphonesimulator*]" = YES;
				"INFOPLIST_KEY_UIApplicationSupportsIndirectInputEvents[sdk=iphoneos*]" = YES;
				"INFOPLIST_KEY_UIApplicationSupportsIndirectInputEvents[sdk=iphonesimulator*]" = YES;
				"INFOPLIST_KEY_UILaunchScreen_Generation[sdk=iphoneos*]" = YES;
				"INFOPLIST_KEY_UILaunchScreen_Generation[sdk=iphonesimulator*]" = YES;
				"INFOPLIST_KEY_UIStatusBarStyle[sdk=iphoneos*]" = UIStatusBarStyleDefault;
				"INFOPLIST_KEY_UIStatusBarStyle[sdk=iphonesimulator*]" = UIStatusBarStyleDefault;
				INFOPLIST_KEY_UISupportedInterfaceOrientations = "UIInterfaceOrientationLandscapeLeft UIInterfaceOrientationLandscapeRight UIInterfaceOrientationPortrait UIInterfaceOrientationPortraitUpsideDown";
				IPHONEOS_DEPLOYMENT_TARGET = 18.0;
				LD_RUNPATH_SEARCH_PATHS = "@executable_path/Frameworks";
				"LD_RUNPATH_SEARCH_PATHS[sdk=macosx*]" = "@executable_path/../Frameworks";
				MACOSX_DEPLOYMENT_TARGET = 14.0;
				PRODUCT_BUNDLE_IDENTIFIER = "dev.topscrech.Everything-SwiftUI";
				PRODUCT_NAME = "$(TARGET_NAME)";
				SDKROOT = auto;
				SUPPORTED_PLATFORMS = "iphoneos iphonesimulator";
				SUPPORTS_MACCATALYST = NO;
				SWIFT_DEFAULT_ACTOR_ISOLATION = MainActor;
				SWIFT_EMIT_LOC_STRINGS = YES;
				SWIFT_VERSION = 6.0;
				TARGETED_DEVICE_FAMILY = "1,2";
			};
			name = Debug;
		};
		F3BBD9F22AEECD3500A9F7E7 /* Release configuration for PBXNativeTarget "iOS" */ = {
			isa = XCBuildConfiguration;
			buildSettings = {
				ASSETCATALOG_COMPILER_APPICON_NAME = AppIcon;
				ASSETCATALOG_COMPILER_GLOBAL_ACCENT_COLOR_NAME = AccentColor;
				ASSETCATALOG_COMPILER_INCLUDE_ALL_APPICON_ASSETS = YES;
				CODE_SIGN_ENTITLEMENTS = iOS/iOS.entitlements;
				CODE_SIGN_STYLE = Automatic;
				DEAD_CODE_STRIPPING = YES;
				DEVELOPMENT_ASSET_PATHS = "";
				ENABLE_APP_SANDBOX = YES;
				ENABLE_HARDENED_RUNTIME = YES;
				ENABLE_PREVIEWS = YES;
				ENABLE_USER_SELECTED_FILES = readonly;
				GENERATE_INFOPLIST_FILE = YES;
				INFOPLIST_FILE = iOS/iOS.plist;
				INFOPLIST_KEY_CFBundleDisplayName = "Swifty Master";
				INFOPLIST_KEY_ITSAppUsesNonExemptEncryption = NO;
				INFOPLIST_KEY_LSApplicationCategoryType = "public.app-category.developer-tools";
				"INFOPLIST_KEY_UIApplicationSceneManifest_Generation[sdk=iphoneos*]" = YES;
				"INFOPLIST_KEY_UIApplicationSceneManifest_Generation[sdk=iphonesimulator*]" = YES;
				"INFOPLIST_KEY_UIApplicationSupportsIndirectInputEvents[sdk=iphoneos*]" = YES;
				"INFOPLIST_KEY_UIApplicationSupportsIndirectInputEvents[sdk=iphonesimulator*]" = YES;
				"INFOPLIST_KEY_UILaunchScreen_Generation[sdk=iphoneos*]" = YES;
				"INFOPLIST_KEY_UILaunchScreen_Generation[sdk=iphonesimulator*]" = YES;
				"INFOPLIST_KEY_UIStatusBarStyle[sdk=iphoneos*]" = UIStatusBarStyleDefault;
				"INFOPLIST_KEY_UIStatusBarStyle[sdk=iphonesimulator*]" = UIStatusBarStyleDefault;
				INFOPLIST_KEY_UISupportedInterfaceOrientations = "UIInterfaceOrientationLandscapeLeft UIInterfaceOrientationLandscapeRight UIInterfaceOrientationPortrait UIInterfaceOrientationPortraitUpsideDown";
				IPHONEOS_DEPLOYMENT_TARGET = 18.0;
				LD_RUNPATH_SEARCH_PATHS = "@executable_path/Frameworks";
				"LD_RUNPATH_SEARCH_PATHS[sdk=macosx*]" = "@executable_path/../Frameworks";
				MACOSX_DEPLOYMENT_TARGET = 14.0;
				PRODUCT_BUNDLE_IDENTIFIER = "dev.topscrech.Everything-SwiftUI";
				PRODUCT_NAME = "$(TARGET_NAME)";
				SDKROOT = auto;
				SUPPORTED_PLATFORMS = "iphoneos iphonesimulator";
				SUPPORTS_MACCATALYST = NO;
				SWIFT_DEFAULT_ACTOR_ISOLATION = MainActor;
				SWIFT_EMIT_LOC_STRINGS = YES;
				SWIFT_VERSION = 6.0;
				TARGETED_DEVICE_FAMILY = "1,2";
			};
			name = Release;
		};
/* End XCBuildConfiguration section */

/* Begin XCConfigurationList section */
		F3202CAA2D5596100030B3CC /* Build configuration list for PBXNativeTarget "visionOS" */ = {
			isa = XCConfigurationList;
			buildConfigurations = (
				F3202CAB2D5596100030B3CC /* Debug configuration for PBXNativeTarget "visionOS" */,
				F3202CAC2D5596100030B3CC /* Release configuration for PBXNativeTarget "visionOS" */,
			);
			defaultConfigurationName = Release;
		};
		F325E3BD2E5EBC770008928E /* Build configuration list for PBXNativeTarget "macOS" */ = {
			isa = XCConfigurationList;
			buildConfigurations = (
				F325E3BB2E5EBC770008928E /* Debug configuration for PBXNativeTarget "macOS" */,
				F325E3BC2E5EBC770008928E /* Release configuration for PBXNativeTarget "macOS" */,
			);
			defaultConfigurationName = Release;
		};
		F380A16C2E4AA1C000157F67 /* Build configuration list for PBXNativeTarget "tvOS" */ = {
			isa = XCConfigurationList;
			buildConfigurations = (
				F380A16A2E4AA1C000157F67 /* Debug configuration for PBXNativeTarget "tvOS" */,
				F380A16B2E4AA1C000157F67 /* Release configuration for PBXNativeTarget "tvOS" */,
			);
			defaultConfigurationName = Release;
		};
		F3BBD9D92AEECD3400A9F7E7 /* Build configuration list for PBXProject "Swifty Master" */ = {
			isa = XCConfigurationList;
			buildConfigurations = (
				F3BBD9EE2AEECD3500A9F7E7 /* Debug configuration for PBXProject "Swifty Master" */,
				F3BBD9EF2AEECD3500A9F7E7 /* Release configuration for PBXProject "Swifty Master" */,
			);
			defaultConfigurationName = Release;
		};
		F3BBD9F02AEECD3500A9F7E7 /* Build configuration list for PBXNativeTarget "iOS" */ = {
			isa = XCConfigurationList;
			buildConfigurations = (
				F3BBD9F12AEECD3500A9F7E7 /* Debug configuration for PBXNativeTarget "iOS" */,
				F3BBD9F22AEECD3500A9F7E7 /* Release configuration for PBXNativeTarget "iOS" */,
			);
			defaultConfigurationName = Release;
		};
/* End XCConfigurationList section */

/* Begin XCRemoteSwiftPackageReference section */
		F31617C82E41D87A00131D26 /* XCRemoteSwiftPackageReference "SafariCover" */ = {
			isa = XCRemoteSwiftPackageReference;
			repositoryURL = "https://github.com/TopScrech/SafariCover";
			requirement = {
				branch = main;
				kind = branch;
			};
		};
		F33E8B242E416BD700B05370 /* XCRemoteSwiftPackageReference "CodeEditorView" */ = {
			isa = XCRemoteSwiftPackageReference;
			repositoryURL = "https://github.com/mchakravarty/CodeEditorView";
			requirement = {
				kind = upToNextMajorVersion;
				minimumVersion = 0.15.4;
			};
		};
		F3BBD9F52AEECE4000A9F7E7 /* XCRemoteSwiftPackageReference "ScrechKit" */ = {
			isa = XCRemoteSwiftPackageReference;
			repositoryURL = "https://github.com/TopScrech/ScrechKit";
			requirement = {
				branch = main;
				kind = branch;
			};
		};
		F3F5AD6B2E885E51007AD97D /* XCRemoteSwiftPackageReference "Appearance" */ = {
			isa = XCRemoteSwiftPackageReference;
			repositoryURL = "https://github.com/TopScrech/Appearance";
			requirement = {
				branch = main;
				kind = branch;
			};
		};
/* End XCRemoteSwiftPackageReference section */

/* Begin XCSwiftPackageProductDependency section */
		F31617C92E41D87A00131D26 /* SafariCover */ = {
			isa = XCSwiftPackageProductDependency;
			package = F31617C82E41D87A00131D26 /* XCRemoteSwiftPackageReference "SafariCover" */;
			productName = SafariCover;
		};
		F3202CBA2D5596380030B3CC /* ScrechKit */ = {
			isa = XCSwiftPackageProductDependency;
			package = F3BBD9F52AEECE4000A9F7E7 /* XCRemoteSwiftPackageReference "ScrechKit" */;
			productName = ScrechKit;
		};
		F325E3BE2E5EBC8B0008928E /* ScrechKit */ = {
			isa = XCSwiftPackageProductDependency;
			package = F3BBD9F52AEECE4000A9F7E7 /* XCRemoteSwiftPackageReference "ScrechKit" */;
			productName = ScrechKit;
		};
		F33904202E49341000A22EE1 /* SafariCover */ = {
			isa = XCSwiftPackageProductDependency;
			package = F31617C82E41D87A00131D26 /* XCRemoteSwiftPackageReference "SafariCover" */;
			productName = SafariCover;
		};
		F33E8B252E416BD700B05370 /* CodeEditorView */ = {
			isa = XCSwiftPackageProductDependency;
			package = F33E8B242E416BD700B05370 /* XCRemoteSwiftPackageReference "CodeEditorView" */;
			productName = CodeEditorView;
		};
		F380A1742E4AA1FA00157F67 /* ScrechKit */ = {
			isa = XCSwiftPackageProductDependency;
			package = F3BBD9F52AEECE4000A9F7E7 /* XCRemoteSwiftPackageReference "ScrechKit" */;
			productName = ScrechKit;
		};
		F3BBD9F62AEECE4000A9F7E7 /* ScrechKit */ = {
			isa = XCSwiftPackageProductDependency;
			package = F3BBD9F52AEECE4000A9F7E7 /* XCRemoteSwiftPackageReference "ScrechKit" */;
			productName = ScrechKit;
		};
		F3F5AD6C2E885E51007AD97D /* Appearance */ = {
			isa = XCSwiftPackageProductDependency;
			package = F3F5AD6B2E885E51007AD97D /* XCRemoteSwiftPackageReference "Appearance" */;
			productName = Appearance;
		};
		F3F5AD712E886017007AD97D /* Appearance */ = {
			isa = XCSwiftPackageProductDependency;
			package = F3F5AD6B2E885E51007AD97D /* XCRemoteSwiftPackageReference "Appearance" */;
			productName = Appearance;
		};
/* End XCSwiftPackageProductDependency section */
	};
	rootObject = F3BBD9D62AEECD3400A9F7E7 /* Project object */;
}
