{
  "originHash" : "946807d17484d84b7211bfa3c36a34249333fee496b7e67401d61cca44ed30b3",
  "pins" : [
    {
      "identity" : "appearance",
      "kind" : "remoteSourceControl",
      "location" : "https://github.com/TopScrech/Appearance",
      "state" : {
        "branch" : "main",
        "revision" : "1a8f0bc05a667f1079c9f7b3b31840f60abd7db5"
      }
    },
    {
      "identity" : "codeeditorview",
      "kind" : "remoteSourceControl",
      "location" : "https://github.com/mchakravarty/CodeEditorView",
      "state" : {
        "revision" : "aba6c189bb2f6fd9d7b8e9f5739aeb3c8c7e3254",
        "version" : "0.15.4"
      }
    },
    {
      "identity" : "rearrange",
      "kind" : "remoteSourceControl",
      "location" : "https://github.com/ChimeHQ/Rearrange.git",
      "state" : {
        "revision" : "5ff7f3363f7a08f77e0d761e38e6add31c2136e1",
        "version" : "1.8.1"
      }
    },
    {
      "identity" : "safaricover",
      "kind" : "remoteSourceControl",
      "location" : "https://github.com/TopScrech/SafariCover",
      "state" : {
        "branch" : "main",
        "revision" : "c60bd51fad9ebfce72fd9038f0f995fd43f8c915"
      }
    },
    {
      "identity" : "screchkit",
      "kind" : "remoteSourceControl",
      "location" : "https://github.com/TopScrech/ScrechKit",
      "state" : {
        "branch" : "main",
        "revision" : "a62de3cef056d70449f0b1783668b0149ec3078f"
      }
    }
  ],
  "version" : 3
}
